
Microsoft Visual Studio Solution File, Format Version 12.00
# Visual Studio 15
VisualStudioVersion = 15.0.28010.2026
MinimumVisualStudioVersion = 10.0.40219.1
Project("{FAE04EC0-301F-11D3-BF4B-00C04F79EFBC}") = "study C sharp second stage", "study C sharp second stage\study C sharp second stage.csproj", "{07B1D1BC-7B87-4CAB-AADA-8B1295C0F803}"
EndProject
Project("{FAE04EC0-301F-11D3-BF4B-00C04F79EFBC}") = "Class Car Speed", "Class Car Speed\Class Car Speed.csproj", "{21C9FCFF-CB9B-4893-9484-B2E5DCA3403A}"
EndProject
Project("{FAE04EC0-301F-11D3-BF4B-00C04F79EFBC}") = "Class Human", "Class Human\Class Human.csproj", "{5F0CB794-EEED-4567-AA3D-1CE284A12455}"
EndProject
Project("{FAE04EC0-301F-11D3-BF4B-00C04F79EFBC}") = "fuel consumption", "fuel consumption\fuel consumption.csproj", "{BE45BCE8-B4A9-483F-83E3-AA787902ECDC}"
EndProject
Project("{FAE04EC0-301F-11D3-BF4B-00C04F79EFBC}") = "Aitcraft info", "business tour\Aitcraft info.csproj", "{879B4895-1716-4C23-B189-B78F789C385C}"
EndProject
Project("{FAE04EC0-301F-11D3-BF4B-00C04F79EFBC}") = "Animals_Hierarchia", "Animals_Hierarchia\Animals_Hierarchia.csproj", "{647B94E8-3B9D-4635-84BE-5B4F7FA0F761}"
EndProject
Project("{FAE04EC0-301F-11D3-BF4B-00C04F79EFBC}") = "Student", "Student\Student.csproj", "{B2F651EB-B304-4CA5-84FB-C1C91E0289A8}"
EndProject
Project("{FAE04EC0-301F-11D3-BF4B-00C04F79EFBC}") = "Three Type Animals", "Three Type Animals\Three Type Animals.csproj", "{05AC34F7-94CE-43CF-BE5E-DCEAB70B9616}"
EndProject
Project("{FAE04EC0-301F-11D3-BF4B-00C04F79EFBC}") = "Human this", "Human this\Human this.csproj", "{1698677E-5691-441B-AF9D-021A6D58DCF5}"
EndProject
Project("{FAE04EC0-301F-11D3-BF4B-00C04F79EFBC}") = "Online Shop", "Online Shop\Online Shop.csproj", "{4377CD15-CAC7-4030-9338-266C8092E547}"
EndProject
Project("{FAE04EC0-301F-11D3-BF4B-00C04F79EFBC}") = "Shape", "Shape\Shape.csproj", "{BB36ACE1-04DD-4A50-BB90-EC7EBC546A53}"
EndProject
Project("{FAE04EC0-301F-11D3-BF4B-00C04F79EFBC}") = "NestedClass", "NestedClass\NestedClass.csproj", "{DD171D64-F7E1-42A4-BE77-865025901A0B}"
EndProject
Project("{FAE04EC0-301F-11D3-BF4B-00C04F79EFBC}") = "Car Nested", "Car Nested\Car Nested.csproj", "{7E6E5FD6-1346-4DCC-A78B-305CF8E90B39}"
EndProject
Project("{FAE04EC0-301F-11D3-BF4B-00C04F79EFBC}") = "Document", "Document\Document.csproj", "{C95CFE54-48B7-41A2-AFE0-431972E73E64}"
EndProject
Project("{FAE04EC0-301F-11D3-BF4B-00C04F79EFBC}") = "Aircraft Interface", "Aircraft Interface\Aircraft Interface.csproj", "{DDF87D44-4058-44A0-B35E-1DF4D1A94162}"
EndProject
Project("{FAE04EC0-301F-11D3-BF4B-00C04F79EFBC}") = "Interface Task", "Interface Task\Interface Task.csproj", "{F5D67EB7-3D0E-4F7A-9B78-822BF7BEAC64}"
EndProject
Project("{FAE04EC0-301F-11D3-BF4B-00C04F79EFBC}") = "Delegat Task 1", "Delegat Task 1\Delegat Task 1.csproj", "{D91FEC0A-0601-4820-A98B-571899BD1DE9}"
EndProject
Project("{FAE04EC0-301F-11D3-BF4B-00C04F79EFBC}") = "Delegat Task 2", "Delegat Task 2\Delegat Task 2.csproj", "{D1558263-BD31-45CB-A044-80EB46D76A46}"
EndProject
Project("{FAE04EC0-301F-11D3-BF4B-00C04F79EFBC}") = "Delegat Task 3", "Delegat Task 3\Delegat Task 3.csproj", "{4B32FBF2-D226-438A-A9C7-D24A9B2F182F}"
EndProject
Project("{FAE04EC0-301F-11D3-BF4B-00C04F79EFBC}") = "Delegat Task 4", "Delegat Task 4\Delegat Task 4.csproj", "{D5029CDB-3554-4B6E-A467-C2215B19B020}"
EndProject
Project("{FAE04EC0-301F-11D3-BF4B-00C04F79EFBC}") = "Delegat Task 5", "Delegat Task 5\Delegat Task 5.csproj", "{E42BD570-E6B1-44E5-B2C0-A2D3E1B43616}"
EndProject
Project("{FAE04EC0-301F-11D3-BF4B-00C04F79EFBC}") = "Delegat Task 6", "Delegat Task 6\Delegat Task 6.csproj", "{828B7325-66D4-4C8E-A357-BAA588C6EAEB}"
EndProject
Project("{FAE04EC0-301F-11D3-BF4B-00C04F79EFBC}") = "Delegat Calculator", "Delegat Calculator\Delegat Calculator.csproj", "{F6D93B37-CD17-4F28-A76B-406114A5EDFC}"
EndProject
Project("{FAE04EC0-301F-11D3-BF4B-00C04F79EFBC}") = "Delegat Task 8", "Delegat Task 8\Delegat Task 8.csproj", "{10F0A94F-1807-49B2-9C39-9C16F95648F3}"
EndProject
Project("{FAE04EC0-301F-11D3-BF4B-00C04F79EFBC}") = "Delegat Task 9", "Delegat Task 9\Delegat Task 9.csproj", "{6F56D057-E31C-47B3-A156-D5218CA7C60F}"
EndProject
Project("{FAE04EC0-301F-11D3-BF4B-00C04F79EFBC}") = "Delegat Task 10", "Delegat Task 10\Delegat Task 10.csproj", "{EC7AE786-BE37-4EE3-A9B2-3EA97B4CBDCE}"
EndProject
Project("{FAE04EC0-301F-11D3-BF4B-00C04F79EFBC}") = "Delegat Task 11", "Delegat Task 11\Delegat Task 11.csproj", "{95097BDD-DC1B-4E7D-A972-156466BDA785}"
EndProject
Project("{FAE04EC0-301F-11D3-BF4B-00C04F79EFBC}") = "Delegat Task 12", "Delegat Task 12\Delegat Task 12.csproj", "{CBE57265-6F6F-4AAD-A56D-5EFE9D86FC46}"
EndProject
Project("{FAE04EC0-301F-11D3-BF4B-00C04F79EFBC}") = "Delegat Task 13", "Delegat Task 13\Delegat Task 13.csproj", "{33D39DA7-4362-4DA9-932B-9DD8B76AE953}"
EndProject
Project("{FAE04EC0-301F-11D3-BF4B-00C04F79EFBC}") = "Event Task", "Event Task\Event Task.csproj", "{C3F51D46-5F12-41C0-996A-A634CF636357}"
EndProject
Project("{FAE04EC0-301F-11D3-BF4B-00C04F79EFBC}") = "try_catch", "try_catch\try_catch.csproj", "{5B56A354-90B0-4440-8552-45F79F1F57B0}"
EndProject
Project("{FAE04EC0-301F-11D3-BF4B-00C04F79EFBC}") = "Calculator try catch", "Calculator try catch\Calculator try catch.csproj", "{7A83378A-A0A0-4DA2-BB7B-9A0B6CDCB3EE}"
EndProject
Project("{FAE04EC0-301F-11D3-BF4B-00C04F79EFBC}") = "Try catch task 2", "Try catch task 2\Try catch task 2.csproj", "{37DDC39A-7630-4484-B254-83D3F73637BE}"
EndProject
Project("{FAE04EC0-301F-11D3-BF4B-00C04F79EFBC}") = "Generic Task 1", "Generic Task 1\Generic Task 1.csproj", "{26EC4FF3-375A-48FB-89F2-A798A61F5CD6}"
EndProject
Project("{FAE04EC0-301F-11D3-BF4B-00C04F79EFBC}") = "Generic Task 2", "Generic Task 2\Generic Task 2.csproj", "{A9F8F9F5-EA57-4F7E-ABE5-CCCD16C9CC9E}"
EndProject
Project("{FAE04EC0-301F-11D3-BF4B-00C04F79EFBC}") = "Generic Task 3", "Generic Task 3\Generic Task 3.csproj", "{0BDE261B-5FDC-4314-97AB-B09D963A8106}"
EndProject
Project("{FAE04EC0-301F-11D3-BF4B-00C04F79EFBC}") = "Generic Task 4", "Generic Task 4\Generic Task 4.csproj", "{1EF589DC-7231-4635-83B9-65979EF7AB0A}"
EndProject
Project("{FAE04EC0-301F-11D3-BF4B-00C04F79EFBC}") = "Convert String", "Convert String\Convert String.csproj", "{48D18B05-0D08-4150-B5E6-C7B5F6F28861}"
EndProject
Project("{FAE04EC0-301F-11D3-BF4B-00C04F79EFBC}") = "Anonymous Task 1", "Anonymous Task 1\Anonymous Task 1.csproj", "{686FC8F8-F152-44F1-AAC4-99DD131D8FA5}"
EndProject
Project("{FAE04EC0-301F-11D3-BF4B-00C04F79EFBC}") = "Anonymous Task 2", "Anonymous Task 2\Anonymous Task 2.csproj", "{7AF180B1-4269-477C-8FD0-7EAA77E90A85}"
EndProject
Project("{FAE04EC0-301F-11D3-BF4B-00C04F79EFBC}") = "Anonymous Task 3", "Anonymous Task 3\Anonymous Task 3.csproj", "{52AC2FE6-0E59-42A8-A8B7-1BAD74581734}"
EndProject
Project("{FAE04EC0-301F-11D3-BF4B-00C04F79EFBC}") = "Anonymous Task 4", "Anonymous Task 4\Anonymous Task 4.csproj", "{36D92F55-9CCE-4C4E-A138-F4DEEB9A01DD}"
EndProject
Project("{FAE04EC0-301F-11D3-BF4B-00C04F79EFBC}") = "Anonymous Task 5", "Anonymous Task 5\Anonymous Task 5.csproj", "{FE01A4EB-9E5A-4208-9CB8-03B5AA5A61DB}"
EndProject
Project("{FAE04EC0-301F-11D3-BF4B-00C04F79EFBC}") = "LINQ Task 1", "LINQ Task 1\LINQ Task 1.csproj", "{4DF0A973-56D2-4775-96FA-7D7DD664DA11}"
EndProject
Project("{FAE04EC0-301F-11D3-BF4B-00C04F79EFBC}") = "LINQ Task 2", "LINQ Task 2\LINQ Task 2.csproj", "{4AF2FDF2-72BF-4034-8AC7-467DF785F224}"
EndProject
Project("{FAE04EC0-301F-11D3-BF4B-00C04F79EFBC}") = "LINQ Task 5", "LINQ Task 5\LINQ Task 5.csproj", "{FDD6FD1E-5576-4E44-A2B2-030995D93C0D}"
EndProject
Project("{FAE04EC0-301F-11D3-BF4B-00C04F79EFBC}") = "LINQ Task 6", "LINQ Task 6\LINQ Task 6.csproj", "{577F68CE-B547-4A65-9496-741E23BE0EE7}"
EndProject
Project("{FAE04EC0-301F-11D3-BF4B-00C04F79EFBC}") = "LINQ Task 7", "LINQ Task 7\LINQ Task 7.csproj", "{562640C3-0AA2-48AA-9865-C1990F9E5918}"
EndProject
Project("{FAE04EC0-301F-11D3-BF4B-00C04F79EFBC}") = "LINQ Task 8", "LINQ Task 8\LINQ Task 8.csproj", "{97315CB9-F9EF-4229-917B-296F04025B7C}"
EndProject
Project("{FAE04EC0-301F-11D3-BF4B-00C04F79EFBC}") = "LINQ IEnumerable", "LINQ IEnumerable\LINQ IEnumerable.csproj", "{0F524E09-CA2C-43A4-8692-4ABDA80744CA}"
EndProject
Project("{FAE04EC0-301F-11D3-BF4B-00C04F79EFBC}") = "LINQ xash", "LINQ xash\LINQ xash.csproj", "{8A38C2E5-21F7-4EB5-A379-2D9A714A453D}"
EndProject
Project("{FAE04EC0-301F-11D3-BF4B-00C04F79EFBC}") = "LINQ Task 9", "LINQ Task 9\LINQ Task 9.csproj", "{B0A3D64D-AB41-4EE7-84E6-ECC16C37D31E}"
EndProject
Project("{FAE04EC0-301F-11D3-BF4B-00C04F79EFBC}") = "LINQ Task 10", "LINQ Task 10\LINQ Task 10.csproj", "{B49308C1-A942-4F71-B388-EA54DB71BB81}"
EndProject
Project("{FAE04EC0-301F-11D3-BF4B-00C04F79EFBC}") = "LINQ Task 11", "LINQ Task 11\LINQ Task 11.csproj", "{1A74EE02-C0FB-4A13-B32A-BB949A8EEA33}"
EndProject
Project("{FAE04EC0-301F-11D3-BF4B-00C04F79EFBC}") = "LINQ Task 12", "LINQ Task 12\LINQ Task 12.csproj", "{FAB04CFC-5B7D-4499-B761-8A118773D9B3}"
EndProject
Project("{FAE04EC0-301F-11D3-BF4B-00C04F79EFBC}") = "LINQ Task 13", "LINQ Task 13\LINQ Task 13.csproj", "{2275FBD5-2527-4956-8832-F5FA9B61FED4}"
EndProject
Project("{FAE04EC0-301F-11D3-BF4B-00C04F79EFBC}") = "LINQ Task 14", "LINQ Task 14\LINQ Task 14.csproj", "{36701D54-233D-4AF0-8A7A-2F18DBB798F5}"
EndProject
Project("{FAE04EC0-301F-11D3-BF4B-00C04F79EFBC}") = "LINQ Task 15", "LINQ Task 15\LINQ Task 15.csproj", "{A681A073-A72D-44AB-B925-116AF25B6DE3}"
EndProject
Project("{FAE04EC0-301F-11D3-BF4B-00C04F79EFBC}") = "LINQ Task 16", "LINQ Task 16\LINQ Task 16.csproj", "{8AC551EB-1C52-410A-9AE0-F9C8D91DE7E1}"
EndProject
Project("{FAE04EC0-301F-11D3-BF4B-00C04F79EFBC}") = "Operator Task 1", "Operator Task 1\Operator Task 1.csproj", "{53E82538-078F-4D82-93BF-656112958A60}"
EndProject
Project("{FAE04EC0-301F-11D3-BF4B-00C04F79EFBC}") = "Operator Matrix", "Operator Matrix\Operator Matrix.csproj", "{83B63092-D2CE-425A-B0C5-71FE0930E669}"
EndProject
Project("{FAE04EC0-301F-11D3-BF4B-00C04F79EFBC}") = "Abstract Class Task 1", "Abstract Class Task 1\Abstract Class Task 1.csproj", "{DFC5201B-73D8-490D-9B58-E812ED8D114C}"
EndProject
Project("{FAE04EC0-301F-11D3-BF4B-00C04F79EFBC}") = "Abstract Class Task 2", "Abstract Class Task 2\Abstract Class Task 2.csproj", "{9F395513-E3B8-4F40-9A76-D369FB1A38DF}"
EndProject
Project("{FAE04EC0-301F-11D3-BF4B-00C04F79EFBC}") = "Abstract Class Task 3", "Abstract Class Task 3\Abstract Class Task 3.csproj", "{7D72708E-9070-4CB6-A0B6-5E463BD0D965}"
EndProject
Project("{FAE04EC0-301F-11D3-BF4B-00C04F79EFBC}") = "Interface Task 1", "Interface Task 1\Interface Task 1.csproj", "{75883A46-B4C8-4018-AB78-7A346AA3A25D}"
EndProject
Project("{FAE04EC0-301F-11D3-BF4B-00C04F79EFBC}") = "ArrayList", "ArrayList\ArrayList.csproj", "{9B78C8C1-4CC7-4708-8544-29382159D4E6}"
EndProject
Global
	GlobalSection(SolutionConfigurationPlatforms) = preSolution
		Debug|Any CPU = Debug|Any CPU
		Release|Any CPU = Release|Any CPU
	EndGlobalSection
	GlobalSection(ProjectConfigurationPlatforms) = postSolution
		{07B1D1BC-7B87-4CAB-AADA-8B1295C0F803}.Debug|Any CPU.ActiveCfg = Debug|Any CPU
		{07B1D1BC-7B87-4CAB-AADA-8B1295C0F803}.Debug|Any CPU.Build.0 = Debug|Any CPU
		{07B1D1BC-7B87-4CAB-AADA-8B1295C0F803}.Release|Any CPU.ActiveCfg = Release|Any CPU
		{07B1D1BC-7B87-4CAB-AADA-8B1295C0F803}.Release|Any CPU.Build.0 = Release|Any CPU
		{21C9FCFF-CB9B-4893-9484-B2E5DCA3403A}.Debug|Any CPU.ActiveCfg = Debug|Any CPU
		{21C9FCFF-CB9B-4893-9484-B2E5DCA3403A}.Debug|Any CPU.Build.0 = Debug|Any CPU
		{21C9FCFF-CB9B-4893-9484-B2E5DCA3403A}.Release|Any CPU.ActiveCfg = Release|Any CPU
		{21C9FCFF-CB9B-4893-9484-B2E5DCA3403A}.Release|Any CPU.Build.0 = Release|Any CPU
		{5F0CB794-EEED-4567-AA3D-1CE284A12455}.Debug|Any CPU.ActiveCfg = Debug|Any CPU
		{5F0CB794-EEED-4567-AA3D-1CE284A12455}.Debug|Any CPU.Build.0 = Debug|Any CPU
		{5F0CB794-EEED-4567-AA3D-1CE284A12455}.Release|Any CPU.ActiveCfg = Release|Any CPU
		{5F0CB794-EEED-4567-AA3D-1CE284A12455}.Release|Any CPU.Build.0 = Release|Any CPU
		{BE45BCE8-B4A9-483F-83E3-AA787902ECDC}.Debug|Any CPU.ActiveCfg = Debug|Any CPU
		{BE45BCE8-B4A9-483F-83E3-AA787902ECDC}.Debug|Any CPU.Build.0 = Debug|Any CPU
		{BE45BCE8-B4A9-483F-83E3-AA787902ECDC}.Release|Any CPU.ActiveCfg = Release|Any CPU
		{BE45BCE8-B4A9-483F-83E3-AA787902ECDC}.Release|Any CPU.Build.0 = Release|Any CPU
		{879B4895-1716-4C23-B189-B78F789C385C}.Debug|Any CPU.ActiveCfg = Debug|Any CPU
		{879B4895-1716-4C23-B189-B78F789C385C}.Debug|Any CPU.Build.0 = Debug|Any CPU
		{879B4895-1716-4C23-B189-B78F789C385C}.Release|Any CPU.ActiveCfg = Release|Any CPU
		{879B4895-1716-4C23-B189-B78F789C385C}.Release|Any CPU.Build.0 = Release|Any CPU
		{647B94E8-3B9D-4635-84BE-5B4F7FA0F761}.Debug|Any CPU.ActiveCfg = Debug|Any CPU
		{647B94E8-3B9D-4635-84BE-5B4F7FA0F761}.Debug|Any CPU.Build.0 = Debug|Any CPU
		{647B94E8-3B9D-4635-84BE-5B4F7FA0F761}.Release|Any CPU.ActiveCfg = Release|Any CPU
		{647B94E8-3B9D-4635-84BE-5B4F7FA0F761}.Release|Any CPU.Build.0 = Release|Any CPU
		{B2F651EB-B304-4CA5-84FB-C1C91E0289A8}.Debug|Any CPU.ActiveCfg = Debug|Any CPU
		{B2F651EB-B304-4CA5-84FB-C1C91E0289A8}.Debug|Any CPU.Build.0 = Debug|Any CPU
		{B2F651EB-B304-4CA5-84FB-C1C91E0289A8}.Release|Any CPU.ActiveCfg = Release|Any CPU
		{B2F651EB-B304-4CA5-84FB-C1C91E0289A8}.Release|Any CPU.Build.0 = Release|Any CPU
		{05AC34F7-94CE-43CF-BE5E-DCEAB70B9616}.Debug|Any CPU.ActiveCfg = Debug|Any CPU
		{05AC34F7-94CE-43CF-BE5E-DCEAB70B9616}.Debug|Any CPU.Build.0 = Debug|Any CPU
		{05AC34F7-94CE-43CF-BE5E-DCEAB70B9616}.Release|Any CPU.ActiveCfg = Release|Any CPU
		{05AC34F7-94CE-43CF-BE5E-DCEAB70B9616}.Release|Any CPU.Build.0 = Release|Any CPU
		{1698677E-5691-441B-AF9D-021A6D58DCF5}.Debug|Any CPU.ActiveCfg = Debug|Any CPU
		{1698677E-5691-441B-AF9D-021A6D58DCF5}.Debug|Any CPU.Build.0 = Debug|Any CPU
		{1698677E-5691-441B-AF9D-021A6D58DCF5}.Release|Any CPU.ActiveCfg = Release|Any CPU
		{1698677E-5691-441B-AF9D-021A6D58DCF5}.Release|Any CPU.Build.0 = Release|Any CPU
		{4377CD15-CAC7-4030-9338-266C8092E547}.Debug|Any CPU.ActiveCfg = Debug|Any CPU
		{4377CD15-CAC7-4030-9338-266C8092E547}.Debug|Any CPU.Build.0 = Debug|Any CPU
		{4377CD15-CAC7-4030-9338-266C8092E547}.Release|Any CPU.ActiveCfg = Release|Any CPU
		{4377CD15-CAC7-4030-9338-266C8092E547}.Release|Any CPU.Build.0 = Release|Any CPU
		{BB36ACE1-04DD-4A50-BB90-EC7EBC546A53}.Debug|Any CPU.ActiveCfg = Debug|Any CPU
		{BB36ACE1-04DD-4A50-BB90-EC7EBC546A53}.Debug|Any CPU.Build.0 = Debug|Any CPU
		{BB36ACE1-04DD-4A50-BB90-EC7EBC546A53}.Release|Any CPU.ActiveCfg = Release|Any CPU
		{BB36ACE1-04DD-4A50-BB90-EC7EBC546A53}.Release|Any CPU.Build.0 = Release|Any CPU
		{DD171D64-F7E1-42A4-BE77-865025901A0B}.Debug|Any CPU.ActiveCfg = Debug|Any CPU
		{DD171D64-F7E1-42A4-BE77-865025901A0B}.Debug|Any CPU.Build.0 = Debug|Any CPU
		{DD171D64-F7E1-42A4-BE77-865025901A0B}.Release|Any CPU.ActiveCfg = Release|Any CPU
		{DD171D64-F7E1-42A4-BE77-865025901A0B}.Release|Any CPU.Build.0 = Release|Any CPU
		{7E6E5FD6-1346-4DCC-A78B-305CF8E90B39}.Debug|Any CPU.ActiveCfg = Debug|Any CPU
		{7E6E5FD6-1346-4DCC-A78B-305CF8E90B39}.Debug|Any CPU.Build.0 = Debug|Any CPU
		{7E6E5FD6-1346-4DCC-A78B-305CF8E90B39}.Release|Any CPU.ActiveCfg = Release|Any CPU
		{7E6E5FD6-1346-4DCC-A78B-305CF8E90B39}.Release|Any CPU.Build.0 = Release|Any CPU
		{C95CFE54-48B7-41A2-AFE0-431972E73E64}.Debug|Any CPU.ActiveCfg = Debug|Any CPU
		{C95CFE54-48B7-41A2-AFE0-431972E73E64}.Debug|Any CPU.Build.0 = Debug|Any CPU
		{C95CFE54-48B7-41A2-AFE0-431972E73E64}.Release|Any CPU.ActiveCfg = Release|Any CPU
		{C95CFE54-48B7-41A2-AFE0-431972E73E64}.Release|Any CPU.Build.0 = Release|Any CPU
		{DDF87D44-4058-44A0-B35E-1DF4D1A94162}.Debug|Any CPU.ActiveCfg = Debug|Any CPU
		{DDF87D44-4058-44A0-B35E-1DF4D1A94162}.Debug|Any CPU.Build.0 = Debug|Any CPU
		{DDF87D44-4058-44A0-B35E-1DF4D1A94162}.Release|Any CPU.ActiveCfg = Release|Any CPU
		{DDF87D44-4058-44A0-B35E-1DF4D1A94162}.Release|Any CPU.Build.0 = Release|Any CPU
		{F5D67EB7-3D0E-4F7A-9B78-822BF7BEAC64}.Debug|Any CPU.ActiveCfg = Debug|Any CPU
		{F5D67EB7-3D0E-4F7A-9B78-822BF7BEAC64}.Debug|Any CPU.Build.0 = Debug|Any CPU
		{F5D67EB7-3D0E-4F7A-9B78-822BF7BEAC64}.Release|Any CPU.ActiveCfg = Release|Any CPU
		{F5D67EB7-3D0E-4F7A-9B78-822BF7BEAC64}.Release|Any CPU.Build.0 = Release|Any CPU
		{D91FEC0A-0601-4820-A98B-571899BD1DE9}.Debug|Any CPU.ActiveCfg = Debug|Any CPU
		{D91FEC0A-0601-4820-A98B-571899BD1DE9}.Debug|Any CPU.Build.0 = Debug|Any CPU
		{D91FEC0A-0601-4820-A98B-571899BD1DE9}.Release|Any CPU.ActiveCfg = Release|Any CPU
		{D91FEC0A-0601-4820-A98B-571899BD1DE9}.Release|Any CPU.Build.0 = Release|Any CPU
		{D1558263-BD31-45CB-A044-80EB46D76A46}.Debug|Any CPU.ActiveCfg = Debug|Any CPU
		{D1558263-BD31-45CB-A044-80EB46D76A46}.Debug|Any CPU.Build.0 = Debug|Any CPU
		{D1558263-BD31-45CB-A044-80EB46D76A46}.Release|Any CPU.ActiveCfg = Release|Any CPU
		{D1558263-BD31-45CB-A044-80EB46D76A46}.Release|Any CPU.Build.0 = Release|Any CPU
		{4B32FBF2-D226-438A-A9C7-D24A9B2F182F}.Debug|Any CPU.ActiveCfg = Debug|Any CPU
		{4B32FBF2-D226-438A-A9C7-D24A9B2F182F}.Debug|Any CPU.Build.0 = Debug|Any CPU
		{4B32FBF2-D226-438A-A9C7-D24A9B2F182F}.Release|Any CPU.ActiveCfg = Release|Any CPU
		{4B32FBF2-D226-438A-A9C7-D24A9B2F182F}.Release|Any CPU.Build.0 = Release|Any CPU
		{D5029CDB-3554-4B6E-A467-C2215B19B020}.Debug|Any CPU.ActiveCfg = Debug|Any CPU
		{D5029CDB-3554-4B6E-A467-C2215B19B020}.Debug|Any CPU.Build.0 = Debug|Any CPU
		{D5029CDB-3554-4B6E-A467-C2215B19B020}.Release|Any CPU.ActiveCfg = Release|Any CPU
		{D5029CDB-3554-4B6E-A467-C2215B19B020}.Release|Any CPU.Build.0 = Release|Any CPU
		{E42BD570-E6B1-44E5-B2C0-A2D3E1B43616}.Debug|Any CPU.ActiveCfg = Debug|Any CPU
		{E42BD570-E6B1-44E5-B2C0-A2D3E1B43616}.Debug|Any CPU.Build.0 = Debug|Any CPU
		{E42BD570-E6B1-44E5-B2C0-A2D3E1B43616}.Release|Any CPU.ActiveCfg = Release|Any CPU
		{E42BD570-E6B1-44E5-B2C0-A2D3E1B43616}.Release|Any CPU.Build.0 = Release|Any CPU
		{828B7325-66D4-4C8E-A357-BAA588C6EAEB}.Debug|Any CPU.ActiveCfg = Debug|Any CPU
		{828B7325-66D4-4C8E-A357-BAA588C6EAEB}.Debug|Any CPU.Build.0 = Debug|Any CPU
		{828B7325-66D4-4C8E-A357-BAA588C6EAEB}.Release|Any CPU.ActiveCfg = Release|Any CPU
		{828B7325-66D4-4C8E-A357-BAA588C6EAEB}.Release|Any CPU.Build.0 = Release|Any CPU
		{F6D93B37-CD17-4F28-A76B-406114A5EDFC}.Debug|Any CPU.ActiveCfg = Debug|Any CPU
		{F6D93B37-CD17-4F28-A76B-406114A5EDFC}.Debug|Any CPU.Build.0 = Debug|Any CPU
		{F6D93B37-CD17-4F28-A76B-406114A5EDFC}.Release|Any CPU.ActiveCfg = Release|Any CPU
		{F6D93B37-CD17-4F28-A76B-406114A5EDFC}.Release|Any CPU.Build.0 = Release|Any CPU
		{10F0A94F-1807-49B2-9C39-9C16F95648F3}.Debug|Any CPU.ActiveCfg = Debug|Any CPU
		{10F0A94F-1807-49B2-9C39-9C16F95648F3}.Debug|Any CPU.Build.0 = Debug|Any CPU
		{10F0A94F-1807-49B2-9C39-9C16F95648F3}.Release|Any CPU.ActiveCfg = Release|Any CPU
		{10F0A94F-1807-49B2-9C39-9C16F95648F3}.Release|Any CPU.Build.0 = Release|Any CPU
		{6F56D057-E31C-47B3-A156-D5218CA7C60F}.Debug|Any CPU.ActiveCfg = Debug|Any CPU
		{6F56D057-E31C-47B3-A156-D5218CA7C60F}.Debug|Any CPU.Build.0 = Debug|Any CPU
		{6F56D057-E31C-47B3-A156-D5218CA7C60F}.Release|Any CPU.ActiveCfg = Release|Any CPU
		{6F56D057-E31C-47B3-A156-D5218CA7C60F}.Release|Any CPU.Build.0 = Release|Any CPU
		{EC7AE786-BE37-4EE3-A9B2-3EA97B4CBDCE}.Debug|Any CPU.ActiveCfg = Debug|Any CPU
		{EC7AE786-BE37-4EE3-A9B2-3EA97B4CBDCE}.Debug|Any CPU.Build.0 = Debug|Any CPU
		{EC7AE786-BE37-4EE3-A9B2-3EA97B4CBDCE}.Release|Any CPU.ActiveCfg = Release|Any CPU
		{EC7AE786-BE37-4EE3-A9B2-3EA97B4CBDCE}.Release|Any CPU.Build.0 = Release|Any CPU
		{95097BDD-DC1B-4E7D-A972-156466BDA785}.Debug|Any CPU.ActiveCfg = Debug|Any CPU
		{95097BDD-DC1B-4E7D-A972-156466BDA785}.Debug|Any CPU.Build.0 = Debug|Any CPU
		{95097BDD-DC1B-4E7D-A972-156466BDA785}.Release|Any CPU.ActiveCfg = Release|Any CPU
		{95097BDD-DC1B-4E7D-A972-156466BDA785}.Release|Any CPU.Build.0 = Release|Any CPU
		{CBE57265-6F6F-4AAD-A56D-5EFE9D86FC46}.Debug|Any CPU.ActiveCfg = Debug|Any CPU
		{CBE57265-6F6F-4AAD-A56D-5EFE9D86FC46}.Debug|Any CPU.Build.0 = Debug|Any CPU
		{CBE57265-6F6F-4AAD-A56D-5EFE9D86FC46}.Release|Any CPU.ActiveCfg = Release|Any CPU
		{CBE57265-6F6F-4AAD-A56D-5EFE9D86FC46}.Release|Any CPU.Build.0 = Release|Any CPU
		{33D39DA7-4362-4DA9-932B-9DD8B76AE953}.Debug|Any CPU.ActiveCfg = Debug|Any CPU
		{33D39DA7-4362-4DA9-932B-9DD8B76AE953}.Debug|Any CPU.Build.0 = Debug|Any CPU
		{33D39DA7-4362-4DA9-932B-9DD8B76AE953}.Release|Any CPU.ActiveCfg = Release|Any CPU
		{33D39DA7-4362-4DA9-932B-9DD8B76AE953}.Release|Any CPU.Build.0 = Release|Any CPU
		{C3F51D46-5F12-41C0-996A-A634CF636357}.Debug|Any CPU.ActiveCfg = Debug|Any CPU
		{C3F51D46-5F12-41C0-996A-A634CF636357}.Debug|Any CPU.Build.0 = Debug|Any CPU
		{C3F51D46-5F12-41C0-996A-A634CF636357}.Release|Any CPU.ActiveCfg = Release|Any CPU
		{C3F51D46-5F12-41C0-996A-A634CF636357}.Release|Any CPU.Build.0 = Release|Any CPU
		{5B56A354-90B0-4440-8552-45F79F1F57B0}.Debug|Any CPU.ActiveCfg = Debug|Any CPU
		{5B56A354-90B0-4440-8552-45F79F1F57B0}.Debug|Any CPU.Build.0 = Debug|Any CPU
		{5B56A354-90B0-4440-8552-45F79F1F57B0}.Release|Any CPU.ActiveCfg = Release|Any CPU
		{5B56A354-90B0-4440-8552-45F79F1F57B0}.Release|Any CPU.Build.0 = Release|Any CPU
		{7A83378A-A0A0-4DA2-BB7B-9A0B6CDCB3EE}.Debug|Any CPU.ActiveCfg = Debug|Any CPU
		{7A83378A-A0A0-4DA2-BB7B-9A0B6CDCB3EE}.Debug|Any CPU.Build.0 = Debug|Any CPU
		{7A83378A-A0A0-4DA2-BB7B-9A0B6CDCB3EE}.Release|Any CPU.ActiveCfg = Release|Any CPU
		{7A83378A-A0A0-4DA2-BB7B-9A0B6CDCB3EE}.Release|Any CPU.Build.0 = Release|Any CPU
		{37DDC39A-7630-4484-B254-83D3F73637BE}.Debug|Any CPU.ActiveCfg = Debug|Any CPU
		{37DDC39A-7630-4484-B254-83D3F73637BE}.Debug|Any CPU.Build.0 = Debug|Any CPU
		{37DDC39A-7630-4484-B254-83D3F73637BE}.Release|Any CPU.ActiveCfg = Release|Any CPU
		{37DDC39A-7630-4484-B254-83D3F73637BE}.Release|Any CPU.Build.0 = Release|Any CPU
		{26EC4FF3-375A-48FB-89F2-A798A61F5CD6}.Debug|Any CPU.ActiveCfg = Debug|Any CPU
		{26EC4FF3-375A-48FB-89F2-A798A61F5CD6}.Debug|Any CPU.Build.0 = Debug|Any CPU
		{26EC4FF3-375A-48FB-89F2-A798A61F5CD6}.Release|Any CPU.ActiveCfg = Release|Any CPU
		{26EC4FF3-375A-48FB-89F2-A798A61F5CD6}.Release|Any CPU.Build.0 = Release|Any CPU
		{A9F8F9F5-EA57-4F7E-ABE5-CCCD16C9CC9E}.Debug|Any CPU.ActiveCfg = Debug|Any CPU
		{A9F8F9F5-EA57-4F7E-ABE5-CCCD16C9CC9E}.Debug|Any CPU.Build.0 = Debug|Any CPU
		{A9F8F9F5-EA57-4F7E-ABE5-CCCD16C9CC9E}.Release|Any CPU.ActiveCfg = Release|Any CPU
		{A9F8F9F5-EA57-4F7E-ABE5-CCCD16C9CC9E}.Release|Any CPU.Build.0 = Release|Any CPU
		{0BDE261B-5FDC-4314-97AB-B09D963A8106}.Debug|Any CPU.ActiveCfg = Debug|Any CPU
		{0BDE261B-5FDC-4314-97AB-B09D963A8106}.Debug|Any CPU.Build.0 = Debug|Any CPU
		{0BDE261B-5FDC-4314-97AB-B09D963A8106}.Release|Any CPU.ActiveCfg = Release|Any CPU
		{0BDE261B-5FDC-4314-97AB-B09D963A8106}.Release|Any CPU.Build.0 = Release|Any CPU
		{1EF589DC-7231-4635-83B9-65979EF7AB0A}.Debug|Any CPU.ActiveCfg = Debug|Any CPU
		{1EF589DC-7231-4635-83B9-65979EF7AB0A}.Debug|Any CPU.Build.0 = Debug|Any CPU
		{1EF589DC-7231-4635-83B9-65979EF7AB0A}.Release|Any CPU.ActiveCfg = Release|Any CPU
		{1EF589DC-7231-4635-83B9-65979EF7AB0A}.Release|Any CPU.Build.0 = Release|Any CPU
		{48D18B05-0D08-4150-B5E6-C7B5F6F28861}.Debug|Any CPU.ActiveCfg = Debug|Any CPU
		{48D18B05-0D08-4150-B5E6-C7B5F6F28861}.Debug|Any CPU.Build.0 = Debug|Any CPU
		{48D18B05-0D08-4150-B5E6-C7B5F6F28861}.Release|Any CPU.ActiveCfg = Release|Any CPU
		{48D18B05-0D08-4150-B5E6-C7B5F6F28861}.Release|Any CPU.Build.0 = Release|Any CPU
		{686FC8F8-F152-44F1-AAC4-99DD131D8FA5}.Debug|Any CPU.ActiveCfg = Debug|Any CPU
		{686FC8F8-F152-44F1-AAC4-99DD131D8FA5}.Debug|Any CPU.Build.0 = Debug|Any CPU
		{686FC8F8-F152-44F1-AAC4-99DD131D8FA5}.Release|Any CPU.ActiveCfg = Release|Any CPU
		{686FC8F8-F152-44F1-AAC4-99DD131D8FA5}.Release|Any CPU.Build.0 = Release|Any CPU
		{7AF180B1-4269-477C-8FD0-7EAA77E90A85}.Debug|Any CPU.ActiveCfg = Debug|Any CPU
		{7AF180B1-4269-477C-8FD0-7EAA77E90A85}.Debug|Any CPU.Build.0 = Debug|Any CPU
		{7AF180B1-4269-477C-8FD0-7EAA77E90A85}.Release|Any CPU.ActiveCfg = Release|Any CPU
		{7AF180B1-4269-477C-8FD0-7EAA77E90A85}.Release|Any CPU.Build.0 = Release|Any CPU
		{52AC2FE6-0E59-42A8-A8B7-1BAD74581734}.Debug|Any CPU.ActiveCfg = Debug|Any CPU
		{52AC2FE6-0E59-42A8-A8B7-1BAD74581734}.Debug|Any CPU.Build.0 = Debug|Any CPU
		{52AC2FE6-0E59-42A8-A8B7-1BAD74581734}.Release|Any CPU.ActiveCfg = Release|Any CPU
		{52AC2FE6-0E59-42A8-A8B7-1BAD74581734}.Release|Any CPU.Build.0 = Release|Any CPU
		{36D92F55-9CCE-4C4E-A138-F4DEEB9A01DD}.Debug|Any CPU.ActiveCfg = Debug|Any CPU
		{36D92F55-9CCE-4C4E-A138-F4DEEB9A01DD}.Debug|Any CPU.Build.0 = Debug|Any CPU
		{36D92F55-9CCE-4C4E-A138-F4DEEB9A01DD}.Release|Any CPU.ActiveCfg = Release|Any CPU
		{36D92F55-9CCE-4C4E-A138-F4DEEB9A01DD}.Release|Any CPU.Build.0 = Release|Any CPU
		{FE01A4EB-9E5A-4208-9CB8-03B5AA5A61DB}.Debug|Any CPU.ActiveCfg = Debug|Any CPU
		{FE01A4EB-9E5A-4208-9CB8-03B5AA5A61DB}.Debug|Any CPU.Build.0 = Debug|Any CPU
		{FE01A4EB-9E5A-4208-9CB8-03B5AA5A61DB}.Release|Any CPU.ActiveCfg = Release|Any CPU
		{FE01A4EB-9E5A-4208-9CB8-03B5AA5A61DB}.Release|Any CPU.Build.0 = Release|Any CPU
		{4DF0A973-56D2-4775-96FA-7D7DD664DA11}.Debug|Any CPU.ActiveCfg = Debug|Any CPU
		{4DF0A973-56D2-4775-96FA-7D7DD664DA11}.Debug|Any CPU.Build.0 = Debug|Any CPU
		{4DF0A973-56D2-4775-96FA-7D7DD664DA11}.Release|Any CPU.ActiveCfg = Release|Any CPU
		{4DF0A973-56D2-4775-96FA-7D7DD664DA11}.Release|Any CPU.Build.0 = Release|Any CPU
		{4AF2FDF2-72BF-4034-8AC7-467DF785F224}.Debug|Any CPU.ActiveCfg = Debug|Any CPU
		{4AF2FDF2-72BF-4034-8AC7-467DF785F224}.Debug|Any CPU.Build.0 = Debug|Any CPU
		{4AF2FDF2-72BF-4034-8AC7-467DF785F224}.Release|Any CPU.ActiveCfg = Release|Any CPU
		{4AF2FDF2-72BF-4034-8AC7-467DF785F224}.Release|Any CPU.Build.0 = Release|Any CPU
		{FDD6FD1E-5576-4E44-A2B2-030995D93C0D}.Debug|Any CPU.ActiveCfg = Debug|Any CPU
		{FDD6FD1E-5576-4E44-A2B2-030995D93C0D}.Debug|Any CPU.Build.0 = Debug|Any CPU
		{FDD6FD1E-5576-4E44-A2B2-030995D93C0D}.Release|Any CPU.ActiveCfg = Release|Any CPU
		{FDD6FD1E-5576-4E44-A2B2-030995D93C0D}.Release|Any CPU.Build.0 = Release|Any CPU
		{577F68CE-B547-4A65-9496-741E23BE0EE7}.Debug|Any CPU.ActiveCfg = Debug|Any CPU
		{577F68CE-B547-4A65-9496-741E23BE0EE7}.Debug|Any CPU.Build.0 = Debug|Any CPU
		{577F68CE-B547-4A65-9496-741E23BE0EE7}.Release|Any CPU.ActiveCfg = Release|Any CPU
		{577F68CE-B547-4A65-9496-741E23BE0EE7}.Release|Any CPU.Build.0 = Release|Any CPU
		{562640C3-0AA2-48AA-9865-C1990F9E5918}.Debug|Any CPU.ActiveCfg = Debug|Any CPU
		{562640C3-0AA2-48AA-9865-C1990F9E5918}.Debug|Any CPU.Build.0 = Debug|Any CPU
		{562640C3-0AA2-48AA-9865-C1990F9E5918}.Release|Any CPU.ActiveCfg = Release|Any CPU
		{562640C3-0AA2-48AA-9865-C1990F9E5918}.Release|Any CPU.Build.0 = Release|Any CPU
		{97315CB9-F9EF-4229-917B-296F04025B7C}.Debug|Any CPU.ActiveCfg = Debug|Any CPU
		{97315CB9-F9EF-4229-917B-296F04025B7C}.Debug|Any CPU.Build.0 = Debug|Any CPU
		{97315CB9-F9EF-4229-917B-296F04025B7C}.Release|Any CPU.ActiveCfg = Release|Any CPU
		{97315CB9-F9EF-4229-917B-296F04025B7C}.Release|Any CPU.Build.0 = Release|Any CPU
		{0F524E09-CA2C-43A4-8692-4ABDA80744CA}.Debug|Any CPU.ActiveCfg = Debug|Any CPU
		{0F524E09-CA2C-43A4-8692-4ABDA80744CA}.Debug|Any CPU.Build.0 = Debug|Any CPU
		{0F524E09-CA2C-43A4-8692-4ABDA80744CA}.Release|Any CPU.ActiveCfg = Release|Any CPU
		{0F524E09-CA2C-43A4-8692-4ABDA80744CA}.Release|Any CPU.Build.0 = Release|Any CPU
		{8A38C2E5-21F7-4EB5-A379-2D9A714A453D}.Debug|Any CPU.ActiveCfg = Debug|Any CPU
		{8A38C2E5-21F7-4EB5-A379-2D9A714A453D}.Debug|Any CPU.Build.0 = Debug|Any CPU
		{8A38C2E5-21F7-4EB5-A379-2D9A714A453D}.Release|Any CPU.ActiveCfg = Release|Any CPU
		{8A38C2E5-21F7-4EB5-A379-2D9A714A453D}.Release|Any CPU.Build.0 = Release|Any CPU
		{B0A3D64D-AB41-4EE7-84E6-ECC16C37D31E}.Debug|Any CPU.ActiveCfg = Debug|Any CPU
		{B0A3D64D-AB41-4EE7-84E6-ECC16C37D31E}.Debug|Any CPU.Build.0 = Debug|Any CPU
		{B0A3D64D-AB41-4EE7-84E6-ECC16C37D31E}.Release|Any CPU.ActiveCfg = Release|Any CPU
		{B0A3D64D-AB41-4EE7-84E6-ECC16C37D31E}.Release|Any CPU.Build.0 = Release|Any CPU
		{B49308C1-A942-4F71-B388-EA54DB71BB81}.Debug|Any CPU.ActiveCfg = Debug|Any CPU
		{B49308C1-A942-4F71-B388-EA54DB71BB81}.Debug|Any CPU.Build.0 = Debug|Any CPU
		{B49308C1-A942-4F71-B388-EA54DB71BB81}.Release|Any CPU.ActiveCfg = Release|Any CPU
		{B49308C1-A942-4F71-B388-EA54DB71BB81}.Release|Any CPU.Build.0 = Release|Any CPU
		{1A74EE02-C0FB-4A13-B32A-BB949A8EEA33}.Debug|Any CPU.ActiveCfg = Debug|Any CPU
		{1A74EE02-C0FB-4A13-B32A-BB949A8EEA33}.Debug|Any CPU.Build.0 = Debug|Any CPU
		{1A74EE02-C0FB-4A13-B32A-BB949A8EEA33}.Release|Any CPU.ActiveCfg = Release|Any CPU
		{1A74EE02-C0FB-4A13-B32A-BB949A8EEA33}.Release|Any CPU.Build.0 = Release|Any CPU
		{FAB04CFC-5B7D-4499-B761-8A118773D9B3}.Debug|Any CPU.ActiveCfg = Debug|Any CPU
		{FAB04CFC-5B7D-4499-B761-8A118773D9B3}.Debug|Any CPU.Build.0 = Debug|Any CPU
		{FAB04CFC-5B7D-4499-B761-8A118773D9B3}.Release|Any CPU.ActiveCfg = Release|Any CPU
		{FAB04CFC-5B7D-4499-B761-8A118773D9B3}.Release|Any CPU.Build.0 = Release|Any CPU
		{2275FBD5-2527-4956-8832-F5FA9B61FED4}.Debug|Any CPU.ActiveCfg = Debug|Any CPU
		{2275FBD5-2527-4956-8832-F5FA9B61FED4}.Debug|Any CPU.Build.0 = Debug|Any CPU
		{2275FBD5-2527-4956-8832-F5FA9B61FED4}.Release|Any CPU.ActiveCfg = Release|Any CPU
		{2275FBD5-2527-4956-8832-F5FA9B61FED4}.Release|Any CPU.Build.0 = Release|Any CPU
		{36701D54-233D-4AF0-8A7A-2F18DBB798F5}.Debug|Any CPU.ActiveCfg = Debug|Any CPU
		{36701D54-233D-4AF0-8A7A-2F18DBB798F5}.Debug|Any CPU.Build.0 = Debug|Any CPU
		{36701D54-233D-4AF0-8A7A-2F18DBB798F5}.Release|Any CPU.ActiveCfg = Release|Any CPU
		{36701D54-233D-4AF0-8A7A-2F18DBB798F5}.Release|Any CPU.Build.0 = Release|Any CPU
		{A681A073-A72D-44AB-B925-116AF25B6DE3}.Debug|Any CPU.ActiveCfg = Debug|Any CPU
		{A681A073-A72D-44AB-B925-116AF25B6DE3}.Debug|Any CPU.Build.0 = Debug|Any CPU
		{A681A073-A72D-44AB-B925-116AF25B6DE3}.Release|Any CPU.ActiveCfg = Release|Any CPU
		{A681A073-A72D-44AB-B925-116AF25B6DE3}.Release|Any CPU.Build.0 = Release|Any CPU
		{8AC551EB-1C52-410A-9AE0-F9C8D91DE7E1}.Debug|Any CPU.ActiveCfg = Debug|Any CPU
		{8AC551EB-1C52-410A-9AE0-F9C8D91DE7E1}.Debug|Any CPU.Build.0 = Debug|Any CPU
		{8AC551EB-1C52-410A-9AE0-F9C8D91DE7E1}.Release|Any CPU.ActiveCfg = Release|Any CPU
		{8AC551EB-1C52-410A-9AE0-F9C8D91DE7E1}.Release|Any CPU.Build.0 = Release|Any CPU
		{53E82538-078F-4D82-93BF-656112958A60}.Debug|Any CPU.ActiveCfg = Debug|Any CPU
		{53E82538-078F-4D82-93BF-656112958A60}.Debug|Any CPU.Build.0 = Debug|Any CPU
		{53E82538-078F-4D82-93BF-656112958A60}.Release|Any CPU.ActiveCfg = Release|Any CPU
		{53E82538-078F-4D82-93BF-656112958A60}.Release|Any CPU.Build.0 = Release|Any CPU
		{83B63092-D2CE-425A-B0C5-71FE0930E669}.Debug|Any CPU.ActiveCfg = Debug|Any CPU
		{83B63092-D2CE-425A-B0C5-71FE0930E669}.Debug|Any CPU.Build.0 = Debug|Any CPU
		{83B63092-D2CE-425A-B0C5-71FE0930E669}.Release|Any CPU.ActiveCfg = Release|Any CPU
		{83B63092-D2CE-425A-B0C5-71FE0930E669}.Release|Any CPU.Build.0 = Release|Any CPU
		{DFC5201B-73D8-490D-9B58-E812ED8D114C}.Debug|Any CPU.ActiveCfg = Debug|Any CPU
		{DFC5201B-73D8-490D-9B58-E812ED8D114C}.Debug|Any CPU.Build.0 = Debug|Any CPU
		{DFC5201B-73D8-490D-9B58-E812ED8D114C}.Release|Any CPU.ActiveCfg = Release|Any CPU
		{DFC5201B-73D8-490D-9B58-E812ED8D114C}.Release|Any CPU.Build.0 = Release|Any CPU
		{9F395513-E3B8-4F40-9A76-D369FB1A38DF}.Debug|Any CPU.ActiveCfg = Debug|Any CPU
		{9F395513-E3B8-4F40-9A76-D369FB1A38DF}.Debug|Any CPU.Build.0 = Debug|Any CPU
		{9F395513-E3B8-4F40-9A76-D369FB1A38DF}.Release|Any CPU.ActiveCfg = Release|Any CPU
		{9F395513-E3B8-4F40-9A76-D369FB1A38DF}.Release|Any CPU.Build.0 = Release|Any CPU
		{7D72708E-9070-4CB6-A0B6-5E463BD0D965}.Debug|Any CPU.ActiveCfg = Debug|Any CPU
		{7D72708E-9070-4CB6-A0B6-5E463BD0D965}.Debug|Any CPU.Build.0 = Debug|Any CPU
		{7D72708E-9070-4CB6-A0B6-5E463BD0D965}.Release|Any CPU.ActiveCfg = Release|Any CPU
		{7D72708E-9070-4CB6-A0B6-5E463BD0D965}.Release|Any CPU.Build.0 = Release|Any CPU
		{75883A46-B4C8-4018-AB78-7A346AA3A25D}.Debug|Any CPU.ActiveCfg = Debug|Any CPU
		{75883A46-B4C8-4018-AB78-7A346AA3A25D}.Debug|Any CPU.Build.0 = Debug|Any CPU
		{75883A46-B4C8-4018-AB78-7A346AA3A25D}.Release|Any CPU.ActiveCfg = Release|Any CPU
		{75883A46-B4C8-4018-AB78-7A346AA3A25D}.Release|Any CPU.Build.0 = Release|Any CPU
		{9B78C8C1-4CC7-4708-8544-29382159D4E6}.Debug|Any CPU.ActiveCfg = Debug|Any CPU
		{9B78C8C1-4CC7-4708-8544-29382159D4E6}.Debug|Any CPU.Build.0 = Debug|Any CPU
		{9B78C8C1-4CC7-4708-8544-29382159D4E6}.Release|Any CPU.ActiveCfg = Release|Any CPU
		{9B78C8C1-4CC7-4708-8544-29382159D4E6}.Release|Any CPU.Build.0 = Release|Any CPU
	EndGlobalSection
	GlobalSection(SolutionProperties) = preSolution
		HideSolutionNode = FALSE
	EndGlobalSection
	GlobalSection(ExtensibilityGlobals) = postSolution
		SolutionGuid = {97F621F2-0C20-46E0-B853-19419F3E0456}
	EndGlobalSection
EndGlobal
