
Microsoft Visual Studio Solution File, Format Version 12.00
# Visual Studio 15
VisualStudioVersion = 15.0.28010.2026
MinimumVisualStudioVersion = 10.0.40219.1
Project("{FAE04EC0-301F-11D3-BF4B-00C04F79EFBC}") = "study C sharp second stage", "study C sharp second stage\study C sharp second stage.csproj", "{07B1D1BC-7B87-4CAB-AADA-8B1295C0F803}"
EndProject
Project("{FAE04EC0-301F-11D3-BF4B-00C04F79EFBC}") = "Class Car Speed", "Class Car Speed\Class Car Speed.csproj", "{21C9FCFF-CB9B-4893-9484-B2E5DCA3403A}"
EndProject
Project("{FAE04EC0-301F-11D3-BF4B-00C04F79EFBC}") = "Class Human", "Class Human\Class Human.csproj", "{5F0CB794-EEED-4567-AA3D-1CE284A12455}"
EndProject
Project("{FAE04EC0-301F-11D3-BF4B-00C04F79EFBC}") = "fuel consumption", "fuel consumption\fuel consumption.csproj", "{BE45BCE8-B4A9-483F-83E3-AA787902ECDC}"
EndProject
Project("{FAE04EC0-301F-11D3-BF4B-00C04F79EFBC}") = "Aitcraft info", "business tour\Aitcraft info.csproj", "{879B4895-1716-4C23-B189-B78F789C385C}"
EndProject
Project("{FAE04EC0-301F-11D3-BF4B-00C04F79EFBC}") = "Animals_Hierarchia", "Animals_Hierarchia\Animals_Hierarchia.csproj", "{647B94E8-3B9D-4635-84BE-5B4F7FA0F761}"
EndProject
Project("{FAE04EC0-301F-11D3-BF4B-00C04F79EFBC}") = "Student", "Student\Student.csproj", "{B2F651EB-B304-4CA5-84FB-C1C91E0289A8}"
EndProject
Project("{FAE04EC0-301F-11D3-BF4B-00C04F79EFBC}") = "Three Type Animals", "Three Type Animals\Three Type Animals.csproj", "{05AC34F7-94CE-43CF-BE5E-DCEAB70B9616}"
EndProject
Project("{FAE04EC0-301F-11D3-BF4B-00C04F79EFBC}") = "Human this", "Human this\Human this.csproj", "{1698677E-5691-441B-AF9D-021A6D58DCF5}"
EndProject
Project("{FAE04EC0-301F-11D3-BF4B-00C04F79EFBC}") = "Online Shop", "Online Shop\Online Shop.csproj", "{4377CD15-CAC7-4030-9338-266C8092E547}"
EndProject
Project("{FAE04EC0-301F-11D3-BF4B-00C04F79EFBC}") = "Shape", "Shape\Shape.csproj", "{BB36ACE1-04DD-4A50-BB90-EC7EBC546A53}"
EndProject
Project("{FAE04EC0-301F-11D3-BF4B-00C04F79EFBC}") = "NestedClass", "NestedClass\NestedClass.csproj", "{DD171D64-F7E1-42A4-BE77-865025901A0B}"
EndProject
Project("{FAE04EC0-301F-11D3-BF4B-00C04F79EFBC}") = "Car Nested", "Car Nested\Car Nested.csproj", "{7E6E5FD6-1346-4DCC-A78B-305CF8E90B39}"
EndProject
Project("{FAE04EC0-301F-11D3-BF4B-00C04F79EFBC}") = "Document", "Document\Document.csproj", "{C95CFE54-48B7-41A2-AFE0-431972E73E64}"
EndProject
Project("{FAE04EC0-301F-11D3-BF4B-00C04F79EFBC}") = "Aircraft Interface", "Aircraft Interface\Aircraft Interface.csproj", "{DDF87D44-4058-44A0-B35E-1DF4D1A94162}"
EndProject
Project("{FAE04EC0-301F-11D3-BF4B-00C04F79EFBC}") = "Interface Task", "Interface Task\Interface Task.csproj", "{F5D67EB7-3D0E-4F7A-9B78-822BF7BEAC64}"
EndProject
Project("{FAE04EC0-301F-11D3-BF4B-00C04F79EFBC}") = "Delegat Task 1", "Delegat Task 1\Delegat Task 1.csproj", "{D91FEC0A-0601-4820-A98B-571899BD1DE9}"
EndProject
Project("{FAE04EC0-301F-11D3-BF4B-00C04F79EFBC}") = "Delegat Task 2", "Delegat Task 2\Delegat Task 2.csproj", "{D1558263-BD31-45CB-A044-80EB46D76A46}"
EndProject
Project("{FAE04EC0-301F-11D3-BF4B-00C04F79EFBC}") = "Delegat Task 3", "Delegat Task 3\Delegat Task 3.csproj", "{4B32FBF2-D226-438A-A9C7-D24A9B2F182F}"
EndProject
Project("{FAE04EC0-301F-11D3-BF4B-00C04F79EFBC}") = "Delegat Task 4", "Delegat Task 4\Delegat Task 4.csproj", "{D5029CDB-3554-4B6E-A467-C2215B19B020}"
EndProject
Project("{FAE04EC0-301F-11D3-BF4B-00C04F79EFBC}") = "Delegat Task 5", "Delegat Task 5\Delegat Task 5.csproj", "{E42BD570-E6B1-44E5-B2C0-A2D3E1B43616}"
EndProject
Project("{FAE04EC0-301F-11D3-BF4B-00C04F79EFBC}") = "Delegat Task 6", "Delegat Task 6\Delegat Task 6.csproj", "{828B7325-66D4-4C8E-A357-BAA588C6EAEB}"
EndProject
Project("{FAE04EC0-301F-11D3-BF4B-00C04F79EFBC}") = "Delegat Calculator", "Delegat Calculator\Delegat Calculator.csproj", "{F6D93B37-CD17-4F28-A76B-406114A5EDFC}"
EndProject
Project("{FAE04EC0-301F-11D3-BF4B-00C04F79EFBC}") = "Delegat Task 8", "Delegat Task 8\Delegat Task 8.csproj", "{10F0A94F-1807-49B2-9C39-9C16F95648F3}"
EndProject
Project("{FAE04EC0-301F-11D3-BF4B-00C04F79EFBC}") = "Delegat Task 9", "Delegat Task 9\Delegat Task 9.csproj", "{6F56D057-E31C-47B3-A156-D5218CA7C60F}"
EndProject
Project("{FAE04EC0-301F-11D3-BF4B-00C04F79EFBC}") = "Delegat Task 10", "Delegat Task 10\Delegat Task 10.csproj", "{EC7AE786-BE37-4EE3-A9B2-3EA97B4CBDCE}"
EndProject
Project("{FAE04EC0-301F-11D3-BF4B-00C04F79EFBC}") = "Delegat Task 11", "Delegat Task 11\Delegat Task 11.csproj", "{95097BDD-DC1B-4E7D-A972-156466BDA785}"
EndProject
Project("{FAE04EC0-301F-11D3-BF4B-00C04F79EFBC}") = "Delegat Task 12", "Delegat Task 12\Delegat Task 12.csproj", "{CBE57265-6F6F-4AAD-A56D-5EFE9D86FC46}"
EndProject
Global
	GlobalSection(SolutionConfigurationPlatforms) = preSolution
		Debug|Any CPU = Debug|Any CPU
		Release|Any CPU = Release|Any CPU
	EndGlobalSection
	GlobalSection(ProjectConfigurationPlatforms) = postSolution
		{07B1D1BC-7B87-4CAB-AADA-8B1295C0F803}.Debug|Any CPU.ActiveCfg = Debug|Any CPU
		{07B1D1BC-7B87-4CAB-AADA-8B1295C0F803}.Debug|Any CPU.Build.0 = Debug|Any CPU
		{07B1D1BC-7B87-4CAB-AADA-8B1295C0F803}.Release|Any CPU.ActiveCfg = Release|Any CPU
		{07B1D1BC-7B87-4CAB-AADA-8B1295C0F803}.Release|Any CPU.Build.0 = Release|Any CPU
		{21C9FCFF-CB9B-4893-9484-B2E5DCA3403A}.Debug|Any CPU.ActiveCfg = Debug|Any CPU
		{21C9FCFF-CB9B-4893-9484-B2E5DCA3403A}.Debug|Any CPU.Build.0 = Debug|Any CPU
		{21C9FCFF-CB9B-4893-9484-B2E5DCA3403A}.Release|Any CPU.ActiveCfg = Release|Any CPU
		{21C9FCFF-CB9B-4893-9484-B2E5DCA3403A}.Release|Any CPU.Build.0 = Release|Any CPU
		{5F0CB794-EEED-4567-AA3D-1CE284A12455}.Debug|Any CPU.ActiveCfg = Debug|Any CPU
		{5F0CB794-EEED-4567-AA3D-1CE284A12455}.Debug|Any CPU.Build.0 = Debug|Any CPU
		{5F0CB794-EEED-4567-AA3D-1CE284A12455}.Release|Any CPU.ActiveCfg = Release|Any CPU
		{5F0CB794-EEED-4567-AA3D-1CE284A12455}.Release|Any CPU.Build.0 = Release|Any CPU
		{BE45BCE8-B4A9-483F-83E3-AA787902ECDC}.Debug|Any CPU.ActiveCfg = Debug|Any CPU
		{BE45BCE8-B4A9-483F-83E3-AA787902ECDC}.Debug|Any CPU.Build.0 = Debug|Any CPU
		{BE45BCE8-B4A9-483F-83E3-AA787902ECDC}.Release|Any CPU.ActiveCfg = Release|Any CPU
		{BE45BCE8-B4A9-483F-83E3-AA787902ECDC}.Release|Any CPU.Build.0 = Release|Any CPU
		{879B4895-1716-4C23-B189-B78F789C385C}.Debug|Any CPU.ActiveCfg = Debug|Any CPU
		{879B4895-1716-4C23-B189-B78F789C385C}.Debug|Any CPU.Build.0 = Debug|Any CPU
		{879B4895-1716-4C23-B189-B78F789C385C}.Release|Any CPU.ActiveCfg = Release|Any CPU
		{879B4895-1716-4C23-B189-B78F789C385C}.Release|Any CPU.Build.0 = Release|Any CPU
		{647B94E8-3B9D-4635-84BE-5B4F7FA0F761}.Debug|Any CPU.ActiveCfg = Debug|Any CPU
		{647B94E8-3B9D-4635-84BE-5B4F7FA0F761}.Debug|Any CPU.Build.0 = Debug|Any CPU
		{647B94E8-3B9D-4635-84BE-5B4F7FA0F761}.Release|Any CPU.ActiveCfg = Release|Any CPU
		{647B94E8-3B9D-4635-84BE-5B4F7FA0F761}.Release|Any CPU.Build.0 = Release|Any CPU
		{B2F651EB-B304-4CA5-84FB-C1C91E0289A8}.Debug|Any CPU.ActiveCfg = Debug|Any CPU
		{B2F651EB-B304-4CA5-84FB-C1C91E0289A8}.Debug|Any CPU.Build.0 = Debug|Any CPU
		{B2F651EB-B304-4CA5-84FB-C1C91E0289A8}.Release|Any CPU.ActiveCfg = Release|Any CPU
		{B2F651EB-B304-4CA5-84FB-C1C91E0289A8}.Release|Any CPU.Build.0 = Release|Any CPU
		{05AC34F7-94CE-43CF-BE5E-DCEAB70B9616}.Debug|Any CPU.ActiveCfg = Debug|Any CPU
		{05AC34F7-94CE-43CF-BE5E-DCEAB70B9616}.Debug|Any CPU.Build.0 = Debug|Any CPU
		{05AC34F7-94CE-43CF-BE5E-DCEAB70B9616}.Release|Any CPU.ActiveCfg = Release|Any CPU
		{05AC34F7-94CE-43CF-BE5E-DCEAB70B9616}.Release|Any CPU.Build.0 = Release|Any CPU
		{1698677E-5691-441B-AF9D-021A6D58DCF5}.Debug|Any CPU.ActiveCfg = Debug|Any CPU
		{1698677E-5691-441B-AF9D-021A6D58DCF5}.Debug|Any CPU.Build.0 = Debug|Any CPU
		{1698677E-5691-441B-AF9D-021A6D58DCF5}.Release|Any CPU.ActiveCfg = Release|Any CPU
		{1698677E-5691-441B-AF9D-021A6D58DCF5}.Release|Any CPU.Build.0 = Release|Any CPU
		{4377CD15-CAC7-4030-9338-266C8092E547}.Debug|Any CPU.ActiveCfg = Debug|Any CPU
		{4377CD15-CAC7-4030-9338-266C8092E547}.Debug|Any CPU.Build.0 = Debug|Any CPU
		{4377CD15-CAC7-4030-9338-266C8092E547}.Release|Any CPU.ActiveCfg = Release|Any CPU
		{4377CD15-CAC7-4030-9338-266C8092E547}.Release|Any CPU.Build.0 = Release|Any CPU
		{BB36ACE1-04DD-4A50-BB90-EC7EBC546A53}.Debug|Any CPU.ActiveCfg = Debug|Any CPU
		{BB36ACE1-04DD-4A50-BB90-EC7EBC546A53}.Debug|Any CPU.Build.0 = Debug|Any CPU
		{BB36ACE1-04DD-4A50-BB90-EC7EBC546A53}.Release|Any CPU.ActiveCfg = Release|Any CPU
		{BB36ACE1-04DD-4A50-BB90-EC7EBC546A53}.Release|Any CPU.Build.0 = Release|Any CPU
		{DD171D64-F7E1-42A4-BE77-865025901A0B}.Debug|Any CPU.ActiveCfg = Debug|Any CPU
		{DD171D64-F7E1-42A4-BE77-865025901A0B}.Debug|Any CPU.Build.0 = Debug|Any CPU
		{DD171D64-F7E1-42A4-BE77-865025901A0B}.Release|Any CPU.ActiveCfg = Release|Any CPU
		{DD171D64-F7E1-42A4-BE77-865025901A0B}.Release|Any CPU.Build.0 = Release|Any CPU
		{7E6E5FD6-1346-4DCC-A78B-305CF8E90B39}.Debug|Any CPU.ActiveCfg = Debug|Any CPU
		{7E6E5FD6-1346-4DCC-A78B-305CF8E90B39}.Debug|Any CPU.Build.0 = Debug|Any CPU
		{7E6E5FD6-1346-4DCC-A78B-305CF8E90B39}.Release|Any CPU.ActiveCfg = Release|Any CPU
		{7E6E5FD6-1346-4DCC-A78B-305CF8E90B39}.Release|Any CPU.Build.0 = Release|Any CPU
		{C95CFE54-48B7-41A2-AFE0-431972E73E64}.Debug|Any CPU.ActiveCfg = Debug|Any CPU
		{C95CFE54-48B7-41A2-AFE0-431972E73E64}.Debug|Any CPU.Build.0 = Debug|Any CPU
		{C95CFE54-48B7-41A2-AFE0-431972E73E64}.Release|Any CPU.ActiveCfg = Release|Any CPU
		{C95CFE54-48B7-41A2-AFE0-431972E73E64}.Release|Any CPU.Build.0 = Release|Any CPU
		{DDF87D44-4058-44A0-B35E-1DF4D1A94162}.Debug|Any CPU.ActiveCfg = Debug|Any CPU
		{DDF87D44-4058-44A0-B35E-1DF4D1A94162}.Debug|Any CPU.Build.0 = Debug|Any CPU
		{DDF87D44-4058-44A0-B35E-1DF4D1A94162}.Release|Any CPU.ActiveCfg = Release|Any CPU
		{DDF87D44-4058-44A0-B35E-1DF4D1A94162}.Release|Any CPU.Build.0 = Release|Any CPU
		{F5D67EB7-3D0E-4F7A-9B78-822BF7BEAC64}.Debug|Any CPU.ActiveCfg = Debug|Any CPU
		{F5D67EB7-3D0E-4F7A-9B78-822BF7BEAC64}.Debug|Any CPU.Build.0 = Debug|Any CPU
		{F5D67EB7-3D0E-4F7A-9B78-822BF7BEAC64}.Release|Any CPU.ActiveCfg = Release|Any CPU
		{F5D67EB7-3D0E-4F7A-9B78-822BF7BEAC64}.Release|Any CPU.Build.0 = Release|Any CPU
		{D91FEC0A-0601-4820-A98B-571899BD1DE9}.Debug|Any CPU.ActiveCfg = Debug|Any CPU
		{D91FEC0A-0601-4820-A98B-571899BD1DE9}.Debug|Any CPU.Build.0 = Debug|Any CPU
		{D91FEC0A-0601-4820-A98B-571899BD1DE9}.Release|Any CPU.ActiveCfg = Release|Any CPU
		{D91FEC0A-0601-4820-A98B-571899BD1DE9}.Release|Any CPU.Build.0 = Release|Any CPU
		{D1558263-BD31-45CB-A044-80EB46D76A46}.Debug|Any CPU.ActiveCfg = Debug|Any CPU
		{D1558263-BD31-45CB-A044-80EB46D76A46}.Debug|Any CPU.Build.0 = Debug|Any CPU
		{D1558263-BD31-45CB-A044-80EB46D76A46}.Release|Any CPU.ActiveCfg = Release|Any CPU
		{D1558263-BD31-45CB-A044-80EB46D76A46}.Release|Any CPU.Build.0 = Release|Any CPU
		{4B32FBF2-D226-438A-A9C7-D24A9B2F182F}.Debug|Any CPU.ActiveCfg = Debug|Any CPU
		{4B32FBF2-D226-438A-A9C7-D24A9B2F182F}.Debug|Any CPU.Build.0 = Debug|Any CPU
		{4B32FBF2-D226-438A-A9C7-D24A9B2F182F}.Release|Any CPU.ActiveCfg = Release|Any CPU
		{4B32FBF2-D226-438A-A9C7-D24A9B2F182F}.Release|Any CPU.Build.0 = Release|Any CPU
		{D5029CDB-3554-4B6E-A467-C2215B19B020}.Debug|Any CPU.ActiveCfg = Debug|Any CPU
		{D5029CDB-3554-4B6E-A467-C2215B19B020}.Debug|Any CPU.Build.0 = Debug|Any CPU
		{D5029CDB-3554-4B6E-A467-C2215B19B020}.Release|Any CPU.ActiveCfg = Release|Any CPU
		{D5029CDB-3554-4B6E-A467-C2215B19B020}.Release|Any CPU.Build.0 = Release|Any CPU
		{E42BD570-E6B1-44E5-B2C0-A2D3E1B43616}.Debug|Any CPU.ActiveCfg = Debug|Any CPU
		{E42BD570-E6B1-44E5-B2C0-A2D3E1B43616}.Debug|Any CPU.Build.0 = Debug|Any CPU
		{E42BD570-E6B1-44E5-B2C0-A2D3E1B43616}.Release|Any CPU.ActiveCfg = Release|Any CPU
		{E42BD570-E6B1-44E5-B2C0-A2D3E1B43616}.Release|Any CPU.Build.0 = Release|Any CPU
		{828B7325-66D4-4C8E-A357-BAA588C6EAEB}.Debug|Any CPU.ActiveCfg = Debug|Any CPU
		{828B7325-66D4-4C8E-A357-BAA588C6EAEB}.Debug|Any CPU.Build.0 = Debug|Any CPU
		{828B7325-66D4-4C8E-A357-BAA588C6EAEB}.Release|Any CPU.ActiveCfg = Release|Any CPU
		{828B7325-66D4-4C8E-A357-BAA588C6EAEB}.Release|Any CPU.Build.0 = Release|Any CPU
		{F6D93B37-CD17-4F28-A76B-406114A5EDFC}.Debug|Any CPU.ActiveCfg = Debug|Any CPU
		{F6D93B37-CD17-4F28-A76B-406114A5EDFC}.Debug|Any CPU.Build.0 = Debug|Any CPU
		{F6D93B37-CD17-4F28-A76B-406114A5EDFC}.Release|Any CPU.ActiveCfg = Release|Any CPU
		{F6D93B37-CD17-4F28-A76B-406114A5EDFC}.Release|Any CPU.Build.0 = Release|Any CPU
		{10F0A94F-1807-49B2-9C39-9C16F95648F3}.Debug|Any CPU.ActiveCfg = Debug|Any CPU
		{10F0A94F-1807-49B2-9C39-9C16F95648F3}.Debug|Any CPU.Build.0 = Debug|Any CPU
		{10F0A94F-1807-49B2-9C39-9C16F95648F3}.Release|Any CPU.ActiveCfg = Release|Any CPU
		{10F0A94F-1807-49B2-9C39-9C16F95648F3}.Release|Any CPU.Build.0 = Release|Any CPU
		{6F56D057-E31C-47B3-A156-D5218CA7C60F}.Debug|Any CPU.ActiveCfg = Debug|Any CPU
		{6F56D057-E31C-47B3-A156-D5218CA7C60F}.Debug|Any CPU.Build.0 = Debug|Any CPU
		{6F56D057-E31C-47B3-A156-D5218CA7C60F}.Release|Any CPU.ActiveCfg = Release|Any CPU
		{6F56D057-E31C-47B3-A156-D5218CA7C60F}.Release|Any CPU.Build.0 = Release|Any CPU
		{EC7AE786-BE37-4EE3-A9B2-3EA97B4CBDCE}.Debug|Any CPU.ActiveCfg = Debug|Any CPU
		{EC7AE786-BE37-4EE3-A9B2-3EA97B4CBDCE}.Debug|Any CPU.Build.0 = Debug|Any CPU
		{EC7AE786-BE37-4EE3-A9B2-3EA97B4CBDCE}.Release|Any CPU.ActiveCfg = Release|Any CPU
		{EC7AE786-BE37-4EE3-A9B2-3EA97B4CBDCE}.Release|Any CPU.Build.0 = Release|Any CPU
		{95097BDD-DC1B-4E7D-A972-156466BDA785}.Debug|Any CPU.ActiveCfg = Debug|Any CPU
		{95097BDD-DC1B-4E7D-A972-156466BDA785}.Debug|Any CPU.Build.0 = Debug|Any CPU
		{95097BDD-DC1B-4E7D-A972-156466BDA785}.Release|Any CPU.ActiveCfg = Release|Any CPU
		{95097BDD-DC1B-4E7D-A972-156466BDA785}.Release|Any CPU.Build.0 = Release|Any CPU
		{CBE57265-6F6F-4AAD-A56D-5EFE9D86FC46}.Debug|Any CPU.ActiveCfg = Debug|Any CPU
		{CBE57265-6F6F-4AAD-A56D-5EFE9D86FC46}.Debug|Any CPU.Build.0 = Debug|Any CPU
		{CBE57265-6F6F-4AAD-A56D-5EFE9D86FC46}.Release|Any CPU.ActiveCfg = Release|Any CPU
		{CBE57265-6F6F-4AAD-A56D-5EFE9D86FC46}.Release|Any CPU.Build.0 = Release|Any CPU
	EndGlobalSection
	GlobalSection(SolutionProperties) = preSolution
		HideSolutionNode = FALSE
	EndGlobalSection
	GlobalSection(ExtensibilityGlobals) = postSolution
		SolutionGuid = {97F621F2-0C20-46E0-B853-19419F3E0456}
	EndGlobalSection
EndGlobal
