
Microsoft Visual Studio Solution File, Format Version 12.00
# Visual Studio 15
VisualStudioVersion = 15.0.28010.2026
MinimumVisualStudioVersion = 10.0.40219.1
Project("{FAE04EC0-301F-11D3-BF4B-00C04F79EFBC}") = "study-C-sharp", "study-C-sharp\study-C-sharp.csproj", "{F214CE7A-8819-4ADB-BC17-297808C72BC9}"
EndProject
Project("{FAE04EC0-301F-11D3-BF4B-00C04F79EFBC}") = "Task_1", "Task_1\Task_1.csproj", "{959A14C1-FBC6-4BDB-9A25-87DB204B8A6F}"
EndProject
Project("{FAE04EC0-301F-11D3-BF4B-00C04F79EFBC}") = "Task_2", "Task_2\Task_2.csproj", "{23726D29-E1D8-46E8-B31E-770B0A34630B}"
EndProject
Project("{FAE04EC0-301F-11D3-BF4B-00C04F79EFBC}") = "Task_3", "Task_3\Task_3.csproj", "{7F5509AD-8E03-4BBB-9C40-AFBB40BCDDF9}"
EndProject
Project("{FAE04EC0-301F-11D3-BF4B-00C04F79EFBC}") = "Task_4", "Task_4\Task_4.csproj", "{13727BD1-810B-4843-A872-71145925B111}"
EndProject
Project("{FAE04EC0-301F-11D3-BF4B-00C04F79EFBC}") = "Task_5", "Task_5\Task_5.csproj", "{E9599E89-2B67-4AB8-9A91-CCE3001B0698}"
EndProject
Project("{FAE04EC0-301F-11D3-BF4B-00C04F79EFBC}") = "Task_6", "Task_6\Task_6.csproj", "{1359B3BA-22B6-46A7-BBAC-641EAF055C1D}"
EndProject
Project("{FAE04EC0-301F-11D3-BF4B-00C04F79EFBC}") = "Task_7", "Task_7\Task_7.csproj", "{A196A763-7A68-43D3-AA8D-EE25AA1E9C76}"
EndProject
Global
	GlobalSection(SolutionConfigurationPlatforms) = preSolution
		Debug|Any CPU = Debug|Any CPU
		Release|Any CPU = Release|Any CPU
	EndGlobalSection
	GlobalSection(ProjectConfigurationPlatforms) = postSolution
		{F214CE7A-8819-4ADB-BC17-297808C72BC9}.Debug|Any CPU.ActiveCfg = Debug|Any CPU
		{F214CE7A-8819-4ADB-BC17-297808C72BC9}.Debug|Any CPU.Build.0 = Debug|Any CPU
		{F214CE7A-8819-4ADB-BC17-297808C72BC9}.Release|Any CPU.ActiveCfg = Release|Any CPU
		{F214CE7A-8819-4ADB-BC17-297808C72BC9}.Release|Any CPU.Build.0 = Release|Any CPU
		{959A14C1-FBC6-4BDB-9A25-87DB204B8A6F}.Debug|Any CPU.ActiveCfg = Debug|Any CPU
		{959A14C1-FBC6-4BDB-9A25-87DB204B8A6F}.Debug|Any CPU.Build.0 = Debug|Any CPU
		{959A14C1-FBC6-4BDB-9A25-87DB204B8A6F}.Release|Any CPU.ActiveCfg = Release|Any CPU
		{959A14C1-FBC6-4BDB-9A25-87DB204B8A6F}.Release|Any CPU.Build.0 = Release|Any CPU
		{23726D29-E1D8-46E8-B31E-770B0A34630B}.Debug|Any CPU.ActiveCfg = Debug|Any CPU
		{23726D29-E1D8-46E8-B31E-770B0A34630B}.Debug|Any CPU.Build.0 = Debug|Any CPU
		{23726D29-E1D8-46E8-B31E-770B0A34630B}.Release|Any CPU.ActiveCfg = Release|Any CPU
		{23726D29-E1D8-46E8-B31E-770B0A34630B}.Release|Any CPU.Build.0 = Release|Any CPU
		{7F5509AD-8E03-4BBB-9C40-AFBB40BCDDF9}.Debug|Any CPU.ActiveCfg = Debug|Any CPU
		{7F5509AD-8E03-4BBB-9C40-AFBB40BCDDF9}.Debug|Any CPU.Build.0 = Debug|Any CPU
		{7F5509AD-8E03-4BBB-9C40-AFBB40BCDDF9}.Release|Any CPU.ActiveCfg = Release|Any CPU
		{7F5509AD-8E03-4BBB-9C40-AFBB40BCDDF9}.Release|Any CPU.Build.0 = Release|Any CPU
		{13727BD1-810B-4843-A872-71145925B111}.Debug|Any CPU.ActiveCfg = Debug|Any CPU
		{13727BD1-810B-4843-A872-71145925B111}.Debug|Any CPU.Build.0 = Debug|Any CPU
		{13727BD1-810B-4843-A872-71145925B111}.Release|Any CPU.ActiveCfg = Release|Any CPU
		{13727BD1-810B-4843-A872-71145925B111}.Release|Any CPU.Build.0 = Release|Any CPU
		{E9599E89-2B67-4AB8-9A91-CCE3001B0698}.Debug|Any CPU.ActiveCfg = Debug|Any CPU
		{E9599E89-2B67-4AB8-9A91-CCE3001B0698}.Debug|Any CPU.Build.0 = Debug|Any CPU
		{E9599E89-2B67-4AB8-9A91-CCE3001B0698}.Release|Any CPU.ActiveCfg = Release|Any CPU
		{E9599E89-2B67-4AB8-9A91-CCE3001B0698}.Release|Any CPU.Build.0 = Release|Any CPU
		{1359B3BA-22B6-46A7-BBAC-641EAF055C1D}.Debug|Any CPU.ActiveCfg = Debug|Any CPU
		{1359B3BA-22B6-46A7-BBAC-641EAF055C1D}.Debug|Any CPU.Build.0 = Debug|Any CPU
		{1359B3BA-22B6-46A7-BBAC-641EAF055C1D}.Release|Any CPU.ActiveCfg = Release|Any CPU
		{1359B3BA-22B6-46A7-BBAC-641EAF055C1D}.Release|Any CPU.Build.0 = Release|Any CPU
		{A196A763-7A68-43D3-AA8D-EE25AA1E9C76}.Debug|Any CPU.ActiveCfg = Debug|Any CPU
		{A196A763-7A68-43D3-AA8D-EE25AA1E9C76}.Debug|Any CPU.Build.0 = Debug|Any CPU
		{A196A763-7A68-43D3-AA8D-EE25AA1E9C76}.Release|Any CPU.ActiveCfg = Release|Any CPU
		{A196A763-7A68-43D3-AA8D-EE25AA1E9C76}.Release|Any CPU.Build.0 = Release|Any CPU
	EndGlobalSection
	GlobalSection(SolutionProperties) = preSolution
		HideSolutionNode = FALSE
	EndGlobalSection
	GlobalSection(ExtensibilityGlobals) = postSolution
		SolutionGuid = {7ED6A744-325A-47BB-B348-3AA95BCBF716}
	EndGlobalSection
EndGlobal
