
Microsoft Visual Studio Solution File, Format Version 12.00
# Visual Studio 15
VisualStudioVersion = 15.0.28010.2026
MinimumVisualStudioVersion = 10.0.40219.1
Project("{FAE04EC0-301F-11D3-BF4B-00C04F79EFBC}") = "Task_1", "Task_1\Task_1.csproj", "{959A14C1-FBC6-4BDB-9A25-87DB204B8A6F}"
EndProject
Project("{FAE04EC0-301F-11D3-BF4B-00C04F79EFBC}") = "Task_2", "Task_2\Task_2.csproj", "{23726D29-E1D8-46E8-B31E-770B0A34630B}"
EndProject
Project("{FAE04EC0-301F-11D3-BF4B-00C04F79EFBC}") = "Task_3", "Task_3\Task_3.csproj", "{7F5509AD-8E03-4BBB-9C40-AFBB40BCDDF9}"
EndProject
Project("{FAE04EC0-301F-11D3-BF4B-00C04F79EFBC}") = "Task_4", "Task_4\Task_4.csproj", "{13727BD1-810B-4843-A872-71145925B111}"
EndProject
Project("{FAE04EC0-301F-11D3-BF4B-00C04F79EFBC}") = "Task_5", "Task_5\Task_5.csproj", "{E9599E89-2B67-4AB8-9A91-CCE3001B0698}"
EndProject
Project("{FAE04EC0-301F-11D3-BF4B-00C04F79EFBC}") = "Task_6", "Task_6\Task_6.csproj", "{1359B3BA-22B6-46A7-BBAC-641EAF055C1D}"
EndProject
Project("{FAE04EC0-301F-11D3-BF4B-00C04F79EFBC}") = "Task_7", "Task_7\Task_7.csproj", "{A196A763-7A68-43D3-AA8D-EE25AA1E9C76}"
EndProject
Project("{FAE04EC0-301F-11D3-BF4B-00C04F79EFBC}") = "Task_8", "Task_8\Task_8.csproj", "{4AEF42D9-40CB-437B-B3F0-26969023B7F5}"
EndProject
Project("{FAE04EC0-301F-11D3-BF4B-00C04F79EFBC}") = "Task_9", "Task_9\Task_9.csproj", "{CDBE8394-89A8-41E5-A0AF-4841B23C4973}"
EndProject
Project("{FAE04EC0-301F-11D3-BF4B-00C04F79EFBC}") = "Task_10", "Task_10\Task_10.csproj", "{BC16776E-24D0-4D0C-A0B5-D1CF1C154B90}"
EndProject
Project("{FAE04EC0-301F-11D3-BF4B-00C04F79EFBC}") = "Task_11", "Task_11\Task_11.csproj", "{D9569F00-9908-4F94-A220-3BE3E0AEEB4B}"
EndProject
Project("{FAE04EC0-301F-11D3-BF4B-00C04F79EFBC}") = "Task_12", "Task_12\Task_12.csproj", "{1DABBA5C-F6F3-4CA9-93FB-24A2BF20980A}"
EndProject
Project("{FAE04EC0-301F-11D3-BF4B-00C04F79EFBC}") = "Task_13", "Task_13\Task_13.csproj", "{DF83047E-01FA-453A-8FDC-582FE9FB4F8B}"
EndProject
Project("{FAE04EC0-301F-11D3-BF4B-00C04F79EFBC}") = "calculator", "calculator\calculator.csproj", "{82D2444E-5AC0-45F9-9A2D-16AE27BC762F}"
EndProject
Project("{FAE04EC0-301F-11D3-BF4B-00C04F79EFBC}") = "weekdays", "weekdays\weekdays.csproj", "{D978FA02-75B8-4E5D-A8E0-B9560D91295E}"
EndProject
Project("{FAE04EC0-301F-11D3-BF4B-00C04F79EFBC}") = "Surface", "ConsoleApp1\Surface.csproj", "{4D26B5D9-59FB-43C1-8568-277FADE7A36C}"
EndProject
Project("{FAE04EC0-301F-11D3-BF4B-00C04F79EFBC}") = "weekdays swich", "weekdays swich\weekdays swich.csproj", "{2AF8DFAD-E6EC-462B-AE87-120CDEF0B491}"
EndProject
Project("{FAE04EC0-301F-11D3-BF4B-00C04F79EFBC}") = "calculator swich", "calculator swich\calculator swich.csproj", "{6002554E-E63D-4A5D-841B-E5752FD3EED0}"
EndProject
Project("{FAE04EC0-301F-11D3-BF4B-00C04F79EFBC}") = "ar and geo means", "ar and geo means\ar and geo means.csproj", "{1AD5A663-3B3B-40F6-AC37-E0C6BC0DA389}"
EndProject
Project("{FAE04EC0-301F-11D3-BF4B-00C04F79EFBC}") = "about you", "about you\about you.csproj", "{ACA5ED24-9587-49AE-8EA8-06CD48AB8B43}"
EndProject
Project("{FAE04EC0-301F-11D3-BF4B-00C04F79EFBC}") = "Task 3 while", "Task 3 while\Task 3 while.csproj", "{EAC29954-A0AF-4029-9C6F-2E6B78DF573C}"
EndProject
Project("{FAE04EC0-301F-11D3-BF4B-00C04F79EFBC}") = "Task 4 while", "Task 4 while\Task 4 while.csproj", "{1C0F395C-40C9-4D7C-8E7A-887A3B86BB06}"
EndProject
Project("{FAE04EC0-301F-11D3-BF4B-00C04F79EFBC}") = "Task 5 while", "Task 5 while\Task 5 while.csproj", "{F6D9DF1D-8E6A-4542-91CD-6C5750ECD1A4}"
EndProject
Project("{FAE04EC0-301F-11D3-BF4B-00C04F79EFBC}") = "Task 6 while", "Task 6 while\Task 6 while.csproj", "{C80521B6-944A-4F39-93C3-6800EBB0D4F1}"
EndProject
Project("{FAE04EC0-301F-11D3-BF4B-00C04F79EFBC}") = "Task 7 while", "Task 7 while\Task 7 while.csproj", "{7EF53466-2628-48C4-830E-5E0171EE77BA}"
EndProject
Project("{FAE04EC0-301F-11D3-BF4B-00C04F79EFBC}") = "Task 2 while", "Task 2 while\Task 2 while.csproj", "{F91415E8-D516-4B49-B6DB-3AC4157A8D59}"
EndProject
Project("{FAE04EC0-301F-11D3-BF4B-00C04F79EFBC}") = "Task 1 while", "Task 1 while\Task 1 while.csproj", "{648DFFE9-686C-4C3E-BE0C-3014B3212427}"
EndProject
Project("{FAE04EC0-301F-11D3-BF4B-00C04F79EFBC}") = "Task 8 while", "Task 8 while\Task 8 while.csproj", "{5AF9FF65-8293-45FB-9636-52D2B0E71EB0}"
EndProject
Project("{FAE04EC0-301F-11D3-BF4B-00C04F79EFBC}") = "Task 9 while", "Task 9 while\Task 9 while.csproj", "{EBB2864A-FA40-49D2-B7C9-61B2563A4AD7}"
EndProject
Project("{FAE04EC0-301F-11D3-BF4B-00C04F79EFBC}") = "Task 10 while", "Task 10 while\Task 10 while.csproj", "{4C090D7B-99D0-4191-9A6C-DC96B79A6924}"
EndProject
Project("{FAE04EC0-301F-11D3-BF4B-00C04F79EFBC}") = "Task 11 while", "Task 11 while\Task 11 while.csproj", "{DD390DC5-C84B-45BE-9359-46D662A95FCC}"
EndProject
Project("{FAE04EC0-301F-11D3-BF4B-00C04F79EFBC}") = "Task 12 while", "Task 12 while\Task 12 while.csproj", "{4ECAA5A1-B36F-44CA-A283-4174942D00A5}"
EndProject
Project("{FAE04EC0-301F-11D3-BF4B-00C04F79EFBC}") = "Task 13 while", "Task 13 while\Task 13 while.csproj", "{9E72E373-C904-4F81-994C-A0910356272A}"
EndProject
Project("{FAE04EC0-301F-11D3-BF4B-00C04F79EFBC}") = "sons ages", "sons ages\sons ages.csproj", "{29B8D5B0-5E97-4901-ACB8-E60567509A2C}"
EndProject
Project("{FAE04EC0-301F-11D3-BF4B-00C04F79EFBC}") = "romb", "romb\romb.csproj", "{DDE978DF-456B-4D24-8B9D-001BC015F889}"
EndProject
Project("{FAE04EC0-301F-11D3-BF4B-00C04F79EFBC}") = "Task 14 while", "Task 14 while\Task 14 while.csproj", "{25A23D03-9850-4842-B8E7-C5CDDFCEC957}"
EndProject
Project("{FAE04EC0-301F-11D3-BF4B-00C04F79EFBC}") = "Task 15", "Task 15\Task 15.csproj", "{74D96088-6105-49D9-B7AD-9735623F0C99}"
EndProject
Project("{FAE04EC0-301F-11D3-BF4B-00C04F79EFBC}") = "Task 16 Methods", "Task 16 Methods\Task 16 Methods.csproj", "{C791DE60-80CE-45F8-880F-BA7702F29C44}"
EndProject
Project("{FAE04EC0-301F-11D3-BF4B-00C04F79EFBC}") = "Task 17", "Task 17\Task 17.csproj", "{144C4FF7-6699-41D9-B422-657C778481E7}"
EndProject
Project("{FAE04EC0-301F-11D3-BF4B-00C04F79EFBC}") = "Task 18", "Task 18\Task 18.csproj", "{3C830A27-6F37-42DC-9606-BCCF9C97DD5C}"
EndProject
Project("{FAE04EC0-301F-11D3-BF4B-00C04F79EFBC}") = "Task 19 Methods", "Task 19 Methods\Task 19 Methods.csproj", "{978D7DB9-F35E-491B-A454-FE9CDDCDA2C4}"
EndProject
Project("{FAE04EC0-301F-11D3-BF4B-00C04F79EFBC}") = "Task 20 Methods", "Task 20 Methods\Task 20 Methods.csproj", "{6BA302C7-175F-4322-8769-50360F6D64E3}"
EndProject
Project("{FAE04EC0-301F-11D3-BF4B-00C04F79EFBC}") = "Task 21", "Task 21\Task 21.csproj", "{3945C672-4074-40B9-8FA2-73C3FCD5C260}"
EndProject
Project("{FAE04EC0-301F-11D3-BF4B-00C04F79EFBC}") = "Task 22", "Task 22\Task 22.csproj", "{9B2FD645-1BE2-44DE-A17C-5C6A1E919C0A}"
EndProject
Project("{FAE04EC0-301F-11D3-BF4B-00C04F79EFBC}") = "Task 23 Methods", "Task 23 Methods\Task 23 Methods.csproj", "{8AECF4EA-DE7D-44A7-89A4-C52CA265848A}"
EndProject
Project("{FAE04EC0-301F-11D3-BF4B-00C04F79EFBC}") = "Task 24 Methods", "Task 24 Methods\Task 24 Methods.csproj", "{EEBFA5F6-4EEA-46B0-BB4E-8E8A60FFE575}"
EndProject
Project("{FAE04EC0-301F-11D3-BF4B-00C04F79EFBC}") = "Task 25", "Task 25\Task 25.csproj", "{BCD4A01F-25BE-43AE-8D50-7EE9FFE77382}"
EndProject
Project("{FAE04EC0-301F-11D3-BF4B-00C04F79EFBC}") = "Task 26", "Task 26\Task 26.csproj", "{A191D204-6E9E-4EB1-AE19-CF130815A43F}"
EndProject
Project("{FAE04EC0-301F-11D3-BF4B-00C04F79EFBC}") = "Recursiv factorial", "Recursiv\Recursiv factorial.csproj", "{1A07491C-CE91-429D-9127-871062DD91D3}"
EndProject
Project("{FAE04EC0-301F-11D3-BF4B-00C04F79EFBC}") = "Fibonacci Recursiv", "Fibonacci Recursiv\Fibonacci Recursiv.csproj", "{4268A111-A0F1-4783-849F-3C3DA8FB610A}"
EndProject
Project("{FAE04EC0-301F-11D3-BF4B-00C04F79EFBC}") = "sum recursive", "sum recursive\sum recursive.csproj", "{5AB94C1C-F2C6-4534-8E60-4D2837A9B570}"
EndProject
Project("{FAE04EC0-301F-11D3-BF4B-00C04F79EFBC}") = "Number Revers", "Number Revers\Number Revers.csproj", "{550FCF2C-1AF0-4BF2-A72F-48CF06E98D0A}"
EndProject
Project("{FAE04EC0-301F-11D3-BF4B-00C04F79EFBC}") = "Number Reverse Recursiv", "Number Reverse Recursiv\Number Reverse Recursiv.csproj", "{3CDD8F74-2D0A-46BA-B1EB-7564A35E7C2C}"
EndProject
Project("{FAE04EC0-301F-11D3-BF4B-00C04F79EFBC}") = "Number Revers Array", "Number Revers Array\Number Revers Array.csproj", "{6546777B-42AF-4693-B442-B152EB719AE4}"
EndProject
Project("{FAE04EC0-301F-11D3-BF4B-00C04F79EFBC}") = "Digit Sum", "Digit Sum\Digit Sum.csproj", "{5EE20AD9-32AA-493C-A66C-BE1DCBF5772A}"
EndProject
Project("{FAE04EC0-301F-11D3-BF4B-00C04F79EFBC}") = "Task 29 Array", "Task 29 Array\Task 29 Array.csproj", "{96AB0AD0-B42F-48E1-A9C9-117D1CD57E60}"
EndProject
Project("{FAE04EC0-301F-11D3-BF4B-00C04F79EFBC}") = "Task 30 Array", "Task 30 Array\Task 30 Array.csproj", "{A7544BBB-7061-4E37-BF97-84E5E12815E8}"
EndProject
Global
	GlobalSection(SolutionConfigurationPlatforms) = preSolution
		Debug|Any CPU = Debug|Any CPU
		Release|Any CPU = Release|Any CPU
	EndGlobalSection
	GlobalSection(ProjectConfigurationPlatforms) = postSolution
		{959A14C1-FBC6-4BDB-9A25-87DB204B8A6F}.Debug|Any CPU.ActiveCfg = Debug|Any CPU
		{959A14C1-FBC6-4BDB-9A25-87DB204B8A6F}.Debug|Any CPU.Build.0 = Debug|Any CPU
		{959A14C1-FBC6-4BDB-9A25-87DB204B8A6F}.Release|Any CPU.ActiveCfg = Release|Any CPU
		{959A14C1-FBC6-4BDB-9A25-87DB204B8A6F}.Release|Any CPU.Build.0 = Release|Any CPU
		{23726D29-E1D8-46E8-B31E-770B0A34630B}.Debug|Any CPU.ActiveCfg = Debug|Any CPU
		{23726D29-E1D8-46E8-B31E-770B0A34630B}.Debug|Any CPU.Build.0 = Debug|Any CPU
		{23726D29-E1D8-46E8-B31E-770B0A34630B}.Release|Any CPU.ActiveCfg = Release|Any CPU
		{23726D29-E1D8-46E8-B31E-770B0A34630B}.Release|Any CPU.Build.0 = Release|Any CPU
		{7F5509AD-8E03-4BBB-9C40-AFBB40BCDDF9}.Debug|Any CPU.ActiveCfg = Debug|Any CPU
		{7F5509AD-8E03-4BBB-9C40-AFBB40BCDDF9}.Debug|Any CPU.Build.0 = Debug|Any CPU
		{7F5509AD-8E03-4BBB-9C40-AFBB40BCDDF9}.Release|Any CPU.ActiveCfg = Release|Any CPU
		{7F5509AD-8E03-4BBB-9C40-AFBB40BCDDF9}.Release|Any CPU.Build.0 = Release|Any CPU
		{13727BD1-810B-4843-A872-71145925B111}.Debug|Any CPU.ActiveCfg = Debug|Any CPU
		{13727BD1-810B-4843-A872-71145925B111}.Debug|Any CPU.Build.0 = Debug|Any CPU
		{13727BD1-810B-4843-A872-71145925B111}.Release|Any CPU.ActiveCfg = Release|Any CPU
		{13727BD1-810B-4843-A872-71145925B111}.Release|Any CPU.Build.0 = Release|Any CPU
		{E9599E89-2B67-4AB8-9A91-CCE3001B0698}.Debug|Any CPU.ActiveCfg = Debug|Any CPU
		{E9599E89-2B67-4AB8-9A91-CCE3001B0698}.Debug|Any CPU.Build.0 = Debug|Any CPU
		{E9599E89-2B67-4AB8-9A91-CCE3001B0698}.Release|Any CPU.ActiveCfg = Release|Any CPU
		{E9599E89-2B67-4AB8-9A91-CCE3001B0698}.Release|Any CPU.Build.0 = Release|Any CPU
		{1359B3BA-22B6-46A7-BBAC-641EAF055C1D}.Debug|Any CPU.ActiveCfg = Debug|Any CPU
		{1359B3BA-22B6-46A7-BBAC-641EAF055C1D}.Debug|Any CPU.Build.0 = Debug|Any CPU
		{1359B3BA-22B6-46A7-BBAC-641EAF055C1D}.Release|Any CPU.ActiveCfg = Release|Any CPU
		{1359B3BA-22B6-46A7-BBAC-641EAF055C1D}.Release|Any CPU.Build.0 = Release|Any CPU
		{A196A763-7A68-43D3-AA8D-EE25AA1E9C76}.Debug|Any CPU.ActiveCfg = Debug|Any CPU
		{A196A763-7A68-43D3-AA8D-EE25AA1E9C76}.Debug|Any CPU.Build.0 = Debug|Any CPU
		{A196A763-7A68-43D3-AA8D-EE25AA1E9C76}.Release|Any CPU.ActiveCfg = Release|Any CPU
		{A196A763-7A68-43D3-AA8D-EE25AA1E9C76}.Release|Any CPU.Build.0 = Release|Any CPU
		{4AEF42D9-40CB-437B-B3F0-26969023B7F5}.Debug|Any CPU.ActiveCfg = Debug|Any CPU
		{4AEF42D9-40CB-437B-B3F0-26969023B7F5}.Debug|Any CPU.Build.0 = Debug|Any CPU
		{4AEF42D9-40CB-437B-B3F0-26969023B7F5}.Release|Any CPU.ActiveCfg = Release|Any CPU
		{4AEF42D9-40CB-437B-B3F0-26969023B7F5}.Release|Any CPU.Build.0 = Release|Any CPU
		{CDBE8394-89A8-41E5-A0AF-4841B23C4973}.Debug|Any CPU.ActiveCfg = Debug|Any CPU
		{CDBE8394-89A8-41E5-A0AF-4841B23C4973}.Debug|Any CPU.Build.0 = Debug|Any CPU
		{CDBE8394-89A8-41E5-A0AF-4841B23C4973}.Release|Any CPU.ActiveCfg = Release|Any CPU
		{CDBE8394-89A8-41E5-A0AF-4841B23C4973}.Release|Any CPU.Build.0 = Release|Any CPU
		{BC16776E-24D0-4D0C-A0B5-D1CF1C154B90}.Debug|Any CPU.ActiveCfg = Debug|Any CPU
		{BC16776E-24D0-4D0C-A0B5-D1CF1C154B90}.Debug|Any CPU.Build.0 = Debug|Any CPU
		{BC16776E-24D0-4D0C-A0B5-D1CF1C154B90}.Release|Any CPU.ActiveCfg = Release|Any CPU
		{BC16776E-24D0-4D0C-A0B5-D1CF1C154B90}.Release|Any CPU.Build.0 = Release|Any CPU
		{D9569F00-9908-4F94-A220-3BE3E0AEEB4B}.Debug|Any CPU.ActiveCfg = Debug|Any CPU
		{D9569F00-9908-4F94-A220-3BE3E0AEEB4B}.Debug|Any CPU.Build.0 = Debug|Any CPU
		{D9569F00-9908-4F94-A220-3BE3E0AEEB4B}.Release|Any CPU.ActiveCfg = Release|Any CPU
		{D9569F00-9908-4F94-A220-3BE3E0AEEB4B}.Release|Any CPU.Build.0 = Release|Any CPU
		{1DABBA5C-F6F3-4CA9-93FB-24A2BF20980A}.Debug|Any CPU.ActiveCfg = Debug|Any CPU
		{1DABBA5C-F6F3-4CA9-93FB-24A2BF20980A}.Debug|Any CPU.Build.0 = Debug|Any CPU
		{1DABBA5C-F6F3-4CA9-93FB-24A2BF20980A}.Release|Any CPU.ActiveCfg = Release|Any CPU
		{1DABBA5C-F6F3-4CA9-93FB-24A2BF20980A}.Release|Any CPU.Build.0 = Release|Any CPU
		{DF83047E-01FA-453A-8FDC-582FE9FB4F8B}.Debug|Any CPU.ActiveCfg = Debug|Any CPU
		{DF83047E-01FA-453A-8FDC-582FE9FB4F8B}.Debug|Any CPU.Build.0 = Debug|Any CPU
		{DF83047E-01FA-453A-8FDC-582FE9FB4F8B}.Release|Any CPU.ActiveCfg = Release|Any CPU
		{DF83047E-01FA-453A-8FDC-582FE9FB4F8B}.Release|Any CPU.Build.0 = Release|Any CPU
		{82D2444E-5AC0-45F9-9A2D-16AE27BC762F}.Debug|Any CPU.ActiveCfg = Debug|Any CPU
		{82D2444E-5AC0-45F9-9A2D-16AE27BC762F}.Debug|Any CPU.Build.0 = Debug|Any CPU
		{82D2444E-5AC0-45F9-9A2D-16AE27BC762F}.Release|Any CPU.ActiveCfg = Release|Any CPU
		{82D2444E-5AC0-45F9-9A2D-16AE27BC762F}.Release|Any CPU.Build.0 = Release|Any CPU
		{D978FA02-75B8-4E5D-A8E0-B9560D91295E}.Debug|Any CPU.ActiveCfg = Debug|Any CPU
		{D978FA02-75B8-4E5D-A8E0-B9560D91295E}.Debug|Any CPU.Build.0 = Debug|Any CPU
		{D978FA02-75B8-4E5D-A8E0-B9560D91295E}.Release|Any CPU.ActiveCfg = Release|Any CPU
		{D978FA02-75B8-4E5D-A8E0-B9560D91295E}.Release|Any CPU.Build.0 = Release|Any CPU
		{4D26B5D9-59FB-43C1-8568-277FADE7A36C}.Debug|Any CPU.ActiveCfg = Debug|Any CPU
		{4D26B5D9-59FB-43C1-8568-277FADE7A36C}.Debug|Any CPU.Build.0 = Debug|Any CPU
		{4D26B5D9-59FB-43C1-8568-277FADE7A36C}.Release|Any CPU.ActiveCfg = Release|Any CPU
		{4D26B5D9-59FB-43C1-8568-277FADE7A36C}.Release|Any CPU.Build.0 = Release|Any CPU
		{2AF8DFAD-E6EC-462B-AE87-120CDEF0B491}.Debug|Any CPU.ActiveCfg = Debug|Any CPU
		{2AF8DFAD-E6EC-462B-AE87-120CDEF0B491}.Debug|Any CPU.Build.0 = Debug|Any CPU
		{2AF8DFAD-E6EC-462B-AE87-120CDEF0B491}.Release|Any CPU.ActiveCfg = Release|Any CPU
		{2AF8DFAD-E6EC-462B-AE87-120CDEF0B491}.Release|Any CPU.Build.0 = Release|Any CPU
		{6002554E-E63D-4A5D-841B-E5752FD3EED0}.Debug|Any CPU.ActiveCfg = Debug|Any CPU
		{6002554E-E63D-4A5D-841B-E5752FD3EED0}.Debug|Any CPU.Build.0 = Debug|Any CPU
		{6002554E-E63D-4A5D-841B-E5752FD3EED0}.Release|Any CPU.ActiveCfg = Release|Any CPU
		{6002554E-E63D-4A5D-841B-E5752FD3EED0}.Release|Any CPU.Build.0 = Release|Any CPU
		{1AD5A663-3B3B-40F6-AC37-E0C6BC0DA389}.Debug|Any CPU.ActiveCfg = Debug|Any CPU
		{1AD5A663-3B3B-40F6-AC37-E0C6BC0DA389}.Debug|Any CPU.Build.0 = Debug|Any CPU
		{1AD5A663-3B3B-40F6-AC37-E0C6BC0DA389}.Release|Any CPU.ActiveCfg = Release|Any CPU
		{1AD5A663-3B3B-40F6-AC37-E0C6BC0DA389}.Release|Any CPU.Build.0 = Release|Any CPU
		{ACA5ED24-9587-49AE-8EA8-06CD48AB8B43}.Debug|Any CPU.ActiveCfg = Debug|Any CPU
		{ACA5ED24-9587-49AE-8EA8-06CD48AB8B43}.Debug|Any CPU.Build.0 = Debug|Any CPU
		{ACA5ED24-9587-49AE-8EA8-06CD48AB8B43}.Release|Any CPU.ActiveCfg = Release|Any CPU
		{ACA5ED24-9587-49AE-8EA8-06CD48AB8B43}.Release|Any CPU.Build.0 = Release|Any CPU
		{EAC29954-A0AF-4029-9C6F-2E6B78DF573C}.Debug|Any CPU.ActiveCfg = Debug|Any CPU
		{EAC29954-A0AF-4029-9C6F-2E6B78DF573C}.Debug|Any CPU.Build.0 = Debug|Any CPU
		{EAC29954-A0AF-4029-9C6F-2E6B78DF573C}.Release|Any CPU.ActiveCfg = Release|Any CPU
		{EAC29954-A0AF-4029-9C6F-2E6B78DF573C}.Release|Any CPU.Build.0 = Release|Any CPU
		{1C0F395C-40C9-4D7C-8E7A-887A3B86BB06}.Debug|Any CPU.ActiveCfg = Debug|Any CPU
		{1C0F395C-40C9-4D7C-8E7A-887A3B86BB06}.Debug|Any CPU.Build.0 = Debug|Any CPU
		{1C0F395C-40C9-4D7C-8E7A-887A3B86BB06}.Release|Any CPU.ActiveCfg = Release|Any CPU
		{1C0F395C-40C9-4D7C-8E7A-887A3B86BB06}.Release|Any CPU.Build.0 = Release|Any CPU
		{F6D9DF1D-8E6A-4542-91CD-6C5750ECD1A4}.Debug|Any CPU.ActiveCfg = Debug|Any CPU
		{F6D9DF1D-8E6A-4542-91CD-6C5750ECD1A4}.Debug|Any CPU.Build.0 = Debug|Any CPU
		{F6D9DF1D-8E6A-4542-91CD-6C5750ECD1A4}.Release|Any CPU.ActiveCfg = Release|Any CPU
		{F6D9DF1D-8E6A-4542-91CD-6C5750ECD1A4}.Release|Any CPU.Build.0 = Release|Any CPU
		{C80521B6-944A-4F39-93C3-6800EBB0D4F1}.Debug|Any CPU.ActiveCfg = Debug|Any CPU
		{C80521B6-944A-4F39-93C3-6800EBB0D4F1}.Debug|Any CPU.Build.0 = Debug|Any CPU
		{C80521B6-944A-4F39-93C3-6800EBB0D4F1}.Release|Any CPU.ActiveCfg = Release|Any CPU
		{C80521B6-944A-4F39-93C3-6800EBB0D4F1}.Release|Any CPU.Build.0 = Release|Any CPU
		{7EF53466-2628-48C4-830E-5E0171EE77BA}.Debug|Any CPU.ActiveCfg = Debug|Any CPU
		{7EF53466-2628-48C4-830E-5E0171EE77BA}.Debug|Any CPU.Build.0 = Debug|Any CPU
		{7EF53466-2628-48C4-830E-5E0171EE77BA}.Release|Any CPU.ActiveCfg = Release|Any CPU
		{7EF53466-2628-48C4-830E-5E0171EE77BA}.Release|Any CPU.Build.0 = Release|Any CPU
		{F91415E8-D516-4B49-B6DB-3AC4157A8D59}.Debug|Any CPU.ActiveCfg = Debug|Any CPU
		{F91415E8-D516-4B49-B6DB-3AC4157A8D59}.Debug|Any CPU.Build.0 = Debug|Any CPU
		{F91415E8-D516-4B49-B6DB-3AC4157A8D59}.Release|Any CPU.ActiveCfg = Release|Any CPU
		{F91415E8-D516-4B49-B6DB-3AC4157A8D59}.Release|Any CPU.Build.0 = Release|Any CPU
		{648DFFE9-686C-4C3E-BE0C-3014B3212427}.Debug|Any CPU.ActiveCfg = Debug|Any CPU
		{648DFFE9-686C-4C3E-BE0C-3014B3212427}.Debug|Any CPU.Build.0 = Debug|Any CPU
		{648DFFE9-686C-4C3E-BE0C-3014B3212427}.Release|Any CPU.ActiveCfg = Release|Any CPU
		{648DFFE9-686C-4C3E-BE0C-3014B3212427}.Release|Any CPU.Build.0 = Release|Any CPU
		{5AF9FF65-8293-45FB-9636-52D2B0E71EB0}.Debug|Any CPU.ActiveCfg = Debug|Any CPU
		{5AF9FF65-8293-45FB-9636-52D2B0E71EB0}.Debug|Any CPU.Build.0 = Debug|Any CPU
		{5AF9FF65-8293-45FB-9636-52D2B0E71EB0}.Release|Any CPU.ActiveCfg = Release|Any CPU
		{5AF9FF65-8293-45FB-9636-52D2B0E71EB0}.Release|Any CPU.Build.0 = Release|Any CPU
		{EBB2864A-FA40-49D2-B7C9-61B2563A4AD7}.Debug|Any CPU.ActiveCfg = Debug|Any CPU
		{EBB2864A-FA40-49D2-B7C9-61B2563A4AD7}.Debug|Any CPU.Build.0 = Debug|Any CPU
		{EBB2864A-FA40-49D2-B7C9-61B2563A4AD7}.Release|Any CPU.ActiveCfg = Release|Any CPU
		{EBB2864A-FA40-49D2-B7C9-61B2563A4AD7}.Release|Any CPU.Build.0 = Release|Any CPU
		{4C090D7B-99D0-4191-9A6C-DC96B79A6924}.Debug|Any CPU.ActiveCfg = Debug|Any CPU
		{4C090D7B-99D0-4191-9A6C-DC96B79A6924}.Debug|Any CPU.Build.0 = Debug|Any CPU
		{4C090D7B-99D0-4191-9A6C-DC96B79A6924}.Release|Any CPU.ActiveCfg = Release|Any CPU
		{4C090D7B-99D0-4191-9A6C-DC96B79A6924}.Release|Any CPU.Build.0 = Release|Any CPU
		{DD390DC5-C84B-45BE-9359-46D662A95FCC}.Debug|Any CPU.ActiveCfg = Debug|Any CPU
		{DD390DC5-C84B-45BE-9359-46D662A95FCC}.Debug|Any CPU.Build.0 = Debug|Any CPU
		{DD390DC5-C84B-45BE-9359-46D662A95FCC}.Release|Any CPU.ActiveCfg = Release|Any CPU
		{DD390DC5-C84B-45BE-9359-46D662A95FCC}.Release|Any CPU.Build.0 = Release|Any CPU
		{4ECAA5A1-B36F-44CA-A283-4174942D00A5}.Debug|Any CPU.ActiveCfg = Debug|Any CPU
		{4ECAA5A1-B36F-44CA-A283-4174942D00A5}.Debug|Any CPU.Build.0 = Debug|Any CPU
		{4ECAA5A1-B36F-44CA-A283-4174942D00A5}.Release|Any CPU.ActiveCfg = Release|Any CPU
		{4ECAA5A1-B36F-44CA-A283-4174942D00A5}.Release|Any CPU.Build.0 = Release|Any CPU
		{9E72E373-C904-4F81-994C-A0910356272A}.Debug|Any CPU.ActiveCfg = Debug|Any CPU
		{9E72E373-C904-4F81-994C-A0910356272A}.Debug|Any CPU.Build.0 = Debug|Any CPU
		{9E72E373-C904-4F81-994C-A0910356272A}.Release|Any CPU.ActiveCfg = Release|Any CPU
		{9E72E373-C904-4F81-994C-A0910356272A}.Release|Any CPU.Build.0 = Release|Any CPU
		{29B8D5B0-5E97-4901-ACB8-E60567509A2C}.Debug|Any CPU.ActiveCfg = Debug|Any CPU
		{29B8D5B0-5E97-4901-ACB8-E60567509A2C}.Debug|Any CPU.Build.0 = Debug|Any CPU
		{29B8D5B0-5E97-4901-ACB8-E60567509A2C}.Release|Any CPU.ActiveCfg = Release|Any CPU
		{29B8D5B0-5E97-4901-ACB8-E60567509A2C}.Release|Any CPU.Build.0 = Release|Any CPU
		{DDE978DF-456B-4D24-8B9D-001BC015F889}.Debug|Any CPU.ActiveCfg = Debug|Any CPU
		{DDE978DF-456B-4D24-8B9D-001BC015F889}.Debug|Any CPU.Build.0 = Debug|Any CPU
		{DDE978DF-456B-4D24-8B9D-001BC015F889}.Release|Any CPU.ActiveCfg = Release|Any CPU
		{DDE978DF-456B-4D24-8B9D-001BC015F889}.Release|Any CPU.Build.0 = Release|Any CPU
		{25A23D03-9850-4842-B8E7-C5CDDFCEC957}.Debug|Any CPU.ActiveCfg = Debug|Any CPU
		{25A23D03-9850-4842-B8E7-C5CDDFCEC957}.Debug|Any CPU.Build.0 = Debug|Any CPU
		{25A23D03-9850-4842-B8E7-C5CDDFCEC957}.Release|Any CPU.ActiveCfg = Release|Any CPU
		{25A23D03-9850-4842-B8E7-C5CDDFCEC957}.Release|Any CPU.Build.0 = Release|Any CPU
		{74D96088-6105-49D9-B7AD-9735623F0C99}.Debug|Any CPU.ActiveCfg = Debug|Any CPU
		{74D96088-6105-49D9-B7AD-9735623F0C99}.Debug|Any CPU.Build.0 = Debug|Any CPU
		{74D96088-6105-49D9-B7AD-9735623F0C99}.Release|Any CPU.ActiveCfg = Release|Any CPU
		{74D96088-6105-49D9-B7AD-9735623F0C99}.Release|Any CPU.Build.0 = Release|Any CPU
		{C791DE60-80CE-45F8-880F-BA7702F29C44}.Debug|Any CPU.ActiveCfg = Debug|Any CPU
		{C791DE60-80CE-45F8-880F-BA7702F29C44}.Debug|Any CPU.Build.0 = Debug|Any CPU
		{C791DE60-80CE-45F8-880F-BA7702F29C44}.Release|Any CPU.ActiveCfg = Release|Any CPU
		{C791DE60-80CE-45F8-880F-BA7702F29C44}.Release|Any CPU.Build.0 = Release|Any CPU
		{144C4FF7-6699-41D9-B422-657C778481E7}.Debug|Any CPU.ActiveCfg = Debug|Any CPU
		{144C4FF7-6699-41D9-B422-657C778481E7}.Debug|Any CPU.Build.0 = Debug|Any CPU
		{144C4FF7-6699-41D9-B422-657C778481E7}.Release|Any CPU.ActiveCfg = Release|Any CPU
		{144C4FF7-6699-41D9-B422-657C778481E7}.Release|Any CPU.Build.0 = Release|Any CPU
		{3C830A27-6F37-42DC-9606-BCCF9C97DD5C}.Debug|Any CPU.ActiveCfg = Debug|Any CPU
		{3C830A27-6F37-42DC-9606-BCCF9C97DD5C}.Debug|Any CPU.Build.0 = Debug|Any CPU
		{3C830A27-6F37-42DC-9606-BCCF9C97DD5C}.Release|Any CPU.ActiveCfg = Release|Any CPU
		{3C830A27-6F37-42DC-9606-BCCF9C97DD5C}.Release|Any CPU.Build.0 = Release|Any CPU
		{978D7DB9-F35E-491B-A454-FE9CDDCDA2C4}.Debug|Any CPU.ActiveCfg = Debug|Any CPU
		{978D7DB9-F35E-491B-A454-FE9CDDCDA2C4}.Debug|Any CPU.Build.0 = Debug|Any CPU
		{978D7DB9-F35E-491B-A454-FE9CDDCDA2C4}.Release|Any CPU.ActiveCfg = Release|Any CPU
		{978D7DB9-F35E-491B-A454-FE9CDDCDA2C4}.Release|Any CPU.Build.0 = Release|Any CPU
		{6BA302C7-175F-4322-8769-50360F6D64E3}.Debug|Any CPU.ActiveCfg = Debug|Any CPU
		{6BA302C7-175F-4322-8769-50360F6D64E3}.Debug|Any CPU.Build.0 = Debug|Any CPU
		{6BA302C7-175F-4322-8769-50360F6D64E3}.Release|Any CPU.ActiveCfg = Release|Any CPU
		{6BA302C7-175F-4322-8769-50360F6D64E3}.Release|Any CPU.Build.0 = Release|Any CPU
		{3945C672-4074-40B9-8FA2-73C3FCD5C260}.Debug|Any CPU.ActiveCfg = Debug|Any CPU
		{3945C672-4074-40B9-8FA2-73C3FCD5C260}.Debug|Any CPU.Build.0 = Debug|Any CPU
		{3945C672-4074-40B9-8FA2-73C3FCD5C260}.Release|Any CPU.ActiveCfg = Release|Any CPU
		{3945C672-4074-40B9-8FA2-73C3FCD5C260}.Release|Any CPU.Build.0 = Release|Any CPU
		{9B2FD645-1BE2-44DE-A17C-5C6A1E919C0A}.Debug|Any CPU.ActiveCfg = Debug|Any CPU
		{9B2FD645-1BE2-44DE-A17C-5C6A1E919C0A}.Debug|Any CPU.Build.0 = Debug|Any CPU
		{9B2FD645-1BE2-44DE-A17C-5C6A1E919C0A}.Release|Any CPU.ActiveCfg = Release|Any CPU
		{9B2FD645-1BE2-44DE-A17C-5C6A1E919C0A}.Release|Any CPU.Build.0 = Release|Any CPU
		{8AECF4EA-DE7D-44A7-89A4-C52CA265848A}.Debug|Any CPU.ActiveCfg = Debug|Any CPU
		{8AECF4EA-DE7D-44A7-89A4-C52CA265848A}.Debug|Any CPU.Build.0 = Debug|Any CPU
		{8AECF4EA-DE7D-44A7-89A4-C52CA265848A}.Release|Any CPU.ActiveCfg = Release|Any CPU
		{8AECF4EA-DE7D-44A7-89A4-C52CA265848A}.Release|Any CPU.Build.0 = Release|Any CPU
		{EEBFA5F6-4EEA-46B0-BB4E-8E8A60FFE575}.Debug|Any CPU.ActiveCfg = Debug|Any CPU
		{EEBFA5F6-4EEA-46B0-BB4E-8E8A60FFE575}.Debug|Any CPU.Build.0 = Debug|Any CPU
		{EEBFA5F6-4EEA-46B0-BB4E-8E8A60FFE575}.Release|Any CPU.ActiveCfg = Release|Any CPU
		{EEBFA5F6-4EEA-46B0-BB4E-8E8A60FFE575}.Release|Any CPU.Build.0 = Release|Any CPU
		{BCD4A01F-25BE-43AE-8D50-7EE9FFE77382}.Debug|Any CPU.ActiveCfg = Debug|Any CPU
		{BCD4A01F-25BE-43AE-8D50-7EE9FFE77382}.Debug|Any CPU.Build.0 = Debug|Any CPU
		{BCD4A01F-25BE-43AE-8D50-7EE9FFE77382}.Release|Any CPU.ActiveCfg = Release|Any CPU
		{BCD4A01F-25BE-43AE-8D50-7EE9FFE77382}.Release|Any CPU.Build.0 = Release|Any CPU
		{A191D204-6E9E-4EB1-AE19-CF130815A43F}.Debug|Any CPU.ActiveCfg = Debug|Any CPU
		{A191D204-6E9E-4EB1-AE19-CF130815A43F}.Debug|Any CPU.Build.0 = Debug|Any CPU
		{A191D204-6E9E-4EB1-AE19-CF130815A43F}.Release|Any CPU.ActiveCfg = Release|Any CPU
		{A191D204-6E9E-4EB1-AE19-CF130815A43F}.Release|Any CPU.Build.0 = Release|Any CPU
		{1A07491C-CE91-429D-9127-871062DD91D3}.Debug|Any CPU.ActiveCfg = Debug|Any CPU
		{1A07491C-CE91-429D-9127-871062DD91D3}.Debug|Any CPU.Build.0 = Debug|Any CPU
		{1A07491C-CE91-429D-9127-871062DD91D3}.Release|Any CPU.ActiveCfg = Release|Any CPU
		{1A07491C-CE91-429D-9127-871062DD91D3}.Release|Any CPU.Build.0 = Release|Any CPU
		{4268A111-A0F1-4783-849F-3C3DA8FB610A}.Debug|Any CPU.ActiveCfg = Debug|Any CPU
		{4268A111-A0F1-4783-849F-3C3DA8FB610A}.Debug|Any CPU.Build.0 = Debug|Any CPU
		{4268A111-A0F1-4783-849F-3C3DA8FB610A}.Release|Any CPU.ActiveCfg = Release|Any CPU
		{4268A111-A0F1-4783-849F-3C3DA8FB610A}.Release|Any CPU.Build.0 = Release|Any CPU
		{5AB94C1C-F2C6-4534-8E60-4D2837A9B570}.Debug|Any CPU.ActiveCfg = Debug|Any CPU
		{5AB94C1C-F2C6-4534-8E60-4D2837A9B570}.Debug|Any CPU.Build.0 = Debug|Any CPU
		{5AB94C1C-F2C6-4534-8E60-4D2837A9B570}.Release|Any CPU.ActiveCfg = Release|Any CPU
		{5AB94C1C-F2C6-4534-8E60-4D2837A9B570}.Release|Any CPU.Build.0 = Release|Any CPU
		{550FCF2C-1AF0-4BF2-A72F-48CF06E98D0A}.Debug|Any CPU.ActiveCfg = Debug|Any CPU
		{550FCF2C-1AF0-4BF2-A72F-48CF06E98D0A}.Debug|Any CPU.Build.0 = Debug|Any CPU
		{550FCF2C-1AF0-4BF2-A72F-48CF06E98D0A}.Release|Any CPU.ActiveCfg = Release|Any CPU
		{550FCF2C-1AF0-4BF2-A72F-48CF06E98D0A}.Release|Any CPU.Build.0 = Release|Any CPU
		{3CDD8F74-2D0A-46BA-B1EB-7564A35E7C2C}.Debug|Any CPU.ActiveCfg = Debug|Any CPU
		{3CDD8F74-2D0A-46BA-B1EB-7564A35E7C2C}.Debug|Any CPU.Build.0 = Debug|Any CPU
		{3CDD8F74-2D0A-46BA-B1EB-7564A35E7C2C}.Release|Any CPU.ActiveCfg = Release|Any CPU
		{3CDD8F74-2D0A-46BA-B1EB-7564A35E7C2C}.Release|Any CPU.Build.0 = Release|Any CPU
		{6546777B-42AF-4693-B442-B152EB719AE4}.Debug|Any CPU.ActiveCfg = Debug|Any CPU
		{6546777B-42AF-4693-B442-B152EB719AE4}.Debug|Any CPU.Build.0 = Debug|Any CPU
		{6546777B-42AF-4693-B442-B152EB719AE4}.Release|Any CPU.ActiveCfg = Release|Any CPU
		{6546777B-42AF-4693-B442-B152EB719AE4}.Release|Any CPU.Build.0 = Release|Any CPU
		{5EE20AD9-32AA-493C-A66C-BE1DCBF5772A}.Debug|Any CPU.ActiveCfg = Debug|Any CPU
		{5EE20AD9-32AA-493C-A66C-BE1DCBF5772A}.Debug|Any CPU.Build.0 = Debug|Any CPU
		{5EE20AD9-32AA-493C-A66C-BE1DCBF5772A}.Release|Any CPU.ActiveCfg = Release|Any CPU
		{5EE20AD9-32AA-493C-A66C-BE1DCBF5772A}.Release|Any CPU.Build.0 = Release|Any CPU
		{96AB0AD0-B42F-48E1-A9C9-117D1CD57E60}.Debug|Any CPU.ActiveCfg = Debug|Any CPU
		{96AB0AD0-B42F-48E1-A9C9-117D1CD57E60}.Debug|Any CPU.Build.0 = Debug|Any CPU
		{96AB0AD0-B42F-48E1-A9C9-117D1CD57E60}.Release|Any CPU.ActiveCfg = Release|Any CPU
		{96AB0AD0-B42F-48E1-A9C9-117D1CD57E60}.Release|Any CPU.Build.0 = Release|Any CPU
		{A7544BBB-7061-4E37-BF97-84E5E12815E8}.Debug|Any CPU.ActiveCfg = Debug|Any CPU
		{A7544BBB-7061-4E37-BF97-84E5E12815E8}.Debug|Any CPU.Build.0 = Debug|Any CPU
		{A7544BBB-7061-4E37-BF97-84E5E12815E8}.Release|Any CPU.ActiveCfg = Release|Any CPU
		{A7544BBB-7061-4E37-BF97-84E5E12815E8}.Release|Any CPU.Build.0 = Release|Any CPU
	EndGlobalSection
	GlobalSection(SolutionProperties) = preSolution
		HideSolutionNode = FALSE
	EndGlobalSection
	GlobalSection(ExtensibilityGlobals) = postSolution
		SolutionGuid = {7ED6A744-325A-47BB-B348-3AA95BCBF716}
	EndGlobalSection
EndGlobal
