
Microsoft Visual Studio Solution File, Format Version 12.00
# Visual Studio 15
VisualStudioVersion = 15.0.28010.2036
MinimumVisualStudioVersion = 10.0.40219.1
Project("{FAE04EC0-301F-11D3-BF4B-00C04F79EFBC}") = "ITVDN Homeworks", "ITVDN Homeworks\ITVDN Homeworks.csproj", "{36B5E48F-0017-4BD1-BFB9-C61C8C2F09CA}"
EndProject
Project("{FAE04EC0-301F-11D3-BF4B-00C04F79EFBC}") = "Task 1", "Task 1\Task 1.csproj", "{78039CBA-FE06-4632-9310-CD7929B9B06F}"
EndProject
Project("{FAE04EC0-301F-11D3-BF4B-00C04F79EFBC}") = "Task 2", "Task 2\Task 2.csproj", "{A8043954-0F63-45F1-BF42-064816FF8EE2}"
EndProject
Project("{FAE04EC0-301F-11D3-BF4B-00C04F79EFBC}") = "Task 3", "Task 3\Task 3.csproj", "{5FB744A7-2179-41D8-8482-AB9027E18DD5}"
EndProject
Project("{FAE04EC0-301F-11D3-BF4B-00C04F79EFBC}") = "Task 4", "Task 4\Task 4.csproj", "{07EDDE62-C845-480F-92F4-8EA7B08E92B1}"
EndProject
Project("{FAE04EC0-301F-11D3-BF4B-00C04F79EFBC}") = "Task 5", "Task 5\Task 5.csproj", "{53327B24-EAB1-4D56-8235-88546CEE11C2}"
EndProject
Project("{FAE04EC0-301F-11D3-BF4B-00C04F79EFBC}") = "Task 6", "Task 6\Task 6.csproj", "{361E8C60-8F23-4054-973D-5D4A03D573E1}"
EndProject
Project("{FAE04EC0-301F-11D3-BF4B-00C04F79EFBC}") = "Task 7", "Task 7\Task 7.csproj", "{2D04FAFE-158D-4DBC-9D8E-3DC0F2EA35DD}"
EndProject
Global
	GlobalSection(SolutionConfigurationPlatforms) = preSolution
		Debug|Any CPU = Debug|Any CPU
		Release|Any CPU = Release|Any CPU
	EndGlobalSection
	GlobalSection(ProjectConfigurationPlatforms) = postSolution
		{36B5E48F-0017-4BD1-BFB9-C61C8C2F09CA}.Debug|Any CPU.ActiveCfg = Debug|Any CPU
		{36B5E48F-0017-4BD1-BFB9-C61C8C2F09CA}.Debug|Any CPU.Build.0 = Debug|Any CPU
		{36B5E48F-0017-4BD1-BFB9-C61C8C2F09CA}.Release|Any CPU.ActiveCfg = Release|Any CPU
		{36B5E48F-0017-4BD1-BFB9-C61C8C2F09CA}.Release|Any CPU.Build.0 = Release|Any CPU
		{78039CBA-FE06-4632-9310-CD7929B9B06F}.Debug|Any CPU.ActiveCfg = Debug|Any CPU
		{78039CBA-FE06-4632-9310-CD7929B9B06F}.Debug|Any CPU.Build.0 = Debug|Any CPU
		{78039CBA-FE06-4632-9310-CD7929B9B06F}.Release|Any CPU.ActiveCfg = Release|Any CPU
		{78039CBA-FE06-4632-9310-CD7929B9B06F}.Release|Any CPU.Build.0 = Release|Any CPU
		{A8043954-0F63-45F1-BF42-064816FF8EE2}.Debug|Any CPU.ActiveCfg = Debug|Any CPU
		{A8043954-0F63-45F1-BF42-064816FF8EE2}.Debug|Any CPU.Build.0 = Debug|Any CPU
		{A8043954-0F63-45F1-BF42-064816FF8EE2}.Release|Any CPU.ActiveCfg = Release|Any CPU
		{A8043954-0F63-45F1-BF42-064816FF8EE2}.Release|Any CPU.Build.0 = Release|Any CPU
		{5FB744A7-2179-41D8-8482-AB9027E18DD5}.Debug|Any CPU.ActiveCfg = Debug|Any CPU
		{5FB744A7-2179-41D8-8482-AB9027E18DD5}.Debug|Any CPU.Build.0 = Debug|Any CPU
		{5FB744A7-2179-41D8-8482-AB9027E18DD5}.Release|Any CPU.ActiveCfg = Release|Any CPU
		{5FB744A7-2179-41D8-8482-AB9027E18DD5}.Release|Any CPU.Build.0 = Release|Any CPU
		{07EDDE62-C845-480F-92F4-8EA7B08E92B1}.Debug|Any CPU.ActiveCfg = Debug|Any CPU
		{07EDDE62-C845-480F-92F4-8EA7B08E92B1}.Debug|Any CPU.Build.0 = Debug|Any CPU
		{07EDDE62-C845-480F-92F4-8EA7B08E92B1}.Release|Any CPU.ActiveCfg = Release|Any CPU
		{07EDDE62-C845-480F-92F4-8EA7B08E92B1}.Release|Any CPU.Build.0 = Release|Any CPU
		{53327B24-EAB1-4D56-8235-88546CEE11C2}.Debug|Any CPU.ActiveCfg = Debug|Any CPU
		{53327B24-EAB1-4D56-8235-88546CEE11C2}.Debug|Any CPU.Build.0 = Debug|Any CPU
		{53327B24-EAB1-4D56-8235-88546CEE11C2}.Release|Any CPU.ActiveCfg = Release|Any CPU
		{53327B24-EAB1-4D56-8235-88546CEE11C2}.Release|Any CPU.Build.0 = Release|Any CPU
		{361E8C60-8F23-4054-973D-5D4A03D573E1}.Debug|Any CPU.ActiveCfg = Debug|Any CPU
		{361E8C60-8F23-4054-973D-5D4A03D573E1}.Debug|Any CPU.Build.0 = Debug|Any CPU
		{361E8C60-8F23-4054-973D-5D4A03D573E1}.Release|Any CPU.ActiveCfg = Release|Any CPU
		{361E8C60-8F23-4054-973D-5D4A03D573E1}.Release|Any CPU.Build.0 = Release|Any CPU
		{2D04FAFE-158D-4DBC-9D8E-3DC0F2EA35DD}.Debug|Any CPU.ActiveCfg = Debug|Any CPU
		{2D04FAFE-158D-4DBC-9D8E-3DC0F2EA35DD}.Debug|Any CPU.Build.0 = Debug|Any CPU
		{2D04FAFE-158D-4DBC-9D8E-3DC0F2EA35DD}.Release|Any CPU.ActiveCfg = Release|Any CPU
		{2D04FAFE-158D-4DBC-9D8E-3DC0F2EA35DD}.Release|Any CPU.Build.0 = Release|Any CPU
	EndGlobalSection
	GlobalSection(SolutionProperties) = preSolution
		HideSolutionNode = FALSE
	EndGlobalSection
	GlobalSection(ExtensibilityGlobals) = postSolution
		SolutionGuid = {16C3D250-9EB9-40B9-A4FA-D3110EA54482}
	EndGlobalSection
EndGlobal
