
Microsoft Visual Studio Solution File, Format Version 12.00
# Visual Studio 15
VisualStudioVersion = 15.0.28010.2026
MinimumVisualStudioVersion = 10.0.40219.1
Project("{FAE04EC0-301F-11D3-BF4B-00C04F79EFBC}") = "ConsoleApp1", "ConsoleApp1\ConsoleApp1.csproj", "{1BCC0020-770C-4964-AC19-096BCAC0E58D}"
EndProject
Global
	GlobalSection(SolutionConfigurationPlatforms) = preSolution
		Debug|Any CPU = Debug|Any CPU
		Release|Any CPU = Release|Any CPU
	EndGlobalSection
	GlobalSection(ProjectConfigurationPlatforms) = postSolution
		{1BCC0020-770C-4964-AC19-096BCAC0E58D}.Debug|Any CPU.ActiveCfg = Debug|Any CPU
		{1BCC0020-770C-4964-AC19-096BCAC0E58D}.Debug|Any CPU.Build.0 = Debug|Any CPU
		{1BCC0020-770C-4964-AC19-096BCAC0E58D}.Release|Any CPU.ActiveCfg = Release|Any CPU
		{1BCC0020-770C-4964-AC19-096BCAC0E58D}.Release|Any CPU.Build.0 = Release|Any CPU
	EndGlobalSection
	GlobalSection(SolutionProperties) = preSolution
		HideSolutionNode = FALSE
	EndGlobalSection
	GlobalSection(ExtensibilityGlobals) = postSolution
		SolutionGuid = {730697FD-D944-493C-978D-1C36C89C4713}
	EndGlobalSection
EndGlobal
