
Microsoft Visual Studio Solution File, Format Version 12.00
# Visual Studio 15
VisualStudioVersion = 15.0.28010.2036
MinimumVisualStudioVersion = 10.0.40219.1
Project("{FAE04EC0-301F-11D3-BF4B-00C04F79EFBC}") = "study C shatp third stage", "study C shatp third stage\study C shatp third stage.csproj", "{1F96E22B-A7DD-4541-8B7C-2F62155722C5}"
EndProject
Project("{FAE04EC0-301F-11D3-BF4B-00C04F79EFBC}") = "Collections", "Collections\Collections.csproj", "{481D9A40-DBFB-4778-BF22-39AF3447E357}"
EndProject
Project("{FAE04EC0-301F-11D3-BF4B-00C04F79EFBC}") = "ArrayList", "ArrayList\ArrayList.csproj", "{445E9170-3BC3-4FCB-9EBA-B387B9667089}"
EndProject
Project("{FAE04EC0-301F-11D3-BF4B-00C04F79EFBC}") = "InputOutput Task 1", "InputOutput Task 1\InputOutput Task 1.csproj", "{68BD5B07-B735-4431-982D-93C3695672CC}"
EndProject
Project("{FAE04EC0-301F-11D3-BF4B-00C04F79EFBC}") = "InputOutput Task 2", "InputOutput Task 2\InputOutput Task 2.csproj", "{82EE254C-9FA7-4A0E-A1F3-3B6E643AF540}"
EndProject
Global
	GlobalSection(SolutionConfigurationPlatforms) = preSolution
		Debug|Any CPU = Debug|Any CPU
		Release|Any CPU = Release|Any CPU
	EndGlobalSection
	GlobalSection(ProjectConfigurationPlatforms) = postSolution
		{1F96E22B-A7DD-4541-8B7C-2F62155722C5}.Debug|Any CPU.ActiveCfg = Debug|Any CPU
		{1F96E22B-A7DD-4541-8B7C-2F62155722C5}.Debug|Any CPU.Build.0 = Debug|Any CPU
		{1F96E22B-A7DD-4541-8B7C-2F62155722C5}.Release|Any CPU.ActiveCfg = Release|Any CPU
		{1F96E22B-A7DD-4541-8B7C-2F62155722C5}.Release|Any CPU.Build.0 = Release|Any CPU
		{481D9A40-DBFB-4778-BF22-39AF3447E357}.Debug|Any CPU.ActiveCfg = Debug|Any CPU
		{481D9A40-DBFB-4778-BF22-39AF3447E357}.Debug|Any CPU.Build.0 = Debug|Any CPU
		{481D9A40-DBFB-4778-BF22-39AF3447E357}.Release|Any CPU.ActiveCfg = Release|Any CPU
		{481D9A40-DBFB-4778-BF22-39AF3447E357}.Release|Any CPU.Build.0 = Release|Any CPU
		{445E9170-3BC3-4FCB-9EBA-B387B9667089}.Debug|Any CPU.ActiveCfg = Debug|Any CPU
		{445E9170-3BC3-4FCB-9EBA-B387B9667089}.Debug|Any CPU.Build.0 = Debug|Any CPU
		{445E9170-3BC3-4FCB-9EBA-B387B9667089}.Release|Any CPU.ActiveCfg = Release|Any CPU
		{445E9170-3BC3-4FCB-9EBA-B387B9667089}.Release|Any CPU.Build.0 = Release|Any CPU
		{68BD5B07-B735-4431-982D-93C3695672CC}.Debug|Any CPU.ActiveCfg = Debug|Any CPU
		{68BD5B07-B735-4431-982D-93C3695672CC}.Debug|Any CPU.Build.0 = Debug|Any CPU
		{68BD5B07-B735-4431-982D-93C3695672CC}.Release|Any CPU.ActiveCfg = Release|Any CPU
		{68BD5B07-B735-4431-982D-93C3695672CC}.Release|Any CPU.Build.0 = Release|Any CPU
		{82EE254C-9FA7-4A0E-A1F3-3B6E643AF540}.Debug|Any CPU.ActiveCfg = Debug|Any CPU
		{82EE254C-9FA7-4A0E-A1F3-3B6E643AF540}.Debug|Any CPU.Build.0 = Debug|Any CPU
		{82EE254C-9FA7-4A0E-A1F3-3B6E643AF540}.Release|Any CPU.ActiveCfg = Release|Any CPU
		{82EE254C-9FA7-4A0E-A1F3-3B6E643AF540}.Release|Any CPU.Build.0 = Release|Any CPU
	EndGlobalSection
	GlobalSection(SolutionProperties) = preSolution
		HideSolutionNode = FALSE
	EndGlobalSection
	GlobalSection(ExtensibilityGlobals) = postSolution
		SolutionGuid = {9960D96F-5B44-4F26-862D-4E0F3DF5B5DA}
	EndGlobalSection
EndGlobal
