
Microsoft Visual Studio Solution File, Format Version 12.00
# Visual Studio 15
VisualStudioVersion = 15.0.28010.2036
MinimumVisualStudioVersion = 10.0.40219.1
Project("{FAE04EC0-301F-11D3-BF4B-00C04F79EFBC}") = "study C shatp third stage", "study C shatp third stage\study C shatp third stage.csproj", "{1F96E22B-A7DD-4541-8B7C-2F62155722C5}"
EndProject
Project("{FAE04EC0-301F-11D3-BF4B-00C04F79EFBC}") = "Collections", "Collections\Collections.csproj", "{481D9A40-DBFB-4778-BF22-39AF3447E357}"
EndProject
Project("{FAE04EC0-301F-11D3-BF4B-00C04F79EFBC}") = "ArrayList", "ArrayList\ArrayList.csproj", "{445E9170-3BC3-4FCB-9EBA-B387B9667089}"
EndProject
Project("{FAE04EC0-301F-11D3-BF4B-00C04F79EFBC}") = "InputOutput Task 1", "InputOutput Task 1\InputOutput Task 1.csproj", "{68BD5B07-B735-4431-982D-93C3695672CC}"
EndProject
Project("{FAE04EC0-301F-11D3-BF4B-00C04F79EFBC}") = "InputOutput Task 2", "InputOutput Task 2\InputOutput Task 2.csproj", "{82EE254C-9FA7-4A0E-A1F3-3B6E643AF540}"
EndProject
Project("{FAE04EC0-301F-11D3-BF4B-00C04F79EFBC}") = "InputOutput Task 3", "InputOutput Task 3\InputOutput Task 3.csproj", "{348F91DE-6F5C-41BF-849F-6D67E233D35E}"
EndProject
Project("{FAE04EC0-301F-11D3-BF4B-00C04F79EFBC}") = "InputOutput Task 4", "InputOutput Task 4\InputOutput Task 4.csproj", "{4FDBD9B3-463F-4A8A-A960-BF515BBE33CB}"
EndProject
Project("{FAE04EC0-301F-11D3-BF4B-00C04F79EFBC}") = "InputOutput Task 5", "InputOutput Task 5\InputOutput Task 5.csproj", "{A59D0F9F-12DE-4640-A1C7-55829A3EF5A6}"
EndProject
Project("{FAE04EC0-301F-11D3-BF4B-00C04F79EFBC}") = "InputOutput Task 6", "InputOutput Task 6\InputOutput Task 6.csproj", "{E15C5C54-7B4D-4A73-8426-A193608E0721}"
EndProject
Project("{FAE04EC0-301F-11D3-BF4B-00C04F79EFBC}") = "InputOutput Task 7", "InputOutput Task 7\InputOutput Task 7.csproj", "{D4B4FC2F-5269-4F92-B7AE-BF07613AB616}"
EndProject
Project("{FAE04EC0-301F-11D3-BF4B-00C04F79EFBC}") = "InputOutput Task 8", "InputOutput Task 8\InputOutput Task 8.csproj", "{4C5E45A6-1325-4173-9CA0-BD55B77ECF4A}"
EndProject
Project("{FAE04EC0-301F-11D3-BF4B-00C04F79EFBC}") = "InputOutput Task 9", "InputOutput Task 9\InputOutput Task 9.csproj", "{6028EE8A-27A2-4405-9C10-AC826C76D055}"
EndProject
Project("{FAE04EC0-301F-11D3-BF4B-00C04F79EFBC}") = "InputOutput Task 10", "InputOutput Task 10\InputOutput Task 10.csproj", "{CF083559-6BD7-4B11-8F16-3DA10046984C}"
EndProject
Project("{FAE04EC0-301F-11D3-BF4B-00C04F79EFBC}") = "HomeWork 1", "HomeWork 1\HomeWork 1.csproj", "{7469541E-927B-41BC-8116-CB27B5D5FA7B}"
EndProject
Project("{FAE04EC0-301F-11D3-BF4B-00C04F79EFBC}") = "CreatString", "CreatString\CreatString.csproj", "{16132347-3452-4D36-A302-216602B3C06C}"
EndProject
Project("{FAE04EC0-301F-11D3-BF4B-00C04F79EFBC}") = "String", "String\String.csproj", "{A7961EC8-1483-4F09-84D3-20353346CC21}"
EndProject
Project("{FAE04EC0-301F-11D3-BF4B-00C04F79EFBC}") = "StringBasic", "StringBasic\StringBasic.csproj", "{8511B9D1-DF24-4EDD-95B4-F9582BC15BF5}"
EndProject
Project("{FAE04EC0-301F-11D3-BF4B-00C04F79EFBC}") = "IFormattable", "IFormattable\IFormattable.csproj", "{809BACA1-7086-4AA2-B101-73759795E08D}"
EndProject
Project("{FAE04EC0-301F-11D3-BF4B-00C04F79EFBC}") = "CultureInfo", "CultureInfo\CultureInfo.csproj", "{DC4C7B78-8C1E-454B-B7CE-04C2B02E335A}"
EndProject
Project("{FAE04EC0-301F-11D3-BF4B-00C04F79EFBC}") = "RegionInfo", "RegionInfo\RegionInfo.csproj", "{7B5954E9-65A1-4E4E-A7AF-8922A0844B94}"
EndProject
Project("{FAE04EC0-301F-11D3-BF4B-00C04F79EFBC}") = "StringMoney", "StringMoney\StringMoney.csproj", "{743C0BD4-31F5-4182-945C-73C4726CE150}"
EndProject
Project("{FAE04EC0-301F-11D3-BF4B-00C04F79EFBC}") = "StringBuilder Task 1", "StringBuilder Task 1\StringBuilder Task 1.csproj", "{E5C1120F-0E6E-410A-81F5-E9929AD29E50}"
EndProject
Project("{FAE04EC0-301F-11D3-BF4B-00C04F79EFBC}") = "StringBuilder_PerformanceTest", "StringBuilder_PerformanceTest\StringBuilder_PerformanceTest.csproj", "{239DE5C8-DE20-4244-B2E5-1D516FEC287D}"
EndProject
Project("{FAE04EC0-301F-11D3-BF4B-00C04F79EFBC}") = "RegularExpressions Task 1", "RegularExpressions Task 1\RegularExpressions Task 1.csproj", "{652ED339-DC7E-4897-BCAE-DB4A577B2E49}"
EndProject
Project("{FAE04EC0-301F-11D3-BF4B-00C04F79EFBC}") = "RegularExpressions Task 2", "RegularExpressions Task 2\RegularExpressions Task 2.csproj", "{449AF7F8-DF0D-4468-8B41-D40BABA2913D}"
EndProject
Project("{FAE04EC0-301F-11D3-BF4B-00C04F79EFBC}") = "RegularExpressions Task 3", "RegularExpressions Task 3\RegularExpressions Task 3.csproj", "{FD107E86-07FA-4CBF-9CD4-2C689867BEE0}"
EndProject
Project("{FAE04EC0-301F-11D3-BF4B-00C04F79EFBC}") = "Replace", "Replace\Replace.csproj", "{4E3E512A-252C-4FB7-A6F2-5F4310B9538B}"
EndProject
Project("{FAE04EC0-301F-11D3-BF4B-00C04F79EFBC}") = "HomeWork 2", "HomeWork 2\HomeWork 2.csproj", "{3F78D137-78BF-4D1D-B94A-789F3EEE88AF}"
EndProject
Project("{FAE04EC0-301F-11D3-BF4B-00C04F79EFBC}") = "HomeWork 3", "HomeWork 3\HomeWork 3.csproj", "{B28869E7-98B0-462C-8B6D-2267AF5933CF}"
EndProject
Project("{FAE04EC0-301F-11D3-BF4B-00C04F79EFBC}") = "TypeTest 1", "TypeTest 1\TypeTest 1.csproj", "{D14F89E5-BD9C-4296-AFE5-32549549323A}"
EndProject
Project("{FAE04EC0-301F-11D3-BF4B-00C04F79EFBC}") = "002_TypeTest", "E:\Shevchuk\ITVDN\03 [ITVDN] C# Professional\[ITVDN] C# Professional\006 - Рефлексия\006 - Рефлексия\001 - Class Type\002_TypeTest\002_TypeTest.csproj", "{CD67590D-9ADB-4FC3-BC41-140B97170F41}"
EndProject
Project("{FAE04EC0-301F-11D3-BF4B-00C04F79EFBC}") = "Reflection Task 1", "Reflection Task 1\Reflection Task 1.csproj", "{CF540CB2-74F1-474D-87EC-53533BAB20DF}"
EndProject
Project("{FAE04EC0-301F-11D3-BF4B-00C04F79EFBC}") = "Thread Task 1", "Thread Task 1\Thread Task 1.csproj", "{4BEE4C27-B564-4831-A7C5-7D87A772482B}"
EndProject
Project("{FAE04EC0-301F-11D3-BF4B-00C04F79EFBC}") = "Thread Task 2", "Thread Task 2\Thread Task 2.csproj", "{759449A2-6B18-403E-A267-F3CD9E8AA9DE}"
EndProject
Project("{FAE04EC0-301F-11D3-BF4B-00C04F79EFBC}") = "Thread Task 3", "Thread Task 3\Thread Task 3.csproj", "{D842ED0F-772A-4FBA-93C9-7961479B2E7B}"
EndProject
Project("{FAE04EC0-301F-11D3-BF4B-00C04F79EFBC}") = "Thread Task 4", "Thread Task 4\Thread Task 4.csproj", "{B94A3807-CA94-45CC-BDFF-3F9651E9B171}"
EndProject
Project("{FAE04EC0-301F-11D3-BF4B-00C04F79EFBC}") = "Thread Task 5", "Thread Task 5\Thread Task 5.csproj", "{06A3D2DF-1D2B-4228-9EE6-4E262D90B58F}"
EndProject
Project("{FAE04EC0-301F-11D3-BF4B-00C04F79EFBC}") = "Thread Task 6", "Thread Task 6\Thread Task 6.csproj", "{3BDD0F1E-10BE-4061-A611-0B0ED2A02FD4}"
EndProject
Project("{FAE04EC0-301F-11D3-BF4B-00C04F79EFBC}") = "Thread Join", "Thread Join\Thread Join.csproj", "{17A805AC-BD2D-4690-8F60-9E02CC513ED9}"
EndProject
Project("{FAE04EC0-301F-11D3-BF4B-00C04F79EFBC}") = "Thread Join Task 2", "Thread Join Task 2\Thread Join Task 2.csproj", "{9DFB5699-D102-47D5-8C25-C53E1955EA6A}"
EndProject
Project("{FAE04EC0-301F-11D3-BF4B-00C04F79EFBC}") = "Thread Join Task 3", "Thread Join Task 3\Thread Join Task 3.csproj", "{C4F724F3-EBD4-4117-9560-52C1149E0653}"
EndProject
Project("{FAE04EC0-301F-11D3-BF4B-00C04F79EFBC}") = "Thread Abort", "Thread Abort\Thread Abort.csproj", "{007C556F-EB70-43DE-923E-504409D9D8DD}"
EndProject
Project("{FAE04EC0-301F-11D3-BF4B-00C04F79EFBC}") = "Algorithm_Procedure(sum)", "Algorithm_Procedure(sum)\Algorithm_Procedure(sum).csproj", "{6B59F5E9-64F4-4038-8126-9764A737EF22}"
EndProject
Project("{FAE04EC0-301F-11D3-BF4B-00C04F79EFBC}") = "Algorithm_Procedure(mult)", "Algorithm_Procedure(mult)\Algorithm_Procedure(mult).csproj", "{A799D088-9001-4B86-BA02-4B9E6091BC00}"
EndProject
Project("{FAE04EC0-301F-11D3-BF4B-00C04F79EFBC}") = "Algorithm_Bubble sort", "Algorithm_Bubble sort\Algorithm_Bubble sort.csproj", "{7257BE89-FF63-4B72-84A3-C88C58981196}"
EndProject
Project("{FAE04EC0-301F-11D3-BF4B-00C04F79EFBC}") = "Singly_List", "Singly_List\Singly_List.csproj", "{6D2AF2F9-BFAD-48C1-A433-58ED03F5818E}"
EndProject
Project("{FAE04EC0-301F-11D3-BF4B-00C04F79EFBC}") = "LinkedListNode", "LinkedListNode\LinkedListNode.csproj", "{0E53D597-0103-428E-A0C2-A68CE98CBD08}"
EndProject
Project("{FAE04EC0-301F-11D3-BF4B-00C04F79EFBC}") = "Doubly Linked List", "Doubly Linked List\Doubly Linked List.csproj", "{87D1C82C-4A5C-41A4-A699-F77B12C8DF80}"
EndProject
Project("{FAE04EC0-301F-11D3-BF4B-00C04F79EFBC}") = "List_Class", "List_Class\List_Class.csproj", "{56DBECC9-1AA2-4BF0-B32A-CF5DA56F285A}"
EndProject
Project("{FAE04EC0-301F-11D3-BF4B-00C04F79EFBC}") = "Bubble_Sort", "Bubble_Sort\Bubble_Sort.csproj", "{55CE1A62-2645-4481-914F-1E193885CB9A}"
EndProject
Project("{FAE04EC0-301F-11D3-BF4B-00C04F79EFBC}") = "Insetrtion_Sort", "Insetrtion_Sort\Insetrtion_Sort.csproj", "{2CD9D50A-9A82-4F31-BE4F-839E5B516530}"
EndProject
Project("{FAE04EC0-301F-11D3-BF4B-00C04F79EFBC}") = "Algorithm_SelectionSort", "Algorithm_SelectionSort\Algorithm_SelectionSort.csproj", "{DECF28D9-F1B4-4F86-8473-B9364B991212}"
EndProject
Project("{FAE04EC0-301F-11D3-BF4B-00C04F79EFBC}") = "Algorithm_MergeSort", "Algorithm_MergeSort\Algorithm_MergeSort.csproj", "{A42501A9-7498-46F2-A111-8222383517CB}"
EndProject
Project("{FAE04EC0-301F-11D3-BF4B-00C04F79EFBC}") = "Algorithm_QuickSort", "Algorithm_QuickSort\Algorithm_QuickSort.csproj", "{82677475-B00B-4ABE-AA71-C15ECB51C4DF}"
EndProject
Project("{FAE04EC0-301F-11D3-BF4B-00C04F79EFBC}") = "Binary_Three", "Binary_Three\Binary_Three.csproj", "{A1757DAD-1FE0-4941-A61F-6C366A626069}"
EndProject
Project("{FAE04EC0-301F-11D3-BF4B-00C04F79EFBC}") = "Binary_Three_Method_Add", "Binary_Three_Method_Add\Binary_Three_Method_Add.csproj", "{2078B507-3D12-4CB7-BA12-CC92EAF1F4C1}"
EndProject
Project("{FAE04EC0-301F-11D3-BF4B-00C04F79EFBC}") = "Binary_Three_Method_Search", "Binary_Three_Method_Search\Binary_Three_Method_Search.csproj", "{58D89C1D-5565-417C-8EE8-4ED4E7FD3742}"
EndProject
Project("{FAE04EC0-301F-11D3-BF4B-00C04F79EFBC}") = "Binary_Three_Remove_Method", "Binary_Three_Remove_Method\Binary_Three_Remove_Method.csproj", "{86377217-3993-4D34-A31A-2FE51BB447FD}"
EndProject
Project("{FAE04EC0-301F-11D3-BF4B-00C04F79EFBC}") = "Sort_Bubble", "Sort_Bubble\Sort_Bubble.csproj", "{222B9263-4156-4456-AB4B-AF42FA1208B1}"
EndProject
Project("{FAE04EC0-301F-11D3-BF4B-00C04F79EFBC}") = "Bubble Sort_2", "Bubble Sort_2\Bubble Sort_2.csproj", "{B9797E6F-1D0D-4D74-AD2A-17EEF5F588F7}"
EndProject
Project("{FAE04EC0-301F-11D3-BF4B-00C04F79EFBC}") = "Insertion Sort 2", "Insertion Sort 2\Insertion Sort 2.csproj", "{FB8E22F8-D077-418C-9B63-8AC868213A91}"
EndProject
Project("{FAE04EC0-301F-11D3-BF4B-00C04F79EFBC}") = "JSON_Companes", "JSON_Companes\JSON_Companes.csproj", "{26C0C8A7-D22A-41F5-947D-3BBBB8EF1749}"
EndProject
Project("{FAE04EC0-301F-11D3-BF4B-00C04F79EFBC}") = "Async", "Async\Async.csproj", "{6BA953C7-988F-4CD0-9378-A5DF2EC8A97C}"
EndProject
Project("{FAE04EC0-301F-11D3-BF4B-00C04F79EFBC}") = "Asinc 2", "Asinc 2\Asinc 2.csproj", "{5A792B74-6BBC-4409-8E2D-6A4E91B1EC79}"
EndProject
Project("{FAE04EC0-301F-11D3-BF4B-00C04F79EFBC}") = "JSON serialization", "JSON serialization\JSON serialization.csproj", "{0181C632-6E5F-4452-9BAA-39B3B03F3D2D}"
EndProject
Project("{FAE04EC0-301F-11D3-BF4B-00C04F79EFBC}") = "Site_JSON_Serialize", "Site_JSON_Serialize\Site_JSON_Serialize.csproj", "{9F62606B-9A45-4B76-9075-D3074D0067C7}"
EndProject
Global
	GlobalSection(SolutionConfigurationPlatforms) = preSolution
		Debug|Any CPU = Debug|Any CPU
		Release|Any CPU = Release|Any CPU
	EndGlobalSection
	GlobalSection(ProjectConfigurationPlatforms) = postSolution
		{1F96E22B-A7DD-4541-8B7C-2F62155722C5}.Debug|Any CPU.ActiveCfg = Debug|Any CPU
		{1F96E22B-A7DD-4541-8B7C-2F62155722C5}.Debug|Any CPU.Build.0 = Debug|Any CPU
		{1F96E22B-A7DD-4541-8B7C-2F62155722C5}.Release|Any CPU.ActiveCfg = Release|Any CPU
		{1F96E22B-A7DD-4541-8B7C-2F62155722C5}.Release|Any CPU.Build.0 = Release|Any CPU
		{481D9A40-DBFB-4778-BF22-39AF3447E357}.Debug|Any CPU.ActiveCfg = Debug|Any CPU
		{481D9A40-DBFB-4778-BF22-39AF3447E357}.Debug|Any CPU.Build.0 = Debug|Any CPU
		{481D9A40-DBFB-4778-BF22-39AF3447E357}.Release|Any CPU.ActiveCfg = Release|Any CPU
		{481D9A40-DBFB-4778-BF22-39AF3447E357}.Release|Any CPU.Build.0 = Release|Any CPU
		{445E9170-3BC3-4FCB-9EBA-B387B9667089}.Debug|Any CPU.ActiveCfg = Debug|Any CPU
		{445E9170-3BC3-4FCB-9EBA-B387B9667089}.Debug|Any CPU.Build.0 = Debug|Any CPU
		{445E9170-3BC3-4FCB-9EBA-B387B9667089}.Release|Any CPU.ActiveCfg = Release|Any CPU
		{445E9170-3BC3-4FCB-9EBA-B387B9667089}.Release|Any CPU.Build.0 = Release|Any CPU
		{68BD5B07-B735-4431-982D-93C3695672CC}.Debug|Any CPU.ActiveCfg = Debug|Any CPU
		{68BD5B07-B735-4431-982D-93C3695672CC}.Debug|Any CPU.Build.0 = Debug|Any CPU
		{68BD5B07-B735-4431-982D-93C3695672CC}.Release|Any CPU.ActiveCfg = Release|Any CPU
		{68BD5B07-B735-4431-982D-93C3695672CC}.Release|Any CPU.Build.0 = Release|Any CPU
		{82EE254C-9FA7-4A0E-A1F3-3B6E643AF540}.Debug|Any CPU.ActiveCfg = Debug|Any CPU
		{82EE254C-9FA7-4A0E-A1F3-3B6E643AF540}.Debug|Any CPU.Build.0 = Debug|Any CPU
		{82EE254C-9FA7-4A0E-A1F3-3B6E643AF540}.Release|Any CPU.ActiveCfg = Release|Any CPU
		{82EE254C-9FA7-4A0E-A1F3-3B6E643AF540}.Release|Any CPU.Build.0 = Release|Any CPU
		{348F91DE-6F5C-41BF-849F-6D67E233D35E}.Debug|Any CPU.ActiveCfg = Debug|Any CPU
		{348F91DE-6F5C-41BF-849F-6D67E233D35E}.Debug|Any CPU.Build.0 = Debug|Any CPU
		{348F91DE-6F5C-41BF-849F-6D67E233D35E}.Release|Any CPU.ActiveCfg = Release|Any CPU
		{348F91DE-6F5C-41BF-849F-6D67E233D35E}.Release|Any CPU.Build.0 = Release|Any CPU
		{4FDBD9B3-463F-4A8A-A960-BF515BBE33CB}.Debug|Any CPU.ActiveCfg = Debug|Any CPU
		{4FDBD9B3-463F-4A8A-A960-BF515BBE33CB}.Debug|Any CPU.Build.0 = Debug|Any CPU
		{4FDBD9B3-463F-4A8A-A960-BF515BBE33CB}.Release|Any CPU.ActiveCfg = Release|Any CPU
		{4FDBD9B3-463F-4A8A-A960-BF515BBE33CB}.Release|Any CPU.Build.0 = Release|Any CPU
		{A59D0F9F-12DE-4640-A1C7-55829A3EF5A6}.Debug|Any CPU.ActiveCfg = Debug|Any CPU
		{A59D0F9F-12DE-4640-A1C7-55829A3EF5A6}.Debug|Any CPU.Build.0 = Debug|Any CPU
		{A59D0F9F-12DE-4640-A1C7-55829A3EF5A6}.Release|Any CPU.ActiveCfg = Release|Any CPU
		{A59D0F9F-12DE-4640-A1C7-55829A3EF5A6}.Release|Any CPU.Build.0 = Release|Any CPU
		{E15C5C54-7B4D-4A73-8426-A193608E0721}.Debug|Any CPU.ActiveCfg = Debug|Any CPU
		{E15C5C54-7B4D-4A73-8426-A193608E0721}.Debug|Any CPU.Build.0 = Debug|Any CPU
		{E15C5C54-7B4D-4A73-8426-A193608E0721}.Release|Any CPU.ActiveCfg = Release|Any CPU
		{E15C5C54-7B4D-4A73-8426-A193608E0721}.Release|Any CPU.Build.0 = Release|Any CPU
		{D4B4FC2F-5269-4F92-B7AE-BF07613AB616}.Debug|Any CPU.ActiveCfg = Debug|Any CPU
		{D4B4FC2F-5269-4F92-B7AE-BF07613AB616}.Debug|Any CPU.Build.0 = Debug|Any CPU
		{D4B4FC2F-5269-4F92-B7AE-BF07613AB616}.Release|Any CPU.ActiveCfg = Release|Any CPU
		{D4B4FC2F-5269-4F92-B7AE-BF07613AB616}.Release|Any CPU.Build.0 = Release|Any CPU
		{4C5E45A6-1325-4173-9CA0-BD55B77ECF4A}.Debug|Any CPU.ActiveCfg = Debug|Any CPU
		{4C5E45A6-1325-4173-9CA0-BD55B77ECF4A}.Debug|Any CPU.Build.0 = Debug|Any CPU
		{4C5E45A6-1325-4173-9CA0-BD55B77ECF4A}.Release|Any CPU.ActiveCfg = Release|Any CPU
		{4C5E45A6-1325-4173-9CA0-BD55B77ECF4A}.Release|Any CPU.Build.0 = Release|Any CPU
		{6028EE8A-27A2-4405-9C10-AC826C76D055}.Debug|Any CPU.ActiveCfg = Debug|Any CPU
		{6028EE8A-27A2-4405-9C10-AC826C76D055}.Debug|Any CPU.Build.0 = Debug|Any CPU
		{6028EE8A-27A2-4405-9C10-AC826C76D055}.Release|Any CPU.ActiveCfg = Release|Any CPU
		{6028EE8A-27A2-4405-9C10-AC826C76D055}.Release|Any CPU.Build.0 = Release|Any CPU
		{CF083559-6BD7-4B11-8F16-3DA10046984C}.Debug|Any CPU.ActiveCfg = Debug|Any CPU
		{CF083559-6BD7-4B11-8F16-3DA10046984C}.Debug|Any CPU.Build.0 = Debug|Any CPU
		{CF083559-6BD7-4B11-8F16-3DA10046984C}.Release|Any CPU.ActiveCfg = Release|Any CPU
		{CF083559-6BD7-4B11-8F16-3DA10046984C}.Release|Any CPU.Build.0 = Release|Any CPU
		{7469541E-927B-41BC-8116-CB27B5D5FA7B}.Debug|Any CPU.ActiveCfg = Debug|Any CPU
		{7469541E-927B-41BC-8116-CB27B5D5FA7B}.Debug|Any CPU.Build.0 = Debug|Any CPU
		{7469541E-927B-41BC-8116-CB27B5D5FA7B}.Release|Any CPU.ActiveCfg = Release|Any CPU
		{7469541E-927B-41BC-8116-CB27B5D5FA7B}.Release|Any CPU.Build.0 = Release|Any CPU
		{16132347-3452-4D36-A302-216602B3C06C}.Debug|Any CPU.ActiveCfg = Debug|Any CPU
		{16132347-3452-4D36-A302-216602B3C06C}.Debug|Any CPU.Build.0 = Debug|Any CPU
		{16132347-3452-4D36-A302-216602B3C06C}.Release|Any CPU.ActiveCfg = Release|Any CPU
		{16132347-3452-4D36-A302-216602B3C06C}.Release|Any CPU.Build.0 = Release|Any CPU
		{A7961EC8-1483-4F09-84D3-20353346CC21}.Debug|Any CPU.ActiveCfg = Debug|Any CPU
		{A7961EC8-1483-4F09-84D3-20353346CC21}.Debug|Any CPU.Build.0 = Debug|Any CPU
		{A7961EC8-1483-4F09-84D3-20353346CC21}.Release|Any CPU.ActiveCfg = Release|Any CPU
		{A7961EC8-1483-4F09-84D3-20353346CC21}.Release|Any CPU.Build.0 = Release|Any CPU
		{8511B9D1-DF24-4EDD-95B4-F9582BC15BF5}.Debug|Any CPU.ActiveCfg = Debug|Any CPU
		{8511B9D1-DF24-4EDD-95B4-F9582BC15BF5}.Debug|Any CPU.Build.0 = Debug|Any CPU
		{8511B9D1-DF24-4EDD-95B4-F9582BC15BF5}.Release|Any CPU.ActiveCfg = Release|Any CPU
		{8511B9D1-DF24-4EDD-95B4-F9582BC15BF5}.Release|Any CPU.Build.0 = Release|Any CPU
		{809BACA1-7086-4AA2-B101-73759795E08D}.Debug|Any CPU.ActiveCfg = Debug|Any CPU
		{809BACA1-7086-4AA2-B101-73759795E08D}.Debug|Any CPU.Build.0 = Debug|Any CPU
		{809BACA1-7086-4AA2-B101-73759795E08D}.Release|Any CPU.ActiveCfg = Release|Any CPU
		{809BACA1-7086-4AA2-B101-73759795E08D}.Release|Any CPU.Build.0 = Release|Any CPU
		{DC4C7B78-8C1E-454B-B7CE-04C2B02E335A}.Debug|Any CPU.ActiveCfg = Debug|Any CPU
		{DC4C7B78-8C1E-454B-B7CE-04C2B02E335A}.Debug|Any CPU.Build.0 = Debug|Any CPU
		{DC4C7B78-8C1E-454B-B7CE-04C2B02E335A}.Release|Any CPU.ActiveCfg = Release|Any CPU
		{DC4C7B78-8C1E-454B-B7CE-04C2B02E335A}.Release|Any CPU.Build.0 = Release|Any CPU
		{7B5954E9-65A1-4E4E-A7AF-8922A0844B94}.Debug|Any CPU.ActiveCfg = Debug|Any CPU
		{7B5954E9-65A1-4E4E-A7AF-8922A0844B94}.Debug|Any CPU.Build.0 = Debug|Any CPU
		{7B5954E9-65A1-4E4E-A7AF-8922A0844B94}.Release|Any CPU.ActiveCfg = Release|Any CPU
		{7B5954E9-65A1-4E4E-A7AF-8922A0844B94}.Release|Any CPU.Build.0 = Release|Any CPU
		{743C0BD4-31F5-4182-945C-73C4726CE150}.Debug|Any CPU.ActiveCfg = Debug|Any CPU
		{743C0BD4-31F5-4182-945C-73C4726CE150}.Debug|Any CPU.Build.0 = Debug|Any CPU
		{743C0BD4-31F5-4182-945C-73C4726CE150}.Release|Any CPU.ActiveCfg = Release|Any CPU
		{743C0BD4-31F5-4182-945C-73C4726CE150}.Release|Any CPU.Build.0 = Release|Any CPU
		{E5C1120F-0E6E-410A-81F5-E9929AD29E50}.Debug|Any CPU.ActiveCfg = Debug|Any CPU
		{E5C1120F-0E6E-410A-81F5-E9929AD29E50}.Debug|Any CPU.Build.0 = Debug|Any CPU
		{E5C1120F-0E6E-410A-81F5-E9929AD29E50}.Release|Any CPU.ActiveCfg = Release|Any CPU
		{E5C1120F-0E6E-410A-81F5-E9929AD29E50}.Release|Any CPU.Build.0 = Release|Any CPU
		{239DE5C8-DE20-4244-B2E5-1D516FEC287D}.Debug|Any CPU.ActiveCfg = Debug|Any CPU
		{239DE5C8-DE20-4244-B2E5-1D516FEC287D}.Debug|Any CPU.Build.0 = Debug|Any CPU
		{239DE5C8-DE20-4244-B2E5-1D516FEC287D}.Release|Any CPU.ActiveCfg = Release|Any CPU
		{239DE5C8-DE20-4244-B2E5-1D516FEC287D}.Release|Any CPU.Build.0 = Release|Any CPU
		{652ED339-DC7E-4897-BCAE-DB4A577B2E49}.Debug|Any CPU.ActiveCfg = Debug|Any CPU
		{652ED339-DC7E-4897-BCAE-DB4A577B2E49}.Debug|Any CPU.Build.0 = Debug|Any CPU
		{652ED339-DC7E-4897-BCAE-DB4A577B2E49}.Release|Any CPU.ActiveCfg = Release|Any CPU
		{652ED339-DC7E-4897-BCAE-DB4A577B2E49}.Release|Any CPU.Build.0 = Release|Any CPU
		{449AF7F8-DF0D-4468-8B41-D40BABA2913D}.Debug|Any CPU.ActiveCfg = Debug|Any CPU
		{449AF7F8-DF0D-4468-8B41-D40BABA2913D}.Debug|Any CPU.Build.0 = Debug|Any CPU
		{449AF7F8-DF0D-4468-8B41-D40BABA2913D}.Release|Any CPU.ActiveCfg = Release|Any CPU
		{449AF7F8-DF0D-4468-8B41-D40BABA2913D}.Release|Any CPU.Build.0 = Release|Any CPU
		{FD107E86-07FA-4CBF-9CD4-2C689867BEE0}.Debug|Any CPU.ActiveCfg = Debug|Any CPU
		{FD107E86-07FA-4CBF-9CD4-2C689867BEE0}.Debug|Any CPU.Build.0 = Debug|Any CPU
		{FD107E86-07FA-4CBF-9CD4-2C689867BEE0}.Release|Any CPU.ActiveCfg = Release|Any CPU
		{FD107E86-07FA-4CBF-9CD4-2C689867BEE0}.Release|Any CPU.Build.0 = Release|Any CPU
		{4E3E512A-252C-4FB7-A6F2-5F4310B9538B}.Debug|Any CPU.ActiveCfg = Debug|Any CPU
		{4E3E512A-252C-4FB7-A6F2-5F4310B9538B}.Debug|Any CPU.Build.0 = Debug|Any CPU
		{4E3E512A-252C-4FB7-A6F2-5F4310B9538B}.Release|Any CPU.ActiveCfg = Release|Any CPU
		{4E3E512A-252C-4FB7-A6F2-5F4310B9538B}.Release|Any CPU.Build.0 = Release|Any CPU
		{3F78D137-78BF-4D1D-B94A-789F3EEE88AF}.Debug|Any CPU.ActiveCfg = Debug|Any CPU
		{3F78D137-78BF-4D1D-B94A-789F3EEE88AF}.Debug|Any CPU.Build.0 = Debug|Any CPU
		{3F78D137-78BF-4D1D-B94A-789F3EEE88AF}.Release|Any CPU.ActiveCfg = Release|Any CPU
		{3F78D137-78BF-4D1D-B94A-789F3EEE88AF}.Release|Any CPU.Build.0 = Release|Any CPU
		{B28869E7-98B0-462C-8B6D-2267AF5933CF}.Debug|Any CPU.ActiveCfg = Debug|Any CPU
		{B28869E7-98B0-462C-8B6D-2267AF5933CF}.Debug|Any CPU.Build.0 = Debug|Any CPU
		{B28869E7-98B0-462C-8B6D-2267AF5933CF}.Release|Any CPU.ActiveCfg = Release|Any CPU
		{B28869E7-98B0-462C-8B6D-2267AF5933CF}.Release|Any CPU.Build.0 = Release|Any CPU
		{D14F89E5-BD9C-4296-AFE5-32549549323A}.Debug|Any CPU.ActiveCfg = Debug|Any CPU
		{D14F89E5-BD9C-4296-AFE5-32549549323A}.Debug|Any CPU.Build.0 = Debug|Any CPU
		{D14F89E5-BD9C-4296-AFE5-32549549323A}.Release|Any CPU.ActiveCfg = Release|Any CPU
		{D14F89E5-BD9C-4296-AFE5-32549549323A}.Release|Any CPU.Build.0 = Release|Any CPU
		{CD67590D-9ADB-4FC3-BC41-140B97170F41}.Debug|Any CPU.ActiveCfg = Debug|Any CPU
		{CD67590D-9ADB-4FC3-BC41-140B97170F41}.Debug|Any CPU.Build.0 = Debug|Any CPU
		{CD67590D-9ADB-4FC3-BC41-140B97170F41}.Release|Any CPU.ActiveCfg = Release|Any CPU
		{CD67590D-9ADB-4FC3-BC41-140B97170F41}.Release|Any CPU.Build.0 = Release|Any CPU
		{CF540CB2-74F1-474D-87EC-53533BAB20DF}.Debug|Any CPU.ActiveCfg = Debug|Any CPU
		{CF540CB2-74F1-474D-87EC-53533BAB20DF}.Debug|Any CPU.Build.0 = Debug|Any CPU
		{CF540CB2-74F1-474D-87EC-53533BAB20DF}.Release|Any CPU.ActiveCfg = Release|Any CPU
		{CF540CB2-74F1-474D-87EC-53533BAB20DF}.Release|Any CPU.Build.0 = Release|Any CPU
		{4BEE4C27-B564-4831-A7C5-7D87A772482B}.Debug|Any CPU.ActiveCfg = Debug|Any CPU
		{4BEE4C27-B564-4831-A7C5-7D87A772482B}.Debug|Any CPU.Build.0 = Debug|Any CPU
		{4BEE4C27-B564-4831-A7C5-7D87A772482B}.Release|Any CPU.ActiveCfg = Release|Any CPU
		{4BEE4C27-B564-4831-A7C5-7D87A772482B}.Release|Any CPU.Build.0 = Release|Any CPU
		{759449A2-6B18-403E-A267-F3CD9E8AA9DE}.Debug|Any CPU.ActiveCfg = Debug|Any CPU
		{759449A2-6B18-403E-A267-F3CD9E8AA9DE}.Debug|Any CPU.Build.0 = Debug|Any CPU
		{759449A2-6B18-403E-A267-F3CD9E8AA9DE}.Release|Any CPU.ActiveCfg = Release|Any CPU
		{759449A2-6B18-403E-A267-F3CD9E8AA9DE}.Release|Any CPU.Build.0 = Release|Any CPU
		{D842ED0F-772A-4FBA-93C9-7961479B2E7B}.Debug|Any CPU.ActiveCfg = Debug|Any CPU
		{D842ED0F-772A-4FBA-93C9-7961479B2E7B}.Debug|Any CPU.Build.0 = Debug|Any CPU
		{D842ED0F-772A-4FBA-93C9-7961479B2E7B}.Release|Any CPU.ActiveCfg = Release|Any CPU
		{D842ED0F-772A-4FBA-93C9-7961479B2E7B}.Release|Any CPU.Build.0 = Release|Any CPU
		{B94A3807-CA94-45CC-BDFF-3F9651E9B171}.Debug|Any CPU.ActiveCfg = Debug|Any CPU
		{B94A3807-CA94-45CC-BDFF-3F9651E9B171}.Debug|Any CPU.Build.0 = Debug|Any CPU
		{B94A3807-CA94-45CC-BDFF-3F9651E9B171}.Release|Any CPU.ActiveCfg = Release|Any CPU
		{B94A3807-CA94-45CC-BDFF-3F9651E9B171}.Release|Any CPU.Build.0 = Release|Any CPU
		{06A3D2DF-1D2B-4228-9EE6-4E262D90B58F}.Debug|Any CPU.ActiveCfg = Debug|Any CPU
		{06A3D2DF-1D2B-4228-9EE6-4E262D90B58F}.Debug|Any CPU.Build.0 = Debug|Any CPU
		{06A3D2DF-1D2B-4228-9EE6-4E262D90B58F}.Release|Any CPU.ActiveCfg = Release|Any CPU
		{06A3D2DF-1D2B-4228-9EE6-4E262D90B58F}.Release|Any CPU.Build.0 = Release|Any CPU
		{3BDD0F1E-10BE-4061-A611-0B0ED2A02FD4}.Debug|Any CPU.ActiveCfg = Debug|Any CPU
		{3BDD0F1E-10BE-4061-A611-0B0ED2A02FD4}.Debug|Any CPU.Build.0 = Debug|Any CPU
		{3BDD0F1E-10BE-4061-A611-0B0ED2A02FD4}.Release|Any CPU.ActiveCfg = Release|Any CPU
		{3BDD0F1E-10BE-4061-A611-0B0ED2A02FD4}.Release|Any CPU.Build.0 = Release|Any CPU
		{17A805AC-BD2D-4690-8F60-9E02CC513ED9}.Debug|Any CPU.ActiveCfg = Debug|Any CPU
		{17A805AC-BD2D-4690-8F60-9E02CC513ED9}.Debug|Any CPU.Build.0 = Debug|Any CPU
		{17A805AC-BD2D-4690-8F60-9E02CC513ED9}.Release|Any CPU.ActiveCfg = Release|Any CPU
		{17A805AC-BD2D-4690-8F60-9E02CC513ED9}.Release|Any CPU.Build.0 = Release|Any CPU
		{9DFB5699-D102-47D5-8C25-C53E1955EA6A}.Debug|Any CPU.ActiveCfg = Debug|Any CPU
		{9DFB5699-D102-47D5-8C25-C53E1955EA6A}.Debug|Any CPU.Build.0 = Debug|Any CPU
		{9DFB5699-D102-47D5-8C25-C53E1955EA6A}.Release|Any CPU.ActiveCfg = Release|Any CPU
		{9DFB5699-D102-47D5-8C25-C53E1955EA6A}.Release|Any CPU.Build.0 = Release|Any CPU
		{C4F724F3-EBD4-4117-9560-52C1149E0653}.Debug|Any CPU.ActiveCfg = Debug|Any CPU
		{C4F724F3-EBD4-4117-9560-52C1149E0653}.Debug|Any CPU.Build.0 = Debug|Any CPU
		{C4F724F3-EBD4-4117-9560-52C1149E0653}.Release|Any CPU.ActiveCfg = Release|Any CPU
		{C4F724F3-EBD4-4117-9560-52C1149E0653}.Release|Any CPU.Build.0 = Release|Any CPU
		{007C556F-EB70-43DE-923E-504409D9D8DD}.Debug|Any CPU.ActiveCfg = Debug|Any CPU
		{007C556F-EB70-43DE-923E-504409D9D8DD}.Debug|Any CPU.Build.0 = Debug|Any CPU
		{007C556F-EB70-43DE-923E-504409D9D8DD}.Release|Any CPU.ActiveCfg = Release|Any CPU
		{007C556F-EB70-43DE-923E-504409D9D8DD}.Release|Any CPU.Build.0 = Release|Any CPU
		{6B59F5E9-64F4-4038-8126-9764A737EF22}.Debug|Any CPU.ActiveCfg = Debug|Any CPU
		{6B59F5E9-64F4-4038-8126-9764A737EF22}.Debug|Any CPU.Build.0 = Debug|Any CPU
		{6B59F5E9-64F4-4038-8126-9764A737EF22}.Release|Any CPU.ActiveCfg = Release|Any CPU
		{6B59F5E9-64F4-4038-8126-9764A737EF22}.Release|Any CPU.Build.0 = Release|Any CPU
		{A799D088-9001-4B86-BA02-4B9E6091BC00}.Debug|Any CPU.ActiveCfg = Debug|Any CPU
		{A799D088-9001-4B86-BA02-4B9E6091BC00}.Debug|Any CPU.Build.0 = Debug|Any CPU
		{A799D088-9001-4B86-BA02-4B9E6091BC00}.Release|Any CPU.ActiveCfg = Release|Any CPU
		{A799D088-9001-4B86-BA02-4B9E6091BC00}.Release|Any CPU.Build.0 = Release|Any CPU
		{7257BE89-FF63-4B72-84A3-C88C58981196}.Debug|Any CPU.ActiveCfg = Debug|Any CPU
		{7257BE89-FF63-4B72-84A3-C88C58981196}.Debug|Any CPU.Build.0 = Debug|Any CPU
		{7257BE89-FF63-4B72-84A3-C88C58981196}.Release|Any CPU.ActiveCfg = Release|Any CPU
		{7257BE89-FF63-4B72-84A3-C88C58981196}.Release|Any CPU.Build.0 = Release|Any CPU
		{6D2AF2F9-BFAD-48C1-A433-58ED03F5818E}.Debug|Any CPU.ActiveCfg = Debug|Any CPU
		{6D2AF2F9-BFAD-48C1-A433-58ED03F5818E}.Debug|Any CPU.Build.0 = Debug|Any CPU
		{6D2AF2F9-BFAD-48C1-A433-58ED03F5818E}.Release|Any CPU.ActiveCfg = Release|Any CPU
		{6D2AF2F9-BFAD-48C1-A433-58ED03F5818E}.Release|Any CPU.Build.0 = Release|Any CPU
		{0E53D597-0103-428E-A0C2-A68CE98CBD08}.Debug|Any CPU.ActiveCfg = Debug|Any CPU
		{0E53D597-0103-428E-A0C2-A68CE98CBD08}.Debug|Any CPU.Build.0 = Debug|Any CPU
		{0E53D597-0103-428E-A0C2-A68CE98CBD08}.Release|Any CPU.ActiveCfg = Release|Any CPU
		{0E53D597-0103-428E-A0C2-A68CE98CBD08}.Release|Any CPU.Build.0 = Release|Any CPU
		{87D1C82C-4A5C-41A4-A699-F77B12C8DF80}.Debug|Any CPU.ActiveCfg = Debug|Any CPU
		{87D1C82C-4A5C-41A4-A699-F77B12C8DF80}.Debug|Any CPU.Build.0 = Debug|Any CPU
		{87D1C82C-4A5C-41A4-A699-F77B12C8DF80}.Release|Any CPU.ActiveCfg = Release|Any CPU
		{87D1C82C-4A5C-41A4-A699-F77B12C8DF80}.Release|Any CPU.Build.0 = Release|Any CPU
		{56DBECC9-1AA2-4BF0-B32A-CF5DA56F285A}.Debug|Any CPU.ActiveCfg = Debug|Any CPU
		{56DBECC9-1AA2-4BF0-B32A-CF5DA56F285A}.Debug|Any CPU.Build.0 = Debug|Any CPU
		{56DBECC9-1AA2-4BF0-B32A-CF5DA56F285A}.Release|Any CPU.ActiveCfg = Release|Any CPU
		{56DBECC9-1AA2-4BF0-B32A-CF5DA56F285A}.Release|Any CPU.Build.0 = Release|Any CPU
		{55CE1A62-2645-4481-914F-1E193885CB9A}.Debug|Any CPU.ActiveCfg = Debug|Any CPU
		{55CE1A62-2645-4481-914F-1E193885CB9A}.Debug|Any CPU.Build.0 = Debug|Any CPU
		{55CE1A62-2645-4481-914F-1E193885CB9A}.Release|Any CPU.ActiveCfg = Release|Any CPU
		{55CE1A62-2645-4481-914F-1E193885CB9A}.Release|Any CPU.Build.0 = Release|Any CPU
		{2CD9D50A-9A82-4F31-BE4F-839E5B516530}.Debug|Any CPU.ActiveCfg = Debug|Any CPU
		{2CD9D50A-9A82-4F31-BE4F-839E5B516530}.Debug|Any CPU.Build.0 = Debug|Any CPU
		{2CD9D50A-9A82-4F31-BE4F-839E5B516530}.Release|Any CPU.ActiveCfg = Release|Any CPU
		{2CD9D50A-9A82-4F31-BE4F-839E5B516530}.Release|Any CPU.Build.0 = Release|Any CPU
		{DECF28D9-F1B4-4F86-8473-B9364B991212}.Debug|Any CPU.ActiveCfg = Debug|Any CPU
		{DECF28D9-F1B4-4F86-8473-B9364B991212}.Debug|Any CPU.Build.0 = Debug|Any CPU
		{DECF28D9-F1B4-4F86-8473-B9364B991212}.Release|Any CPU.ActiveCfg = Release|Any CPU
		{DECF28D9-F1B4-4F86-8473-B9364B991212}.Release|Any CPU.Build.0 = Release|Any CPU
		{A42501A9-7498-46F2-A111-8222383517CB}.Debug|Any CPU.ActiveCfg = Debug|Any CPU
		{A42501A9-7498-46F2-A111-8222383517CB}.Debug|Any CPU.Build.0 = Debug|Any CPU
		{A42501A9-7498-46F2-A111-8222383517CB}.Release|Any CPU.ActiveCfg = Release|Any CPU
		{A42501A9-7498-46F2-A111-8222383517CB}.Release|Any CPU.Build.0 = Release|Any CPU
		{82677475-B00B-4ABE-AA71-C15ECB51C4DF}.Debug|Any CPU.ActiveCfg = Debug|Any CPU
		{82677475-B00B-4ABE-AA71-C15ECB51C4DF}.Debug|Any CPU.Build.0 = Debug|Any CPU
		{82677475-B00B-4ABE-AA71-C15ECB51C4DF}.Release|Any CPU.ActiveCfg = Release|Any CPU
		{82677475-B00B-4ABE-AA71-C15ECB51C4DF}.Release|Any CPU.Build.0 = Release|Any CPU
		{A1757DAD-1FE0-4941-A61F-6C366A626069}.Debug|Any CPU.ActiveCfg = Debug|Any CPU
		{A1757DAD-1FE0-4941-A61F-6C366A626069}.Debug|Any CPU.Build.0 = Debug|Any CPU
		{A1757DAD-1FE0-4941-A61F-6C366A626069}.Release|Any CPU.ActiveCfg = Release|Any CPU
		{A1757DAD-1FE0-4941-A61F-6C366A626069}.Release|Any CPU.Build.0 = Release|Any CPU
		{2078B507-3D12-4CB7-BA12-CC92EAF1F4C1}.Debug|Any CPU.ActiveCfg = Debug|Any CPU
		{2078B507-3D12-4CB7-BA12-CC92EAF1F4C1}.Debug|Any CPU.Build.0 = Debug|Any CPU
		{2078B507-3D12-4CB7-BA12-CC92EAF1F4C1}.Release|Any CPU.ActiveCfg = Release|Any CPU
		{2078B507-3D12-4CB7-BA12-CC92EAF1F4C1}.Release|Any CPU.Build.0 = Release|Any CPU
		{58D89C1D-5565-417C-8EE8-4ED4E7FD3742}.Debug|Any CPU.ActiveCfg = Debug|Any CPU
		{58D89C1D-5565-417C-8EE8-4ED4E7FD3742}.Debug|Any CPU.Build.0 = Debug|Any CPU
		{58D89C1D-5565-417C-8EE8-4ED4E7FD3742}.Release|Any CPU.ActiveCfg = Release|Any CPU
		{58D89C1D-5565-417C-8EE8-4ED4E7FD3742}.Release|Any CPU.Build.0 = Release|Any CPU
		{86377217-3993-4D34-A31A-2FE51BB447FD}.Debug|Any CPU.ActiveCfg = Debug|Any CPU
		{86377217-3993-4D34-A31A-2FE51BB447FD}.Debug|Any CPU.Build.0 = Debug|Any CPU
		{86377217-3993-4D34-A31A-2FE51BB447FD}.Release|Any CPU.ActiveCfg = Release|Any CPU
		{86377217-3993-4D34-A31A-2FE51BB447FD}.Release|Any CPU.Build.0 = Release|Any CPU
		{222B9263-4156-4456-AB4B-AF42FA1208B1}.Debug|Any CPU.ActiveCfg = Debug|Any CPU
		{222B9263-4156-4456-AB4B-AF42FA1208B1}.Debug|Any CPU.Build.0 = Debug|Any CPU
		{222B9263-4156-4456-AB4B-AF42FA1208B1}.Release|Any CPU.ActiveCfg = Release|Any CPU
		{222B9263-4156-4456-AB4B-AF42FA1208B1}.Release|Any CPU.Build.0 = Release|Any CPU
		{B9797E6F-1D0D-4D74-AD2A-17EEF5F588F7}.Debug|Any CPU.ActiveCfg = Debug|Any CPU
		{B9797E6F-1D0D-4D74-AD2A-17EEF5F588F7}.Debug|Any CPU.Build.0 = Debug|Any CPU
		{B9797E6F-1D0D-4D74-AD2A-17EEF5F588F7}.Release|Any CPU.ActiveCfg = Release|Any CPU
		{B9797E6F-1D0D-4D74-AD2A-17EEF5F588F7}.Release|Any CPU.Build.0 = Release|Any CPU
		{FB8E22F8-D077-418C-9B63-8AC868213A91}.Debug|Any CPU.ActiveCfg = Debug|Any CPU
		{FB8E22F8-D077-418C-9B63-8AC868213A91}.Debug|Any CPU.Build.0 = Debug|Any CPU
		{FB8E22F8-D077-418C-9B63-8AC868213A91}.Release|Any CPU.ActiveCfg = Release|Any CPU
		{FB8E22F8-D077-418C-9B63-8AC868213A91}.Release|Any CPU.Build.0 = Release|Any CPU
		{26C0C8A7-D22A-41F5-947D-3BBBB8EF1749}.Debug|Any CPU.ActiveCfg = Debug|Any CPU
		{26C0C8A7-D22A-41F5-947D-3BBBB8EF1749}.Debug|Any CPU.Build.0 = Debug|Any CPU
		{26C0C8A7-D22A-41F5-947D-3BBBB8EF1749}.Release|Any CPU.ActiveCfg = Release|Any CPU
		{26C0C8A7-D22A-41F5-947D-3BBBB8EF1749}.Release|Any CPU.Build.0 = Release|Any CPU
		{6BA953C7-988F-4CD0-9378-A5DF2EC8A97C}.Debug|Any CPU.ActiveCfg = Debug|Any CPU
		{6BA953C7-988F-4CD0-9378-A5DF2EC8A97C}.Debug|Any CPU.Build.0 = Debug|Any CPU
		{6BA953C7-988F-4CD0-9378-A5DF2EC8A97C}.Release|Any CPU.ActiveCfg = Release|Any CPU
		{6BA953C7-988F-4CD0-9378-A5DF2EC8A97C}.Release|Any CPU.Build.0 = Release|Any CPU
		{5A792B74-6BBC-4409-8E2D-6A4E91B1EC79}.Debug|Any CPU.ActiveCfg = Debug|Any CPU
		{5A792B74-6BBC-4409-8E2D-6A4E91B1EC79}.Debug|Any CPU.Build.0 = Debug|Any CPU
		{5A792B74-6BBC-4409-8E2D-6A4E91B1EC79}.Release|Any CPU.ActiveCfg = Release|Any CPU
		{5A792B74-6BBC-4409-8E2D-6A4E91B1EC79}.Release|Any CPU.Build.0 = Release|Any CPU
		{0181C632-6E5F-4452-9BAA-39B3B03F3D2D}.Debug|Any CPU.ActiveCfg = Debug|Any CPU
		{0181C632-6E5F-4452-9BAA-39B3B03F3D2D}.Debug|Any CPU.Build.0 = Debug|Any CPU
		{0181C632-6E5F-4452-9BAA-39B3B03F3D2D}.Release|Any CPU.ActiveCfg = Release|Any CPU
		{0181C632-6E5F-4452-9BAA-39B3B03F3D2D}.Release|Any CPU.Build.0 = Release|Any CPU
		{9F62606B-9A45-4B76-9075-D3074D0067C7}.Debug|Any CPU.ActiveCfg = Debug|Any CPU
		{9F62606B-9A45-4B76-9075-D3074D0067C7}.Debug|Any CPU.Build.0 = Debug|Any CPU
		{9F62606B-9A45-4B76-9075-D3074D0067C7}.Release|Any CPU.ActiveCfg = Release|Any CPU
		{9F62606B-9A45-4B76-9075-D3074D0067C7}.Release|Any CPU.Build.0 = Release|Any CPU
	EndGlobalSection
	GlobalSection(SolutionProperties) = preSolution
		HideSolutionNode = FALSE
	EndGlobalSection
	GlobalSection(ExtensibilityGlobals) = postSolution
		SolutionGuid = {9960D96F-5B44-4F26-862D-4E0F3DF5B5DA}
	EndGlobalSection
EndGlobal
