
Microsoft Visual Studio Solution File, Format Version 12.00
# Visual Studio 15
VisualStudioVersion = 15.0.28010.2036
MinimumVisualStudioVersion = 10.0.40219.1
Project("{FAE04EC0-301F-11D3-BF4B-00C04F79EFBC}") = "study C shatp third stage", "study C shatp third stage\study C shatp third stage.csproj", "{1F96E22B-A7DD-4541-8B7C-2F62155722C5}"
EndProject
Project("{FAE04EC0-301F-11D3-BF4B-00C04F79EFBC}") = "Collections", "Collections\Collections.csproj", "{481D9A40-DBFB-4778-BF22-39AF3447E357}"
EndProject
Project("{FAE04EC0-301F-11D3-BF4B-00C04F79EFBC}") = "ArrayList", "ArrayList\ArrayList.csproj", "{445E9170-3BC3-4FCB-9EBA-B387B9667089}"
EndProject
Project("{FAE04EC0-301F-11D3-BF4B-00C04F79EFBC}") = "InputOutput Task 1", "InputOutput Task 1\InputOutput Task 1.csproj", "{68BD5B07-B735-4431-982D-93C3695672CC}"
EndProject
Project("{FAE04EC0-301F-11D3-BF4B-00C04F79EFBC}") = "InputOutput Task 2", "InputOutput Task 2\InputOutput Task 2.csproj", "{82EE254C-9FA7-4A0E-A1F3-3B6E643AF540}"
EndProject
Project("{FAE04EC0-301F-11D3-BF4B-00C04F79EFBC}") = "InputOutput Task 3", "InputOutput Task 3\InputOutput Task 3.csproj", "{348F91DE-6F5C-41BF-849F-6D67E233D35E}"
EndProject
Project("{FAE04EC0-301F-11D3-BF4B-00C04F79EFBC}") = "InputOutput Task 4", "InputOutput Task 4\InputOutput Task 4.csproj", "{4FDBD9B3-463F-4A8A-A960-BF515BBE33CB}"
EndProject
Project("{FAE04EC0-301F-11D3-BF4B-00C04F79EFBC}") = "InputOutput Task 5", "InputOutput Task 5\InputOutput Task 5.csproj", "{A59D0F9F-12DE-4640-A1C7-55829A3EF5A6}"
EndProject
Project("{FAE04EC0-301F-11D3-BF4B-00C04F79EFBC}") = "InputOutput Task 6", "InputOutput Task 6\InputOutput Task 6.csproj", "{E15C5C54-7B4D-4A73-8426-A193608E0721}"
EndProject
Project("{FAE04EC0-301F-11D3-BF4B-00C04F79EFBC}") = "InputOutput Task 7", "InputOutput Task 7\InputOutput Task 7.csproj", "{D4B4FC2F-5269-4F92-B7AE-BF07613AB616}"
EndProject
Project("{FAE04EC0-301F-11D3-BF4B-00C04F79EFBC}") = "InputOutput Task 8", "InputOutput Task 8\InputOutput Task 8.csproj", "{4C5E45A6-1325-4173-9CA0-BD55B77ECF4A}"
EndProject
Project("{FAE04EC0-301F-11D3-BF4B-00C04F79EFBC}") = "InputOutput Task 9", "InputOutput Task 9\InputOutput Task 9.csproj", "{6028EE8A-27A2-4405-9C10-AC826C76D055}"
EndProject
Project("{FAE04EC0-301F-11D3-BF4B-00C04F79EFBC}") = "InputOutput Task 10", "InputOutput Task 10\InputOutput Task 10.csproj", "{CF083559-6BD7-4B11-8F16-3DA10046984C}"
EndProject
Project("{FAE04EC0-301F-11D3-BF4B-00C04F79EFBC}") = "HomeWork 1", "HomeWork 1\HomeWork 1.csproj", "{7469541E-927B-41BC-8116-CB27B5D5FA7B}"
EndProject
Project("{FAE04EC0-301F-11D3-BF4B-00C04F79EFBC}") = "CreatString", "CreatString\CreatString.csproj", "{16132347-3452-4D36-A302-216602B3C06C}"
EndProject
Project("{FAE04EC0-301F-11D3-BF4B-00C04F79EFBC}") = "String", "String\String.csproj", "{A7961EC8-1483-4F09-84D3-20353346CC21}"
EndProject
Project("{FAE04EC0-301F-11D3-BF4B-00C04F79EFBC}") = "StringBasic", "StringBasic\StringBasic.csproj", "{8511B9D1-DF24-4EDD-95B4-F9582BC15BF5}"
EndProject
Project("{FAE04EC0-301F-11D3-BF4B-00C04F79EFBC}") = "IFormattable", "IFormattable\IFormattable.csproj", "{809BACA1-7086-4AA2-B101-73759795E08D}"
EndProject
Project("{FAE04EC0-301F-11D3-BF4B-00C04F79EFBC}") = "CultureInfo", "CultureInfo\CultureInfo.csproj", "{DC4C7B78-8C1E-454B-B7CE-04C2B02E335A}"
EndProject
Project("{FAE04EC0-301F-11D3-BF4B-00C04F79EFBC}") = "RegionInfo", "RegionInfo\RegionInfo.csproj", "{7B5954E9-65A1-4E4E-A7AF-8922A0844B94}"
EndProject
Project("{FAE04EC0-301F-11D3-BF4B-00C04F79EFBC}") = "StringMoney", "StringMoney\StringMoney.csproj", "{743C0BD4-31F5-4182-945C-73C4726CE150}"
EndProject
Project("{FAE04EC0-301F-11D3-BF4B-00C04F79EFBC}") = "StringBuilder Task 1", "StringBuilder Task 1\StringBuilder Task 1.csproj", "{E5C1120F-0E6E-410A-81F5-E9929AD29E50}"
EndProject
Project("{FAE04EC0-301F-11D3-BF4B-00C04F79EFBC}") = "StringBuilder_PerformanceTest", "StringBuilder_PerformanceTest\StringBuilder_PerformanceTest.csproj", "{239DE5C8-DE20-4244-B2E5-1D516FEC287D}"
EndProject
Project("{FAE04EC0-301F-11D3-BF4B-00C04F79EFBC}") = "RegularExpressions Task 1", "RegularExpressions Task 1\RegularExpressions Task 1.csproj", "{652ED339-DC7E-4897-BCAE-DB4A577B2E49}"
EndProject
Project("{FAE04EC0-301F-11D3-BF4B-00C04F79EFBC}") = "RegularExpressions Task 2", "RegularExpressions Task 2\RegularExpressions Task 2.csproj", "{449AF7F8-DF0D-4468-8B41-D40BABA2913D}"
EndProject
Project("{FAE04EC0-301F-11D3-BF4B-00C04F79EFBC}") = "RegularExpressions Task 3", "RegularExpressions Task 3\RegularExpressions Task 3.csproj", "{FD107E86-07FA-4CBF-9CD4-2C689867BEE0}"
EndProject
Project("{FAE04EC0-301F-11D3-BF4B-00C04F79EFBC}") = "Replace", "Replace\Replace.csproj", "{4E3E512A-252C-4FB7-A6F2-5F4310B9538B}"
EndProject
Project("{FAE04EC0-301F-11D3-BF4B-00C04F79EFBC}") = "HomeWork 2", "HomeWork 2\HomeWork 2.csproj", "{3F78D137-78BF-4D1D-B94A-789F3EEE88AF}"
EndProject
Project("{FAE04EC0-301F-11D3-BF4B-00C04F79EFBC}") = "HomeWork 3", "HomeWork 3\HomeWork 3.csproj", "{B28869E7-98B0-462C-8B6D-2267AF5933CF}"
EndProject
Project("{FAE04EC0-301F-11D3-BF4B-00C04F79EFBC}") = "TypeTest 1", "TypeTest 1\TypeTest 1.csproj", "{D14F89E5-BD9C-4296-AFE5-32549549323A}"
EndProject
Project("{FAE04EC0-301F-11D3-BF4B-00C04F79EFBC}") = "002_TypeTest", "E:\Shevchuk\ITVDN\03 [ITVDN] C# Professional\[ITVDN] C# Professional\006 - Рефлексия\006 - Рефлексия\001 - Class Type\002_TypeTest\002_TypeTest.csproj", "{CD67590D-9ADB-4FC3-BC41-140B97170F41}"
EndProject
Project("{FAE04EC0-301F-11D3-BF4B-00C04F79EFBC}") = "Reflection Task 1", "Reflection Task 1\Reflection Task 1.csproj", "{CF540CB2-74F1-474D-87EC-53533BAB20DF}"
EndProject
Project("{FAE04EC0-301F-11D3-BF4B-00C04F79EFBC}") = "Garbage Collector", "Garbage Collector\Garbage Collector.csproj", "{98E97395-1165-401B-8DA8-58CDF649AAA6}"
EndProject
Global
	GlobalSection(SolutionConfigurationPlatforms) = preSolution
		Debug|Any CPU = Debug|Any CPU
		Release|Any CPU = Release|Any CPU
	EndGlobalSection
	GlobalSection(ProjectConfigurationPlatforms) = postSolution
		{1F96E22B-A7DD-4541-8B7C-2F62155722C5}.Debug|Any CPU.ActiveCfg = Debug|Any CPU
		{1F96E22B-A7DD-4541-8B7C-2F62155722C5}.Debug|Any CPU.Build.0 = Debug|Any CPU
		{1F96E22B-A7DD-4541-8B7C-2F62155722C5}.Release|Any CPU.ActiveCfg = Release|Any CPU
		{1F96E22B-A7DD-4541-8B7C-2F62155722C5}.Release|Any CPU.Build.0 = Release|Any CPU
		{481D9A40-DBFB-4778-BF22-39AF3447E357}.Debug|Any CPU.ActiveCfg = Debug|Any CPU
		{481D9A40-DBFB-4778-BF22-39AF3447E357}.Debug|Any CPU.Build.0 = Debug|Any CPU
		{481D9A40-DBFB-4778-BF22-39AF3447E357}.Release|Any CPU.ActiveCfg = Release|Any CPU
		{481D9A40-DBFB-4778-BF22-39AF3447E357}.Release|Any CPU.Build.0 = Release|Any CPU
		{445E9170-3BC3-4FCB-9EBA-B387B9667089}.Debug|Any CPU.ActiveCfg = Debug|Any CPU
		{445E9170-3BC3-4FCB-9EBA-B387B9667089}.Debug|Any CPU.Build.0 = Debug|Any CPU
		{445E9170-3BC3-4FCB-9EBA-B387B9667089}.Release|Any CPU.ActiveCfg = Release|Any CPU
		{445E9170-3BC3-4FCB-9EBA-B387B9667089}.Release|Any CPU.Build.0 = Release|Any CPU
		{68BD5B07-B735-4431-982D-93C3695672CC}.Debug|Any CPU.ActiveCfg = Debug|Any CPU
		{68BD5B07-B735-4431-982D-93C3695672CC}.Debug|Any CPU.Build.0 = Debug|Any CPU
		{68BD5B07-B735-4431-982D-93C3695672CC}.Release|Any CPU.ActiveCfg = Release|Any CPU
		{68BD5B07-B735-4431-982D-93C3695672CC}.Release|Any CPU.Build.0 = Release|Any CPU
		{82EE254C-9FA7-4A0E-A1F3-3B6E643AF540}.Debug|Any CPU.ActiveCfg = Debug|Any CPU
		{82EE254C-9FA7-4A0E-A1F3-3B6E643AF540}.Debug|Any CPU.Build.0 = Debug|Any CPU
		{82EE254C-9FA7-4A0E-A1F3-3B6E643AF540}.Release|Any CPU.ActiveCfg = Release|Any CPU
		{82EE254C-9FA7-4A0E-A1F3-3B6E643AF540}.Release|Any CPU.Build.0 = Release|Any CPU
		{348F91DE-6F5C-41BF-849F-6D67E233D35E}.Debug|Any CPU.ActiveCfg = Debug|Any CPU
		{348F91DE-6F5C-41BF-849F-6D67E233D35E}.Debug|Any CPU.Build.0 = Debug|Any CPU
		{348F91DE-6F5C-41BF-849F-6D67E233D35E}.Release|Any CPU.ActiveCfg = Release|Any CPU
		{348F91DE-6F5C-41BF-849F-6D67E233D35E}.Release|Any CPU.Build.0 = Release|Any CPU
		{4FDBD9B3-463F-4A8A-A960-BF515BBE33CB}.Debug|Any CPU.ActiveCfg = Debug|Any CPU
		{4FDBD9B3-463F-4A8A-A960-BF515BBE33CB}.Debug|Any CPU.Build.0 = Debug|Any CPU
		{4FDBD9B3-463F-4A8A-A960-BF515BBE33CB}.Release|Any CPU.ActiveCfg = Release|Any CPU
		{4FDBD9B3-463F-4A8A-A960-BF515BBE33CB}.Release|Any CPU.Build.0 = Release|Any CPU
		{A59D0F9F-12DE-4640-A1C7-55829A3EF5A6}.Debug|Any CPU.ActiveCfg = Debug|Any CPU
		{A59D0F9F-12DE-4640-A1C7-55829A3EF5A6}.Debug|Any CPU.Build.0 = Debug|Any CPU
		{A59D0F9F-12DE-4640-A1C7-55829A3EF5A6}.Release|Any CPU.ActiveCfg = Release|Any CPU
		{A59D0F9F-12DE-4640-A1C7-55829A3EF5A6}.Release|Any CPU.Build.0 = Release|Any CPU
		{E15C5C54-7B4D-4A73-8426-A193608E0721}.Debug|Any CPU.ActiveCfg = Debug|Any CPU
		{E15C5C54-7B4D-4A73-8426-A193608E0721}.Debug|Any CPU.Build.0 = Debug|Any CPU
		{E15C5C54-7B4D-4A73-8426-A193608E0721}.Release|Any CPU.ActiveCfg = Release|Any CPU
		{E15C5C54-7B4D-4A73-8426-A193608E0721}.Release|Any CPU.Build.0 = Release|Any CPU
		{D4B4FC2F-5269-4F92-B7AE-BF07613AB616}.Debug|Any CPU.ActiveCfg = Debug|Any CPU
		{D4B4FC2F-5269-4F92-B7AE-BF07613AB616}.Debug|Any CPU.Build.0 = Debug|Any CPU
		{D4B4FC2F-5269-4F92-B7AE-BF07613AB616}.Release|Any CPU.ActiveCfg = Release|Any CPU
		{D4B4FC2F-5269-4F92-B7AE-BF07613AB616}.Release|Any CPU.Build.0 = Release|Any CPU
		{4C5E45A6-1325-4173-9CA0-BD55B77ECF4A}.Debug|Any CPU.ActiveCfg = Debug|Any CPU
		{4C5E45A6-1325-4173-9CA0-BD55B77ECF4A}.Debug|Any CPU.Build.0 = Debug|Any CPU
		{4C5E45A6-1325-4173-9CA0-BD55B77ECF4A}.Release|Any CPU.ActiveCfg = Release|Any CPU
		{4C5E45A6-1325-4173-9CA0-BD55B77ECF4A}.Release|Any CPU.Build.0 = Release|Any CPU
		{6028EE8A-27A2-4405-9C10-AC826C76D055}.Debug|Any CPU.ActiveCfg = Debug|Any CPU
		{6028EE8A-27A2-4405-9C10-AC826C76D055}.Debug|Any CPU.Build.0 = Debug|Any CPU
		{6028EE8A-27A2-4405-9C10-AC826C76D055}.Release|Any CPU.ActiveCfg = Release|Any CPU
		{6028EE8A-27A2-4405-9C10-AC826C76D055}.Release|Any CPU.Build.0 = Release|Any CPU
		{CF083559-6BD7-4B11-8F16-3DA10046984C}.Debug|Any CPU.ActiveCfg = Debug|Any CPU
		{CF083559-6BD7-4B11-8F16-3DA10046984C}.Debug|Any CPU.Build.0 = Debug|Any CPU
		{CF083559-6BD7-4B11-8F16-3DA10046984C}.Release|Any CPU.ActiveCfg = Release|Any CPU
		{CF083559-6BD7-4B11-8F16-3DA10046984C}.Release|Any CPU.Build.0 = Release|Any CPU
		{7469541E-927B-41BC-8116-CB27B5D5FA7B}.Debug|Any CPU.ActiveCfg = Debug|Any CPU
		{7469541E-927B-41BC-8116-CB27B5D5FA7B}.Debug|Any CPU.Build.0 = Debug|Any CPU
		{7469541E-927B-41BC-8116-CB27B5D5FA7B}.Release|Any CPU.ActiveCfg = Release|Any CPU
		{7469541E-927B-41BC-8116-CB27B5D5FA7B}.Release|Any CPU.Build.0 = Release|Any CPU
		{16132347-3452-4D36-A302-216602B3C06C}.Debug|Any CPU.ActiveCfg = Debug|Any CPU
		{16132347-3452-4D36-A302-216602B3C06C}.Debug|Any CPU.Build.0 = Debug|Any CPU
		{16132347-3452-4D36-A302-216602B3C06C}.Release|Any CPU.ActiveCfg = Release|Any CPU
		{16132347-3452-4D36-A302-216602B3C06C}.Release|Any CPU.Build.0 = Release|Any CPU
		{A7961EC8-1483-4F09-84D3-20353346CC21}.Debug|Any CPU.ActiveCfg = Debug|Any CPU
		{A7961EC8-1483-4F09-84D3-20353346CC21}.Debug|Any CPU.Build.0 = Debug|Any CPU
		{A7961EC8-1483-4F09-84D3-20353346CC21}.Release|Any CPU.ActiveCfg = Release|Any CPU
		{A7961EC8-1483-4F09-84D3-20353346CC21}.Release|Any CPU.Build.0 = Release|Any CPU
		{8511B9D1-DF24-4EDD-95B4-F9582BC15BF5}.Debug|Any CPU.ActiveCfg = Debug|Any CPU
		{8511B9D1-DF24-4EDD-95B4-F9582BC15BF5}.Debug|Any CPU.Build.0 = Debug|Any CPU
		{8511B9D1-DF24-4EDD-95B4-F9582BC15BF5}.Release|Any CPU.ActiveCfg = Release|Any CPU
		{8511B9D1-DF24-4EDD-95B4-F9582BC15BF5}.Release|Any CPU.Build.0 = Release|Any CPU
		{809BACA1-7086-4AA2-B101-73759795E08D}.Debug|Any CPU.ActiveCfg = Debug|Any CPU
		{809BACA1-7086-4AA2-B101-73759795E08D}.Debug|Any CPU.Build.0 = Debug|Any CPU
		{809BACA1-7086-4AA2-B101-73759795E08D}.Release|Any CPU.ActiveCfg = Release|Any CPU
		{809BACA1-7086-4AA2-B101-73759795E08D}.Release|Any CPU.Build.0 = Release|Any CPU
		{DC4C7B78-8C1E-454B-B7CE-04C2B02E335A}.Debug|Any CPU.ActiveCfg = Debug|Any CPU
		{DC4C7B78-8C1E-454B-B7CE-04C2B02E335A}.Debug|Any CPU.Build.0 = Debug|Any CPU
		{DC4C7B78-8C1E-454B-B7CE-04C2B02E335A}.Release|Any CPU.ActiveCfg = Release|Any CPU
		{DC4C7B78-8C1E-454B-B7CE-04C2B02E335A}.Release|Any CPU.Build.0 = Release|Any CPU
		{7B5954E9-65A1-4E4E-A7AF-8922A0844B94}.Debug|Any CPU.ActiveCfg = Debug|Any CPU
		{7B5954E9-65A1-4E4E-A7AF-8922A0844B94}.Debug|Any CPU.Build.0 = Debug|Any CPU
		{7B5954E9-65A1-4E4E-A7AF-8922A0844B94}.Release|Any CPU.ActiveCfg = Release|Any CPU
		{7B5954E9-65A1-4E4E-A7AF-8922A0844B94}.Release|Any CPU.Build.0 = Release|Any CPU
		{743C0BD4-31F5-4182-945C-73C4726CE150}.Debug|Any CPU.ActiveCfg = Debug|Any CPU
		{743C0BD4-31F5-4182-945C-73C4726CE150}.Debug|Any CPU.Build.0 = Debug|Any CPU
		{743C0BD4-31F5-4182-945C-73C4726CE150}.Release|Any CPU.ActiveCfg = Release|Any CPU
		{743C0BD4-31F5-4182-945C-73C4726CE150}.Release|Any CPU.Build.0 = Release|Any CPU
		{E5C1120F-0E6E-410A-81F5-E9929AD29E50}.Debug|Any CPU.ActiveCfg = Debug|Any CPU
		{E5C1120F-0E6E-410A-81F5-E9929AD29E50}.Debug|Any CPU.Build.0 = Debug|Any CPU
		{E5C1120F-0E6E-410A-81F5-E9929AD29E50}.Release|Any CPU.ActiveCfg = Release|Any CPU
		{E5C1120F-0E6E-410A-81F5-E9929AD29E50}.Release|Any CPU.Build.0 = Release|Any CPU
		{239DE5C8-DE20-4244-B2E5-1D516FEC287D}.Debug|Any CPU.ActiveCfg = Debug|Any CPU
		{239DE5C8-DE20-4244-B2E5-1D516FEC287D}.Debug|Any CPU.Build.0 = Debug|Any CPU
		{239DE5C8-DE20-4244-B2E5-1D516FEC287D}.Release|Any CPU.ActiveCfg = Release|Any CPU
		{239DE5C8-DE20-4244-B2E5-1D516FEC287D}.Release|Any CPU.Build.0 = Release|Any CPU
		{652ED339-DC7E-4897-BCAE-DB4A577B2E49}.Debug|Any CPU.ActiveCfg = Debug|Any CPU
		{652ED339-DC7E-4897-BCAE-DB4A577B2E49}.Debug|Any CPU.Build.0 = Debug|Any CPU
		{652ED339-DC7E-4897-BCAE-DB4A577B2E49}.Release|Any CPU.ActiveCfg = Release|Any CPU
		{652ED339-DC7E-4897-BCAE-DB4A577B2E49}.Release|Any CPU.Build.0 = Release|Any CPU
		{449AF7F8-DF0D-4468-8B41-D40BABA2913D}.Debug|Any CPU.ActiveCfg = Debug|Any CPU
		{449AF7F8-DF0D-4468-8B41-D40BABA2913D}.Debug|Any CPU.Build.0 = Debug|Any CPU
		{449AF7F8-DF0D-4468-8B41-D40BABA2913D}.Release|Any CPU.ActiveCfg = Release|Any CPU
		{449AF7F8-DF0D-4468-8B41-D40BABA2913D}.Release|Any CPU.Build.0 = Release|Any CPU
		{FD107E86-07FA-4CBF-9CD4-2C689867BEE0}.Debug|Any CPU.ActiveCfg = Debug|Any CPU
		{FD107E86-07FA-4CBF-9CD4-2C689867BEE0}.Debug|Any CPU.Build.0 = Debug|Any CPU
		{FD107E86-07FA-4CBF-9CD4-2C689867BEE0}.Release|Any CPU.ActiveCfg = Release|Any CPU
		{FD107E86-07FA-4CBF-9CD4-2C689867BEE0}.Release|Any CPU.Build.0 = Release|Any CPU
		{4E3E512A-252C-4FB7-A6F2-5F4310B9538B}.Debug|Any CPU.ActiveCfg = Debug|Any CPU
		{4E3E512A-252C-4FB7-A6F2-5F4310B9538B}.Debug|Any CPU.Build.0 = Debug|Any CPU
		{4E3E512A-252C-4FB7-A6F2-5F4310B9538B}.Release|Any CPU.ActiveCfg = Release|Any CPU
		{4E3E512A-252C-4FB7-A6F2-5F4310B9538B}.Release|Any CPU.Build.0 = Release|Any CPU
		{3F78D137-78BF-4D1D-B94A-789F3EEE88AF}.Debug|Any CPU.ActiveCfg = Debug|Any CPU
		{3F78D137-78BF-4D1D-B94A-789F3EEE88AF}.Debug|Any CPU.Build.0 = Debug|Any CPU
		{3F78D137-78BF-4D1D-B94A-789F3EEE88AF}.Release|Any CPU.ActiveCfg = Release|Any CPU
		{3F78D137-78BF-4D1D-B94A-789F3EEE88AF}.Release|Any CPU.Build.0 = Release|Any CPU
		{B28869E7-98B0-462C-8B6D-2267AF5933CF}.Debug|Any CPU.ActiveCfg = Debug|Any CPU
		{B28869E7-98B0-462C-8B6D-2267AF5933CF}.Debug|Any CPU.Build.0 = Debug|Any CPU
		{B28869E7-98B0-462C-8B6D-2267AF5933CF}.Release|Any CPU.ActiveCfg = Release|Any CPU
		{B28869E7-98B0-462C-8B6D-2267AF5933CF}.Release|Any CPU.Build.0 = Release|Any CPU
		{D14F89E5-BD9C-4296-AFE5-32549549323A}.Debug|Any CPU.ActiveCfg = Debug|Any CPU
		{D14F89E5-BD9C-4296-AFE5-32549549323A}.Debug|Any CPU.Build.0 = Debug|Any CPU
		{D14F89E5-BD9C-4296-AFE5-32549549323A}.Release|Any CPU.ActiveCfg = Release|Any CPU
		{D14F89E5-BD9C-4296-AFE5-32549549323A}.Release|Any CPU.Build.0 = Release|Any CPU
		{CD67590D-9ADB-4FC3-BC41-140B97170F41}.Debug|Any CPU.ActiveCfg = Debug|Any CPU
		{CD67590D-9ADB-4FC3-BC41-140B97170F41}.Debug|Any CPU.Build.0 = Debug|Any CPU
		{CD67590D-9ADB-4FC3-BC41-140B97170F41}.Release|Any CPU.ActiveCfg = Release|Any CPU
		{CD67590D-9ADB-4FC3-BC41-140B97170F41}.Release|Any CPU.Build.0 = Release|Any CPU
		{CF540CB2-74F1-474D-87EC-53533BAB20DF}.Debug|Any CPU.ActiveCfg = Debug|Any CPU
		{CF540CB2-74F1-474D-87EC-53533BAB20DF}.Debug|Any CPU.Build.0 = Debug|Any CPU
		{CF540CB2-74F1-474D-87EC-53533BAB20DF}.Release|Any CPU.ActiveCfg = Release|Any CPU
		{CF540CB2-74F1-474D-87EC-53533BAB20DF}.Release|Any CPU.Build.0 = Release|Any CPU
		{98E97395-1165-401B-8DA8-58CDF649AAA6}.Debug|Any CPU.ActiveCfg = Debug|Any CPU
		{98E97395-1165-401B-8DA8-58CDF649AAA6}.Debug|Any CPU.Build.0 = Debug|Any CPU
		{98E97395-1165-401B-8DA8-58CDF649AAA6}.Release|Any CPU.ActiveCfg = Release|Any CPU
		{98E97395-1165-401B-8DA8-58CDF649AAA6}.Release|Any CPU.Build.0 = Release|Any CPU
	EndGlobalSection
	GlobalSection(SolutionProperties) = preSolution
		HideSolutionNode = FALSE
	EndGlobalSection
	GlobalSection(ExtensibilityGlobals) = postSolution
		SolutionGuid = {9960D96F-5B44-4F26-862D-4E0F3DF5B5DA}
	EndGlobalSection
EndGlobal
