
Microsoft Visual Studio Solution File, Format Version 12.00
# Visual Studio 15
VisualStudioVersion = 15.0.28010.2026
MinimumVisualStudioVersion = 10.0.40219.1
Project("{FAE04EC0-301F-11D3-BF4B-00C04F79EFBC}") = "Task 8", "Task 8\Task 8.csproj", "{681DE0AD-F764-45DF-9D59-B7462DCA10DF}"
EndProject
Project("{FAE04EC0-301F-11D3-BF4B-00C04F79EFBC}") = "Task 9", "Task 9\Task 9.csproj", "{CA5B420E-EA6D-4ED4-B667-AD47E703E380}"
EndProject
Project("{FAE04EC0-301F-11D3-BF4B-00C04F79EFBC}") = "Task 10", "Task 10\Task 10.csproj", "{804E38F5-E61A-47F7-8A15-132D58B98818}"
EndProject
Global
	GlobalSection(SolutionConfigurationPlatforms) = preSolution
		Debug|Any CPU = Debug|Any CPU
		Release|Any CPU = Release|Any CPU
	EndGlobalSection
	GlobalSection(ProjectConfigurationPlatforms) = postSolution
		{681DE0AD-F764-45DF-9D59-B7462DCA10DF}.Debug|Any CPU.ActiveCfg = Debug|Any CPU
		{681DE0AD-F764-45DF-9D59-B7462DCA10DF}.Debug|Any CPU.Build.0 = Debug|Any CPU
		{681DE0AD-F764-45DF-9D59-B7462DCA10DF}.Release|Any CPU.ActiveCfg = Release|Any CPU
		{681DE0AD-F764-45DF-9D59-B7462DCA10DF}.Release|Any CPU.Build.0 = Release|Any CPU
		{CA5B420E-EA6D-4ED4-B667-AD47E703E380}.Debug|Any CPU.ActiveCfg = Debug|Any CPU
		{CA5B420E-EA6D-4ED4-B667-AD47E703E380}.Debug|Any CPU.Build.0 = Debug|Any CPU
		{CA5B420E-EA6D-4ED4-B667-AD47E703E380}.Release|Any CPU.ActiveCfg = Release|Any CPU
		{CA5B420E-EA6D-4ED4-B667-AD47E703E380}.Release|Any CPU.Build.0 = Release|Any CPU
		{804E38F5-E61A-47F7-8A15-132D58B98818}.Debug|Any CPU.ActiveCfg = Debug|Any CPU
		{804E38F5-E61A-47F7-8A15-132D58B98818}.Debug|Any CPU.Build.0 = Debug|Any CPU
		{804E38F5-E61A-47F7-8A15-132D58B98818}.Release|Any CPU.ActiveCfg = Release|Any CPU
		{804E38F5-E61A-47F7-8A15-132D58B98818}.Release|Any CPU.Build.0 = Release|Any CPU
	EndGlobalSection
	GlobalSection(SolutionProperties) = preSolution
		HideSolutionNode = FALSE
	EndGlobalSection
	GlobalSection(ExtensibilityGlobals) = postSolution
		SolutionGuid = {695B3479-B367-409C-AEE0-CBAB6848F851}
	EndGlobalSection
EndGlobal
